
Microsoft Visual Studio Solution File, Format Version 12.00
# Visual Studio 15
VisualStudioVersion = 15.0.27130.2024
MinimumVisualStudioVersion = 10.0.40219.1
Project("{FAE04EC0-301F-11D3-BF4B-00C04F79EFBC}") = "SampleBrowser.SfRotator.Android", "Rotator.Android\SampleBrowser.SfRotator.Android.csproj", "{4803D42C-E294-4FAB-848E-ABFD8684D8E1}"
EndProject
Project("{FAE04EC0-301F-11D3-BF4B-00C04F79EFBC}") = "SampleBrowser.SfRotator.iOS", "Rotator.iOS\SampleBrowser.SfRotator.iOS.csproj", "{419F0A0C-755D-4DAE-A8BB-67F4EDDF27A2}"
EndProject
Project("{FAE04EC0-301F-11D3-BF4B-00C04F79EFBC}") = "SampleBrowser.SfRotator.UWP", "Rotator.UWP\SampleBrowser.SfRotator.UWP.csproj", "{10B66397-37BE-45FE-A94E-E991CF7E7D15}"
EndProject
Project("{9A19103F-16F7-4668-BE54-9A1E7A4F7556}") = "SampleBrowser.SfRotator", "Rotator\SampleBrowser.SfRotator.csproj", "{A5056C16-897E-4454-A135-C5127C94C375}"
EndProject
Global
	GlobalSection(SolutionConfigurationPlatforms) = preSolution
		Ad-Hoc|Any CPU = Ad-Hoc|Any CPU
		Ad-Hoc|ARM = Ad-Hoc|ARM
		Ad-Hoc|iPhone = Ad-Hoc|iPhone
		Ad-Hoc|iPhoneSimulator = Ad-Hoc|iPhoneSimulator
		Ad-Hoc|x64 = Ad-Hoc|x64
		Ad-Hoc|x86 = Ad-Hoc|x86
		AppStore|Any CPU = AppStore|Any CPU
		AppStore|ARM = AppStore|ARM
		AppStore|iPhone = AppStore|iPhone
		AppStore|iPhoneSimulator = AppStore|iPhoneSimulator
		AppStore|x64 = AppStore|x64
		AppStore|x86 = AppStore|x86
		Debug|Any CPU = Debug|Any CPU
		Debug|ARM = Debug|ARM
		Debug|iPhone = Debug|iPhone
		Debug|iPhoneSimulator = Debug|iPhoneSimulator
		Debug|x64 = Debug|x64
		Debug|x86 = Debug|x86
		Release|Any CPU = Release|Any CPU
		Release|ARM = Release|ARM
		Release|iPhone = Release|iPhone
		Release|iPhoneSimulator = Release|iPhoneSimulator
		Release|x64 = Release|x64
		Release|x86 = Release|x86
		Release-xml|Any CPU = Release-xml|Any CPU
		Release-xml|ARM = Release-xml|ARM
		Release-xml|iPhone = Release-xml|iPhone
		Release-xml|iPhoneSimulator = Release-xml|iPhoneSimulator
		Release-xml|x64 = Release-xml|x64
		Release-xml|x86 = Release-xml|x86
	EndGlobalSection
	GlobalSection(ProjectConfigurationPlatforms) = postSolution
		{4803D42C-E294-4FAB-848E-ABFD8684D8E1}.Ad-Hoc|Any CPU.ActiveCfg = Release|Any CPU
		{4803D42C-E294-4FAB-848E-ABFD8684D8E1}.Ad-Hoc|Any CPU.Build.0 = Release|Any CPU
		{4803D42C-E294-4FAB-848E-ABFD8684D8E1}.Ad-Hoc|Any CPU.Deploy.0 = Release|Any CPU
		{4803D42C-E294-4FAB-848E-ABFD8684D8E1}.Ad-Hoc|ARM.ActiveCfg = Release|Any CPU
		{4803D42C-E294-4FAB-848E-ABFD8684D8E1}.Ad-Hoc|ARM.Build.0 = Release|Any CPU
		{4803D42C-E294-4FAB-848E-ABFD8684D8E1}.Ad-Hoc|ARM.Deploy.0 = Release|Any CPU
		{4803D42C-E294-4FAB-848E-ABFD8684D8E1}.Ad-Hoc|iPhone.ActiveCfg = Release|Any CPU
		{4803D42C-E294-4FAB-848E-ABFD8684D8E1}.Ad-Hoc|iPhone.Build.0 = Release|Any CPU
		{4803D42C-E294-4FAB-848E-ABFD8684D8E1}.Ad-Hoc|iPhone.Deploy.0 = Release|Any CPU
		{4803D42C-E294-4FAB-848E-ABFD8684D8E1}.Ad-Hoc|iPhoneSimulator.ActiveCfg = Release|Any CPU
		{4803D42C-E294-4FAB-848E-ABFD8684D8E1}.Ad-Hoc|iPhoneSimulator.Build.0 = Release|Any CPU
		{4803D42C-E294-4FAB-848E-ABFD8684D8E1}.Ad-Hoc|iPhoneSimulator.Deploy.0 = Release|Any CPU
		{4803D42C-E294-4FAB-848E-ABFD8684D8E1}.Ad-Hoc|x64.ActiveCfg = Release|Any CPU
		{4803D42C-E294-4FAB-848E-ABFD8684D8E1}.Ad-Hoc|x64.Build.0 = Release|Any CPU
		{4803D42C-E294-4FAB-848E-ABFD8684D8E1}.Ad-Hoc|x64.Deploy.0 = Release|Any CPU
		{4803D42C-E294-4FAB-848E-ABFD8684D8E1}.Ad-Hoc|x86.ActiveCfg = Release|Any CPU
		{4803D42C-E294-4FAB-848E-ABFD8684D8E1}.Ad-Hoc|x86.Build.0 = Release|Any CPU
		{4803D42C-E294-4FAB-848E-ABFD8684D8E1}.Ad-Hoc|x86.Deploy.0 = Release|Any CPU
		{4803D42C-E294-4FAB-848E-ABFD8684D8E1}.AppStore|Any CPU.ActiveCfg = Release|Any CPU
		{4803D42C-E294-4FAB-848E-ABFD8684D8E1}.AppStore|Any CPU.Build.0 = Release|Any CPU
		{4803D42C-E294-4FAB-848E-ABFD8684D8E1}.AppStore|Any CPU.Deploy.0 = Release|Any CPU
		{4803D42C-E294-4FAB-848E-ABFD8684D8E1}.AppStore|ARM.ActiveCfg = Release|Any CPU
		{4803D42C-E294-4FAB-848E-ABFD8684D8E1}.AppStore|ARM.Build.0 = Release|Any CPU
		{4803D42C-E294-4FAB-848E-ABFD8684D8E1}.AppStore|ARM.Deploy.0 = Release|Any CPU
		{4803D42C-E294-4FAB-848E-ABFD8684D8E1}.AppStore|iPhone.ActiveCfg = Release|Any CPU
		{4803D42C-E294-4FAB-848E-ABFD8684D8E1}.AppStore|iPhone.Build.0 = Release|Any CPU
		{4803D42C-E294-4FAB-848E-ABFD8684D8E1}.AppStore|iPhone.Deploy.0 = Release|Any CPU
		{4803D42C-E294-4FAB-848E-ABFD8684D8E1}.AppStore|iPhoneSimulator.ActiveCfg = Release|Any CPU
		{4803D42C-E294-4FAB-848E-ABFD8684D8E1}.AppStore|iPhoneSimulator.Build.0 = Release|Any CPU
		{4803D42C-E294-4FAB-848E-ABFD8684D8E1}.AppStore|iPhoneSimulator.Deploy.0 = Release|Any CPU
		{4803D42C-E294-4FAB-848E-ABFD8684D8E1}.AppStore|x64.ActiveCfg = Release|Any CPU
		{4803D42C-E294-4FAB-848E-ABFD8684D8E1}.AppStore|x64.Build.0 = Release|Any CPU
		{4803D42C-E294-4FAB-848E-ABFD8684D8E1}.AppStore|x64.Deploy.0 = Release|Any CPU
		{4803D42C-E294-4FAB-848E-ABFD8684D8E1}.AppStore|x86.ActiveCfg = Release|Any CPU
		{4803D42C-E294-4FAB-848E-ABFD8684D8E1}.AppStore|x86.Build.0 = Release|Any CPU
		{4803D42C-E294-4FAB-848E-ABFD8684D8E1}.AppStore|x86.Deploy.0 = Release|Any CPU
		{4803D42C-E294-4FAB-848E-ABFD8684D8E1}.Debug|Any CPU.ActiveCfg = Debug|Any CPU
		{4803D42C-E294-4FAB-848E-ABFD8684D8E1}.Debug|Any CPU.Build.0 = Debug|Any CPU
		{4803D42C-E294-4FAB-848E-ABFD8684D8E1}.Debug|Any CPU.Deploy.0 = Debug|Any CPU
		{4803D42C-E294-4FAB-848E-ABFD8684D8E1}.Debug|ARM.ActiveCfg = Debug|Any CPU
		{4803D42C-E294-4FAB-848E-ABFD8684D8E1}.Debug|ARM.Build.0 = Debug|Any CPU
		{4803D42C-E294-4FAB-848E-ABFD8684D8E1}.Debug|ARM.Deploy.0 = Debug|Any CPU
		{4803D42C-E294-4FAB-848E-ABFD8684D8E1}.Debug|iPhone.ActiveCfg = Debug|Any CPU
		{4803D42C-E294-4FAB-848E-ABFD8684D8E1}.Debug|iPhone.Build.0 = Debug|Any CPU
		{4803D42C-E294-4FAB-848E-ABFD8684D8E1}.Debug|iPhone.Deploy.0 = Debug|Any CPU
		{4803D42C-E294-4FAB-848E-ABFD8684D8E1}.Debug|iPhoneSimulator.ActiveCfg = Debug|Any CPU
		{4803D42C-E294-4FAB-848E-ABFD8684D8E1}.Debug|iPhoneSimulator.Build.0 = Debug|Any CPU
		{4803D42C-E294-4FAB-848E-ABFD8684D8E1}.Debug|iPhoneSimulator.Deploy.0 = Debug|Any CPU
		{4803D42C-E294-4FAB-848E-ABFD8684D8E1}.Debug|x64.ActiveCfg = Debug|Any CPU
		{4803D42C-E294-4FAB-848E-ABFD8684D8E1}.Debug|x64.Build.0 = Debug|Any CPU
		{4803D42C-E294-4FAB-848E-ABFD8684D8E1}.Debug|x64.Deploy.0 = Debug|Any CPU
		{4803D42C-E294-4FAB-848E-ABFD8684D8E1}.Debug|x86.ActiveCfg = Debug|Any CPU
		{4803D42C-E294-4FAB-848E-ABFD8684D8E1}.Debug|x86.Build.0 = Debug|Any CPU
		{4803D42C-E294-4FAB-848E-ABFD8684D8E1}.Debug|x86.Deploy.0 = Debug|Any CPU
		{4803D42C-E294-4FAB-848E-ABFD8684D8E1}.Release|Any CPU.ActiveCfg = Release|Any CPU
		{4803D42C-E294-4FAB-848E-ABFD8684D8E1}.Release|Any CPU.Build.0 = Release|Any CPU
		{4803D42C-E294-4FAB-848E-ABFD8684D8E1}.Release|Any CPU.Deploy.0 = Release|Any CPU
		{4803D42C-E294-4FAB-848E-ABFD8684D8E1}.Release|ARM.ActiveCfg = Release|Any CPU
		{4803D42C-E294-4FAB-848E-ABFD8684D8E1}.Release|ARM.Build.0 = Release|Any CPU
		{4803D42C-E294-4FAB-848E-ABFD8684D8E1}.Release|ARM.Deploy.0 = Release|Any CPU
		{4803D42C-E294-4FAB-848E-ABFD8684D8E1}.Release|iPhone.ActiveCfg = Release|Any CPU
		{4803D42C-E294-4FAB-848E-ABFD8684D8E1}.Release|iPhone.Build.0 = Release|Any CPU
		{4803D42C-E294-4FAB-848E-ABFD8684D8E1}.Release|iPhone.Deploy.0 = Release|Any CPU
		{4803D42C-E294-4FAB-848E-ABFD8684D8E1}.Release|iPhoneSimulator.ActiveCfg = Release|Any CPU
		{4803D42C-E294-4FAB-848E-ABFD8684D8E1}.Release|iPhoneSimulator.Build.0 = Release|Any CPU
		{4803D42C-E294-4FAB-848E-ABFD8684D8E1}.Release|iPhoneSimulator.Deploy.0 = Release|Any CPU
		{4803D42C-E294-4FAB-848E-ABFD8684D8E1}.Release|x64.ActiveCfg = Release|Any CPU
		{4803D42C-E294-4FAB-848E-ABFD8684D8E1}.Release|x64.Build.0 = Release|Any CPU
		{4803D42C-E294-4FAB-848E-ABFD8684D8E1}.Release|x64.Deploy.0 = Release|Any CPU
		{4803D42C-E294-4FAB-848E-ABFD8684D8E1}.Release|x86.ActiveCfg = Release|Any CPU
		{4803D42C-E294-4FAB-848E-ABFD8684D8E1}.Release|x86.Build.0 = Release|Any CPU
		{4803D42C-E294-4FAB-848E-ABFD8684D8E1}.Release|x86.Deploy.0 = Release|Any CPU
		{4803D42C-E294-4FAB-848E-ABFD8684D8E1}.Release-xml|Any CPU.ActiveCfg = Release-xml|Any CPU
		{4803D42C-E294-4FAB-848E-ABFD8684D8E1}.Release-xml|Any CPU.Build.0 = Release-xml|Any CPU
		{4803D42C-E294-4FAB-848E-ABFD8684D8E1}.Release-xml|Any CPU.Deploy.0 = Release-xml|Any CPU
		{4803D42C-E294-4FAB-848E-ABFD8684D8E1}.Release-xml|ARM.ActiveCfg = Release-xml|Any CPU
		{4803D42C-E294-4FAB-848E-ABFD8684D8E1}.Release-xml|ARM.Build.0 = Release-xml|Any CPU
		{4803D42C-E294-4FAB-848E-ABFD8684D8E1}.Release-xml|ARM.Deploy.0 = Release-xml|Any CPU
		{4803D42C-E294-4FAB-848E-ABFD8684D8E1}.Release-xml|iPhone.ActiveCfg = Release-xml|Any CPU
		{4803D42C-E294-4FAB-848E-ABFD8684D8E1}.Release-xml|iPhone.Build.0 = Release-xml|Any CPU
		{4803D42C-E294-4FAB-848E-ABFD8684D8E1}.Release-xml|iPhone.Deploy.0 = Release-xml|Any CPU
		{4803D42C-E294-4FAB-848E-ABFD8684D8E1}.Release-xml|iPhoneSimulator.ActiveCfg = Release-xml|Any CPU
		{4803D42C-E294-4FAB-848E-ABFD8684D8E1}.Release-xml|iPhoneSimulator.Build.0 = Release-xml|Any CPU
		{4803D42C-E294-4FAB-848E-ABFD8684D8E1}.Release-xml|iPhoneSimulator.Deploy.0 = Release-xml|Any CPU
		{4803D42C-E294-4FAB-848E-ABFD8684D8E1}.Release-xml|x64.ActiveCfg = Release-xml|Any CPU
		{4803D42C-E294-4FAB-848E-ABFD8684D8E1}.Release-xml|x64.Build.0 = Release-xml|Any CPU
		{4803D42C-E294-4FAB-848E-ABFD8684D8E1}.Release-xml|x64.Deploy.0 = Release-xml|Any CPU
		{4803D42C-E294-4FAB-848E-ABFD8684D8E1}.Release-xml|x86.ActiveCfg = Release-xml|Any CPU
		{4803D42C-E294-4FAB-848E-ABFD8684D8E1}.Release-xml|x86.Build.0 = Release-xml|Any CPU
		{4803D42C-E294-4FAB-848E-ABFD8684D8E1}.Release-xml|x86.Deploy.0 = Release-xml|Any CPU
		{419F0A0C-755D-4DAE-A8BB-67F4EDDF27A2}.Ad-Hoc|Any CPU.ActiveCfg = Ad-Hoc|iPhone
		{419F0A0C-755D-4DAE-A8BB-67F4EDDF27A2}.Ad-Hoc|ARM.ActiveCfg = Ad-Hoc|iPhone
		{419F0A0C-755D-4DAE-A8BB-67F4EDDF27A2}.Ad-Hoc|iPhone.ActiveCfg = Ad-Hoc|iPhone
		{419F0A0C-755D-4DAE-A8BB-67F4EDDF27A2}.Ad-Hoc|iPhone.Build.0 = Ad-Hoc|iPhone
		{419F0A0C-755D-4DAE-A8BB-67F4EDDF27A2}.Ad-Hoc|iPhoneSimulator.ActiveCfg = Ad-Hoc|iPhoneSimulator
		{419F0A0C-755D-4DAE-A8BB-67F4EDDF27A2}.Ad-Hoc|iPhoneSimulator.Build.0 = Ad-Hoc|iPhoneSimulator
		{419F0A0C-755D-4DAE-A8BB-67F4EDDF27A2}.Ad-Hoc|x64.ActiveCfg = Ad-Hoc|iPhone
		{419F0A0C-755D-4DAE-A8BB-67F4EDDF27A2}.Ad-Hoc|x86.ActiveCfg = Ad-Hoc|iPhone
		{419F0A0C-755D-4DAE-A8BB-67F4EDDF27A2}.AppStore|Any CPU.ActiveCfg = AppStore|iPhone
		{419F0A0C-755D-4DAE-A8BB-67F4EDDF27A2}.AppStore|ARM.ActiveCfg = AppStore|iPhone
		{419F0A0C-755D-4DAE-A8BB-67F4EDDF27A2}.AppStore|iPhone.ActiveCfg = AppStore|iPhone
		{419F0A0C-755D-4DAE-A8BB-67F4EDDF27A2}.AppStore|iPhone.Build.0 = AppStore|iPhone
		{419F0A0C-755D-4DAE-A8BB-67F4EDDF27A2}.AppStore|iPhoneSimulator.ActiveCfg = AppStore|iPhoneSimulator
		{419F0A0C-755D-4DAE-A8BB-67F4EDDF27A2}.AppStore|iPhoneSimulator.Build.0 = AppStore|iPhoneSimulator
		{419F0A0C-755D-4DAE-A8BB-67F4EDDF27A2}.AppStore|x64.ActiveCfg = AppStore|iPhone
		{419F0A0C-755D-4DAE-A8BB-67F4EDDF27A2}.AppStore|x86.ActiveCfg = AppStore|iPhone
		{419F0A0C-755D-4DAE-A8BB-67F4EDDF27A2}.Debug|Any CPU.ActiveCfg = Debug|iPhone
		{419F0A0C-755D-4DAE-A8BB-67F4EDDF27A2}.Debug|Any CPU.Build.0 = Debug|iPhone
		{419F0A0C-755D-4DAE-A8BB-67F4EDDF27A2}.Debug|ARM.ActiveCfg = Debug|iPhone
		{419F0A0C-755D-4DAE-A8BB-67F4EDDF27A2}.Debug|iPhone.ActiveCfg = Debug|iPhone
		{419F0A0C-755D-4DAE-A8BB-67F4EDDF27A2}.Debug|iPhone.Build.0 = Debug|iPhone
		{419F0A0C-755D-4DAE-A8BB-67F4EDDF27A2}.Debug|iPhoneSimulator.ActiveCfg = Debug|iPhoneSimulator
		{419F0A0C-755D-4DAE-A8BB-67F4EDDF27A2}.Debug|iPhoneSimulator.Build.0 = Debug|iPhoneSimulator
		{419F0A0C-755D-4DAE-A8BB-67F4EDDF27A2}.Debug|x64.ActiveCfg = Debug|iPhone
		{419F0A0C-755D-4DAE-A8BB-67F4EDDF27A2}.Debug|x86.ActiveCfg = Debug|iPhone
		{419F0A0C-755D-4DAE-A8BB-67F4EDDF27A2}.Release|Any CPU.ActiveCfg = Release|iPhone
		{419F0A0C-755D-4DAE-A8BB-67F4EDDF27A2}.Release|Any CPU.Build.0 = Release|iPhone
		{419F0A0C-755D-4DAE-A8BB-67F4EDDF27A2}.Release|ARM.ActiveCfg = Release|iPhone
		{419F0A0C-755D-4DAE-A8BB-67F4EDDF27A2}.Release|iPhone.ActiveCfg = Release|iPhone
		{419F0A0C-755D-4DAE-A8BB-67F4EDDF27A2}.Release|iPhone.Build.0 = Release|iPhone
		{419F0A0C-755D-4DAE-A8BB-67F4EDDF27A2}.Release|iPhoneSimulator.ActiveCfg = Release|iPhoneSimulator
		{419F0A0C-755D-4DAE-A8BB-67F4EDDF27A2}.Release|iPhoneSimulator.Build.0 = Release|iPhoneSimulator
		{419F0A0C-755D-4DAE-A8BB-67F4EDDF27A2}.Release|x64.ActiveCfg = Release|iPhone
		{419F0A0C-755D-4DAE-A8BB-67F4EDDF27A2}.Release|x86.ActiveCfg = Release|iPhone
		{419F0A0C-755D-4DAE-A8BB-67F4EDDF27A2}.Release-xml|Any CPU.ActiveCfg = Release-xml|iPhone
		{419F0A0C-755D-4DAE-A8BB-67F4EDDF27A2}.Release-xml|Any CPU.Build.0 = Release-xml|iPhone
		{419F0A0C-755D-4DAE-A8BB-67F4EDDF27A2}.Release-xml|ARM.ActiveCfg = Release-xml|iPhone
		{419F0A0C-755D-4DAE-A8BB-67F4EDDF27A2}.Release-xml|iPhone.ActiveCfg = Release-xml|iPhone
		{419F0A0C-755D-4DAE-A8BB-67F4EDDF27A2}.Release-xml|iPhone.Build.0 = Release-xml|iPhone
		{419F0A0C-755D-4DAE-A8BB-67F4EDDF27A2}.Release-xml|iPhoneSimulator.ActiveCfg = Release-xml|iPhoneSimulator
		{419F0A0C-755D-4DAE-A8BB-67F4EDDF27A2}.Release-xml|iPhoneSimulator.Build.0 = Release-xml|iPhoneSimulator
		{419F0A0C-755D-4DAE-A8BB-67F4EDDF27A2}.Release-xml|x64.ActiveCfg = Release-xml|iPhone
		{419F0A0C-755D-4DAE-A8BB-67F4EDDF27A2}.Release-xml|x86.ActiveCfg = Release-xml|iPhone
		{10B66397-37BE-45FE-A94E-E991CF7E7D15}.Ad-Hoc|Any CPU.ActiveCfg = Release|x86
		{10B66397-37BE-45FE-A94E-E991CF7E7D15}.Ad-Hoc|Any CPU.Build.0 = Release|x86
		{10B66397-37BE-45FE-A94E-E991CF7E7D15}.Ad-Hoc|Any CPU.Deploy.0 = Release|x86
		{10B66397-37BE-45FE-A94E-E991CF7E7D15}.Ad-Hoc|ARM.ActiveCfg = Release|ARM
		{10B66397-37BE-45FE-A94E-E991CF7E7D15}.Ad-Hoc|ARM.Build.0 = Release|ARM
		{10B66397-37BE-45FE-A94E-E991CF7E7D15}.Ad-Hoc|ARM.Deploy.0 = Release|ARM
		{10B66397-37BE-45FE-A94E-E991CF7E7D15}.Ad-Hoc|iPhone.ActiveCfg = Release|x86
		{10B66397-37BE-45FE-A94E-E991CF7E7D15}.Ad-Hoc|iPhone.Build.0 = Release|x86
		{10B66397-37BE-45FE-A94E-E991CF7E7D15}.Ad-Hoc|iPhone.Deploy.0 = Release|x86
		{10B66397-37BE-45FE-A94E-E991CF7E7D15}.Ad-Hoc|iPhoneSimulator.ActiveCfg = Release|x86
		{10B66397-37BE-45FE-A94E-E991CF7E7D15}.Ad-Hoc|iPhoneSimulator.Build.0 = Release|x86
		{10B66397-37BE-45FE-A94E-E991CF7E7D15}.Ad-Hoc|iPhoneSimulator.Deploy.0 = Release|x86
		{10B66397-37BE-45FE-A94E-E991CF7E7D15}.Ad-Hoc|x64.ActiveCfg = Release|x64
		{10B66397-37BE-45FE-A94E-E991CF7E7D15}.Ad-Hoc|x64.Build.0 = Release|x64
		{10B66397-37BE-45FE-A94E-E991CF7E7D15}.Ad-Hoc|x64.Deploy.0 = Release|x64
		{10B66397-37BE-45FE-A94E-E991CF7E7D15}.Ad-Hoc|x86.ActiveCfg = Release|x86
		{10B66397-37BE-45FE-A94E-E991CF7E7D15}.Ad-Hoc|x86.Build.0 = Release|x86
		{10B66397-37BE-45FE-A94E-E991CF7E7D15}.Ad-Hoc|x86.Deploy.0 = Release|x86
		{10B66397-37BE-45FE-A94E-E991CF7E7D15}.AppStore|Any CPU.ActiveCfg = Release|x86
		{10B66397-37BE-45FE-A94E-E991CF7E7D15}.AppStore|Any CPU.Build.0 = Release|x86
		{10B66397-37BE-45FE-A94E-E991CF7E7D15}.AppStore|Any CPU.Deploy.0 = Release|x86
		{10B66397-37BE-45FE-A94E-E991CF7E7D15}.AppStore|ARM.ActiveCfg = Release|ARM
		{10B66397-37BE-45FE-A94E-E991CF7E7D15}.AppStore|ARM.Build.0 = Release|ARM
		{10B66397-37BE-45FE-A94E-E991CF7E7D15}.AppStore|ARM.Deploy.0 = Release|ARM
		{10B66397-37BE-45FE-A94E-E991CF7E7D15}.AppStore|iPhone.ActiveCfg = Release|x86
		{10B66397-37BE-45FE-A94E-E991CF7E7D15}.AppStore|iPhone.Build.0 = Release|x86
		{10B66397-37BE-45FE-A94E-E991CF7E7D15}.AppStore|iPhone.Deploy.0 = Release|x86
		{10B66397-37BE-45FE-A94E-E991CF7E7D15}.AppStore|iPhoneSimulator.ActiveCfg = Release|x86
		{10B66397-37BE-45FE-A94E-E991CF7E7D15}.AppStore|iPhoneSimulator.Build.0 = Release|x86
		{10B66397-37BE-45FE-A94E-E991CF7E7D15}.AppStore|iPhoneSimulator.Deploy.0 = Release|x86
		{10B66397-37BE-45FE-A94E-E991CF7E7D15}.AppStore|x64.ActiveCfg = Release|x64
		{10B66397-37BE-45FE-A94E-E991CF7E7D15}.AppStore|x64.Build.0 = Release|x64
		{10B66397-37BE-45FE-A94E-E991CF7E7D15}.AppStore|x64.Deploy.0 = Release|x64
		{10B66397-37BE-45FE-A94E-E991CF7E7D15}.AppStore|x86.ActiveCfg = Release|x86
		{10B66397-37BE-45FE-A94E-E991CF7E7D15}.AppStore|x86.Build.0 = Release|x86
		{10B66397-37BE-45FE-A94E-E991CF7E7D15}.AppStore|x86.Deploy.0 = Release|x86
		{10B66397-37BE-45FE-A94E-E991CF7E7D15}.Debug|Any CPU.ActiveCfg = Debug|x86
		{10B66397-37BE-45FE-A94E-E991CF7E7D15}.Debug|Any CPU.Build.0 = Debug|x86
		{10B66397-37BE-45FE-A94E-E991CF7E7D15}.Debug|Any CPU.Deploy.0 = Debug|x86
		{10B66397-37BE-45FE-A94E-E991CF7E7D15}.Debug|ARM.ActiveCfg = Debug|ARM
		{10B66397-37BE-45FE-A94E-E991CF7E7D15}.Debug|ARM.Build.0 = Debug|ARM
		{10B66397-37BE-45FE-A94E-E991CF7E7D15}.Debug|ARM.Deploy.0 = Debug|ARM
		{10B66397-37BE-45FE-A94E-E991CF7E7D15}.Debug|iPhone.ActiveCfg = Debug|x86
		{10B66397-37BE-45FE-A94E-E991CF7E7D15}.Debug|iPhoneSimulator.ActiveCfg = Debug|x86
		{10B66397-37BE-45FE-A94E-E991CF7E7D15}.Debug|x64.ActiveCfg = Debug|x64
		{10B66397-37BE-45FE-A94E-E991CF7E7D15}.Debug|x64.Build.0 = Debug|x64
		{10B66397-37BE-45FE-A94E-E991CF7E7D15}.Debug|x64.Deploy.0 = Debug|x64
		{10B66397-37BE-45FE-A94E-E991CF7E7D15}.Debug|x86.ActiveCfg = Debug|x86
		{10B66397-37BE-45FE-A94E-E991CF7E7D15}.Debug|x86.Build.0 = Debug|x86
		{10B66397-37BE-45FE-A94E-E991CF7E7D15}.Debug|x86.Deploy.0 = Debug|x86
		{10B66397-37BE-45FE-A94E-E991CF7E7D15}.Release|Any CPU.ActiveCfg = Release|x86
		{10B66397-37BE-45FE-A94E-E991CF7E7D15}.Release|Any CPU.Build.0 = Release|x86
		{10B66397-37BE-45FE-A94E-E991CF7E7D15}.Release|Any CPU.Deploy.0 = Release|x86
		{10B66397-37BE-45FE-A94E-E991CF7E7D15}.Release|ARM.ActiveCfg = Release|ARM
		{10B66397-37BE-45FE-A94E-E991CF7E7D15}.Release|ARM.Build.0 = Release|ARM
		{10B66397-37BE-45FE-A94E-E991CF7E7D15}.Release|ARM.Deploy.0 = Release|ARM
		{10B66397-37BE-45FE-A94E-E991CF7E7D15}.Release|iPhone.ActiveCfg = Release|x86
		{10B66397-37BE-45FE-A94E-E991CF7E7D15}.Release|iPhoneSimulator.ActiveCfg = Release|x86
		{10B66397-37BE-45FE-A94E-E991CF7E7D15}.Release|x64.ActiveCfg = Release|x64
		{10B66397-37BE-45FE-A94E-E991CF7E7D15}.Release|x64.Build.0 = Release|x64
		{10B66397-37BE-45FE-A94E-E991CF7E7D15}.Release|x64.Deploy.0 = Release|x64
		{10B66397-37BE-45FE-A94E-E991CF7E7D15}.Release|x86.ActiveCfg = Release|x86
		{10B66397-37BE-45FE-A94E-E991CF7E7D15}.Release|x86.Build.0 = Release|x86
		{10B66397-37BE-45FE-A94E-E991CF7E7D15}.Release|x86.Deploy.0 = Release|x86
		{10B66397-37BE-45FE-A94E-E991CF7E7D15}.Release-xml|Any CPU.ActiveCfg = Release-xml|x86
		{10B66397-37BE-45FE-A94E-E991CF7E7D15}.Release-xml|Any CPU.Build.0 = Release-xml|x86
		{10B66397-37BE-45FE-A94E-E991CF7E7D15}.Release-xml|Any CPU.Deploy.0 = Release-xml|x86
		{10B66397-37BE-45FE-A94E-E991CF7E7D15}.Release-xml|ARM.ActiveCfg = Release-xml|ARM
		{10B66397-37BE-45FE-A94E-E991CF7E7D15}.Release-xml|ARM.Build.0 = Release-xml|ARM
		{10B66397-37BE-45FE-A94E-E991CF7E7D15}.Release-xml|ARM.Deploy.0 = Release-xml|ARM
		{10B66397-37BE-45FE-A94E-E991CF7E7D15}.Release-xml|iPhone.ActiveCfg = Release-xml|x86
		{10B66397-37BE-45FE-A94E-E991CF7E7D15}.Release-xml|iPhoneSimulator.ActiveCfg = Release-xml|x86
		{10B66397-37BE-45FE-A94E-E991CF7E7D15}.Release-xml|x64.ActiveCfg = Release-xml|x64
		{10B66397-37BE-45FE-A94E-E991CF7E7D15}.Release-xml|x64.Build.0 = Release-xml|x64
		{10B66397-37BE-45FE-A94E-E991CF7E7D15}.Release-xml|x64.Deploy.0 = Release-xml|x64
		{10B66397-37BE-45FE-A94E-E991CF7E7D15}.Release-xml|x86.ActiveCfg = Release-xml|x86
		{10B66397-37BE-45FE-A94E-E991CF7E7D15}.Release-xml|x86.Build.0 = Release-xml|x86
		{10B66397-37BE-45FE-A94E-E991CF7E7D15}.Release-xml|x86.Deploy.0 = Release-xml|x86
		{A5056C16-897E-4454-A135-C5127C94C375}.Ad-Hoc|Any CPU.ActiveCfg = Debug|Any CPU
		{A5056C16-897E-4454-A135-C5127C94C375}.Ad-Hoc|Any CPU.Build.0 = Debug|Any CPU
		{A5056C16-897E-4454-A135-C5127C94C375}.Ad-Hoc|ARM.ActiveCfg = Debug|Any CPU
		{A5056C16-897E-4454-A135-C5127C94C375}.Ad-Hoc|ARM.Build.0 = Debug|Any CPU
		{A5056C16-897E-4454-A135-C5127C94C375}.Ad-Hoc|iPhone.ActiveCfg = Debug|Any CPU
		{A5056C16-897E-4454-A135-C5127C94C375}.Ad-Hoc|iPhone.Build.0 = Debug|Any CPU
		{A5056C16-897E-4454-A135-C5127C94C375}.Ad-Hoc|iPhoneSimulator.ActiveCfg = Debug|Any CPU
		{A5056C16-897E-4454-A135-C5127C94C375}.Ad-Hoc|iPhoneSimulator.Build.0 = Debug|Any CPU
		{A5056C16-897E-4454-A135-C5127C94C375}.Ad-Hoc|x64.ActiveCfg = Debug|Any CPU
		{A5056C16-897E-4454-A135-C5127C94C375}.Ad-Hoc|x64.Build.0 = Debug|Any CPU
		{A5056C16-897E-4454-A135-C5127C94C375}.Ad-Hoc|x86.ActiveCfg = Debug|Any CPU
		{A5056C16-897E-4454-A135-C5127C94C375}.Ad-Hoc|x86.Build.0 = Debug|Any CPU
		{A5056C16-897E-4454-A135-C5127C94C375}.AppStore|Any CPU.ActiveCfg = Debug|Any CPU
		{A5056C16-897E-4454-A135-C5127C94C375}.AppStore|Any CPU.Build.0 = Debug|Any CPU
		{A5056C16-897E-4454-A135-C5127C94C375}.AppStore|ARM.ActiveCfg = Debug|Any CPU
		{A5056C16-897E-4454-A135-C5127C94C375}.AppStore|ARM.Build.0 = Debug|Any CPU
		{A5056C16-897E-4454-A135-C5127C94C375}.AppStore|iPhone.ActiveCfg = Debug|Any CPU
		{A5056C16-897E-4454-A135-C5127C94C375}.AppStore|iPhone.Build.0 = Debug|Any CPU
		{A5056C16-897E-4454-A135-C5127C94C375}.AppStore|iPhoneSimulator.ActiveCfg = Debug|Any CPU
		{A5056C16-897E-4454-A135-C5127C94C375}.AppStore|iPhoneSimulator.Build.0 = Debug|Any CPU
		{A5056C16-897E-4454-A135-C5127C94C375}.AppStore|x64.ActiveCfg = Debug|Any CPU
		{A5056C16-897E-4454-A135-C5127C94C375}.AppStore|x64.Build.0 = Debug|Any CPU
		{A5056C16-897E-4454-A135-C5127C94C375}.AppStore|x86.ActiveCfg = Debug|Any CPU
		{A5056C16-897E-4454-A135-C5127C94C375}.AppStore|x86.Build.0 = Debug|Any CPU
		{A5056C16-897E-4454-A135-C5127C94C375}.Debug|Any CPU.ActiveCfg = Debug|Any CPU
		{A5056C16-897E-4454-A135-C5127C94C375}.Debug|Any CPU.Build.0 = Debug|Any CPU
		{A5056C16-897E-4454-A135-C5127C94C375}.Debug|ARM.ActiveCfg = Debug|Any CPU
		{A5056C16-897E-4454-A135-C5127C94C375}.Debug|ARM.Build.0 = Debug|Any CPU
		{A5056C16-897E-4454-A135-C5127C94C375}.Debug|iPhone.ActiveCfg = Debug|Any CPU
		{A5056C16-897E-4454-A135-C5127C94C375}.Debug|iPhone.Build.0 = Debug|Any CPU
		{A5056C16-897E-4454-A135-C5127C94C375}.Debug|iPhoneSimulator.ActiveCfg = Debug|Any CPU
		{A5056C16-897E-4454-A135-C5127C94C375}.Debug|iPhoneSimulator.Build.0 = Debug|Any CPU
		{A5056C16-897E-4454-A135-C5127C94C375}.Debug|x64.ActiveCfg = Debug|Any CPU
		{A5056C16-897E-4454-A135-C5127C94C375}.Debug|x64.Build.0 = Debug|Any CPU
		{A5056C16-897E-4454-A135-C5127C94C375}.Debug|x86.ActiveCfg = Debug|Any CPU
		{A5056C16-897E-4454-A135-C5127C94C375}.Debug|x86.Build.0 = Debug|Any CPU
		{A5056C16-897E-4454-A135-C5127C94C375}.Release|Any CPU.ActiveCfg = Release|Any CPU
		{A5056C16-897E-4454-A135-C5127C94C375}.Release|Any CPU.Build.0 = Release|Any CPU
		{A5056C16-897E-4454-A135-C5127C94C375}.Release|ARM.ActiveCfg = Release|Any CPU
		{A5056C16-897E-4454-A135-C5127C94C375}.Release|ARM.Build.0 = Release|Any CPU
		{A5056C16-897E-4454-A135-C5127C94C375}.Release|iPhone.ActiveCfg = Release|Any CPU
		{A5056C16-897E-4454-A135-C5127C94C375}.Release|iPhone.Build.0 = Release|Any CPU
		{A5056C16-897E-4454-A135-C5127C94C375}.Release|iPhoneSimulator.ActiveCfg = Release|Any CPU
		{A5056C16-897E-4454-A135-C5127C94C375}.Release|iPhoneSimulator.Build.0 = Release|Any CPU
		{A5056C16-897E-4454-A135-C5127C94C375}.Release|x64.ActiveCfg = Release|Any CPU
		{A5056C16-897E-4454-A135-C5127C94C375}.Release|x64.Build.0 = Release|Any CPU
		{A5056C16-897E-4454-A135-C5127C94C375}.Release|x86.ActiveCfg = Release|Any CPU
		{A5056C16-897E-4454-A135-C5127C94C375}.Release|x86.Build.0 = Release|Any CPU
		{A5056C16-897E-4454-A135-C5127C94C375}.Release-xml|Any CPU.ActiveCfg = Release-xml|Any CPU
		{A5056C16-897E-4454-A135-C5127C94C375}.Release-xml|Any CPU.Build.0 = Release-xml|Any CPU
		{A5056C16-897E-4454-A135-C5127C94C375}.Release-xml|ARM.ActiveCfg = Release-xml|Any CPU
		{A5056C16-897E-4454-A135-C5127C94C375}.Release-xml|ARM.Build.0 = Release-xml|Any CPU
		{A5056C16-897E-4454-A135-C5127C94C375}.Release-xml|iPhone.ActiveCfg = Release-xml|Any CPU
		{A5056C16-897E-4454-A135-C5127C94C375}.Release-xml|iPhone.Build.0 = Release-xml|Any CPU
		{A5056C16-897E-4454-A135-C5127C94C375}.Release-xml|iPhoneSimulator.ActiveCfg = Release-xml|Any CPU
		{A5056C16-897E-4454-A135-C5127C94C375}.Release-xml|iPhoneSimulator.Build.0 = Release-xml|Any CPU
		{A5056C16-897E-4454-A135-C5127C94C375}.Release-xml|x64.ActiveCfg = Release-xml|Any CPU
		{A5056C16-897E-4454-A135-C5127C94C375}.Release-xml|x64.Build.0 = Release-xml|Any CPU
		{A5056C16-897E-4454-A135-C5127C94C375}.Release-xml|x86.ActiveCfg = Release-xml|Any CPU
		{A5056C16-897E-4454-A135-C5127C94C375}.Release-xml|x86.Build.0 = Release-xml|Any CPU
	EndGlobalSection
	GlobalSection(SolutionProperties) = preSolution
		HideSolutionNode = FALSE
	EndGlobalSection
	GlobalSection(ExtensibilityGlobals) = postSolution
		SolutionGuid = {481A4554-EC56-4875-B8D6-99A13DE427C6}
	EndGlobalSection
EndGlobal
