
Microsoft Visual Studio Solution File, Format Version 12.00
# Visual Studio 15
VisualStudioVersion = 15.0.27130.2024
MinimumVisualStudioVersion = 10.0.40219.1
Project("{FAE04EC0-301F-11D3-BF4B-00C04F79EFBC}") = "SampleBrowser.SfBusyIndicator.Android", "BusyIndicator.Android\SampleBrowser.SfBusyIndicator.Android.csproj", "{E75B6B1E-27A5-480D-B2B9-72E954B38F6E}"
EndProject
Project("{FAE04EC0-301F-11D3-BF4B-00C04F79EFBC}") = "SampleBrowser.SfBusyIndicator.iOS", "BusyIndicator.iOS\SampleBrowser.SfBusyIndicator.iOS.csproj", "{3D70589F-CB4C-49E6-BE08-2EBE81D3A3B6}"
EndProject
Project("{FAE04EC0-301F-11D3-BF4B-00C04F79EFBC}") = "SampleBrowser.SfBusyIndicator.UWP", "BusyIndicator.UWP\SampleBrowser.SfBusyIndicator.UWP.csproj", "{D4F18CC9-642A-4930-9E63-5125165F0660}"
EndProject
Project("{9A19103F-16F7-4668-BE54-9A1E7A4F7556}") = "SampleBrowser.SfBusyIndicator", "BusyIndicator\SampleBrowser.SfBusyIndicator.csproj", "{17EA2CCA-12D1-4FE5-8A4D-902DBA49D94D}"
EndProject
Global
	GlobalSection(SolutionConfigurationPlatforms) = preSolution
		Ad-Hoc|Any CPU = Ad-Hoc|Any CPU
		Ad-Hoc|ARM = Ad-Hoc|ARM
		Ad-Hoc|iPhone = Ad-Hoc|iPhone
		Ad-Hoc|iPhoneSimulator = Ad-Hoc|iPhoneSimulator
		Ad-Hoc|x64 = Ad-Hoc|x64
		Ad-Hoc|x86 = Ad-Hoc|x86
		AppStore|Any CPU = AppStore|Any CPU
		AppStore|ARM = AppStore|ARM
		AppStore|iPhone = AppStore|iPhone
		AppStore|iPhoneSimulator = AppStore|iPhoneSimulator
		AppStore|x64 = AppStore|x64
		AppStore|x86 = AppStore|x86
		Debug|Any CPU = Debug|Any CPU
		Debug|ARM = Debug|ARM
		Debug|iPhone = Debug|iPhone
		Debug|iPhoneSimulator = Debug|iPhoneSimulator
		Debug|x64 = Debug|x64
		Debug|x86 = Debug|x86
		Release|Any CPU = Release|Any CPU
		Release|ARM = Release|ARM
		Release|iPhone = Release|iPhone
		Release|iPhoneSimulator = Release|iPhoneSimulator
		Release|x64 = Release|x64
		Release|x86 = Release|x86
		Release-xml|Any CPU = Release-xml|Any CPU
		Release-xml|ARM = Release-xml|ARM
		Release-xml|iPhone = Release-xml|iPhone
		Release-xml|iPhoneSimulator = Release-xml|iPhoneSimulator
		Release-xml|x64 = Release-xml|x64
		Release-xml|x86 = Release-xml|x86
	EndGlobalSection
	GlobalSection(ProjectConfigurationPlatforms) = postSolution
		{E75B6B1E-27A5-480D-B2B9-72E954B38F6E}.Ad-Hoc|Any CPU.ActiveCfg = Release|Any CPU
		{E75B6B1E-27A5-480D-B2B9-72E954B38F6E}.Ad-Hoc|Any CPU.Build.0 = Release|Any CPU
		{E75B6B1E-27A5-480D-B2B9-72E954B38F6E}.Ad-Hoc|Any CPU.Deploy.0 = Release|Any CPU
		{E75B6B1E-27A5-480D-B2B9-72E954B38F6E}.Ad-Hoc|ARM.ActiveCfg = Release|Any CPU
		{E75B6B1E-27A5-480D-B2B9-72E954B38F6E}.Ad-Hoc|ARM.Build.0 = Release|Any CPU
		{E75B6B1E-27A5-480D-B2B9-72E954B38F6E}.Ad-Hoc|ARM.Deploy.0 = Release|Any CPU
		{E75B6B1E-27A5-480D-B2B9-72E954B38F6E}.Ad-Hoc|iPhone.ActiveCfg = Release|Any CPU
		{E75B6B1E-27A5-480D-B2B9-72E954B38F6E}.Ad-Hoc|iPhone.Build.0 = Release|Any CPU
		{E75B6B1E-27A5-480D-B2B9-72E954B38F6E}.Ad-Hoc|iPhone.Deploy.0 = Release|Any CPU
		{E75B6B1E-27A5-480D-B2B9-72E954B38F6E}.Ad-Hoc|iPhoneSimulator.ActiveCfg = Release|Any CPU
		{E75B6B1E-27A5-480D-B2B9-72E954B38F6E}.Ad-Hoc|iPhoneSimulator.Build.0 = Release|Any CPU
		{E75B6B1E-27A5-480D-B2B9-72E954B38F6E}.Ad-Hoc|iPhoneSimulator.Deploy.0 = Release|Any CPU
		{E75B6B1E-27A5-480D-B2B9-72E954B38F6E}.Ad-Hoc|x64.ActiveCfg = Release|Any CPU
		{E75B6B1E-27A5-480D-B2B9-72E954B38F6E}.Ad-Hoc|x64.Build.0 = Release|Any CPU
		{E75B6B1E-27A5-480D-B2B9-72E954B38F6E}.Ad-Hoc|x64.Deploy.0 = Release|Any CPU
		{E75B6B1E-27A5-480D-B2B9-72E954B38F6E}.Ad-Hoc|x86.ActiveCfg = Release|Any CPU
		{E75B6B1E-27A5-480D-B2B9-72E954B38F6E}.Ad-Hoc|x86.Build.0 = Release|Any CPU
		{E75B6B1E-27A5-480D-B2B9-72E954B38F6E}.Ad-Hoc|x86.Deploy.0 = Release|Any CPU
		{E75B6B1E-27A5-480D-B2B9-72E954B38F6E}.AppStore|Any CPU.ActiveCfg = Release|Any CPU
		{E75B6B1E-27A5-480D-B2B9-72E954B38F6E}.AppStore|Any CPU.Build.0 = Release|Any CPU
		{E75B6B1E-27A5-480D-B2B9-72E954B38F6E}.AppStore|Any CPU.Deploy.0 = Release|Any CPU
		{E75B6B1E-27A5-480D-B2B9-72E954B38F6E}.AppStore|ARM.ActiveCfg = Release|Any CPU
		{E75B6B1E-27A5-480D-B2B9-72E954B38F6E}.AppStore|ARM.Build.0 = Release|Any CPU
		{E75B6B1E-27A5-480D-B2B9-72E954B38F6E}.AppStore|ARM.Deploy.0 = Release|Any CPU
		{E75B6B1E-27A5-480D-B2B9-72E954B38F6E}.AppStore|iPhone.ActiveCfg = Release|Any CPU
		{E75B6B1E-27A5-480D-B2B9-72E954B38F6E}.AppStore|iPhone.Build.0 = Release|Any CPU
		{E75B6B1E-27A5-480D-B2B9-72E954B38F6E}.AppStore|iPhone.Deploy.0 = Release|Any CPU
		{E75B6B1E-27A5-480D-B2B9-72E954B38F6E}.AppStore|iPhoneSimulator.ActiveCfg = Release|Any CPU
		{E75B6B1E-27A5-480D-B2B9-72E954B38F6E}.AppStore|iPhoneSimulator.Build.0 = Release|Any CPU
		{E75B6B1E-27A5-480D-B2B9-72E954B38F6E}.AppStore|iPhoneSimulator.Deploy.0 = Release|Any CPU
		{E75B6B1E-27A5-480D-B2B9-72E954B38F6E}.AppStore|x64.ActiveCfg = Release|Any CPU
		{E75B6B1E-27A5-480D-B2B9-72E954B38F6E}.AppStore|x64.Build.0 = Release|Any CPU
		{E75B6B1E-27A5-480D-B2B9-72E954B38F6E}.AppStore|x64.Deploy.0 = Release|Any CPU
		{E75B6B1E-27A5-480D-B2B9-72E954B38F6E}.AppStore|x86.ActiveCfg = Release|Any CPU
		{E75B6B1E-27A5-480D-B2B9-72E954B38F6E}.AppStore|x86.Build.0 = Release|Any CPU
		{E75B6B1E-27A5-480D-B2B9-72E954B38F6E}.AppStore|x86.Deploy.0 = Release|Any CPU
		{E75B6B1E-27A5-480D-B2B9-72E954B38F6E}.Debug|Any CPU.ActiveCfg = Debug|Any CPU
		{E75B6B1E-27A5-480D-B2B9-72E954B38F6E}.Debug|Any CPU.Build.0 = Debug|Any CPU
		{E75B6B1E-27A5-480D-B2B9-72E954B38F6E}.Debug|Any CPU.Deploy.0 = Debug|Any CPU
		{E75B6B1E-27A5-480D-B2B9-72E954B38F6E}.Debug|ARM.ActiveCfg = Debug|Any CPU
		{E75B6B1E-27A5-480D-B2B9-72E954B38F6E}.Debug|ARM.Build.0 = Debug|Any CPU
		{E75B6B1E-27A5-480D-B2B9-72E954B38F6E}.Debug|ARM.Deploy.0 = Debug|Any CPU
		{E75B6B1E-27A5-480D-B2B9-72E954B38F6E}.Debug|iPhone.ActiveCfg = Debug|Any CPU
		{E75B6B1E-27A5-480D-B2B9-72E954B38F6E}.Debug|iPhone.Build.0 = Debug|Any CPU
		{E75B6B1E-27A5-480D-B2B9-72E954B38F6E}.Debug|iPhone.Deploy.0 = Debug|Any CPU
		{E75B6B1E-27A5-480D-B2B9-72E954B38F6E}.Debug|iPhoneSimulator.ActiveCfg = Debug|Any CPU
		{E75B6B1E-27A5-480D-B2B9-72E954B38F6E}.Debug|iPhoneSimulator.Build.0 = Debug|Any CPU
		{E75B6B1E-27A5-480D-B2B9-72E954B38F6E}.Debug|iPhoneSimulator.Deploy.0 = Debug|Any CPU
		{E75B6B1E-27A5-480D-B2B9-72E954B38F6E}.Debug|x64.ActiveCfg = Debug|Any CPU
		{E75B6B1E-27A5-480D-B2B9-72E954B38F6E}.Debug|x64.Build.0 = Debug|Any CPU
		{E75B6B1E-27A5-480D-B2B9-72E954B38F6E}.Debug|x64.Deploy.0 = Debug|Any CPU
		{E75B6B1E-27A5-480D-B2B9-72E954B38F6E}.Debug|x86.ActiveCfg = Debug|Any CPU
		{E75B6B1E-27A5-480D-B2B9-72E954B38F6E}.Debug|x86.Build.0 = Debug|Any CPU
		{E75B6B1E-27A5-480D-B2B9-72E954B38F6E}.Debug|x86.Deploy.0 = Debug|Any CPU
		{E75B6B1E-27A5-480D-B2B9-72E954B38F6E}.Release|Any CPU.ActiveCfg = Release|Any CPU
		{E75B6B1E-27A5-480D-B2B9-72E954B38F6E}.Release|Any CPU.Build.0 = Release|Any CPU
		{E75B6B1E-27A5-480D-B2B9-72E954B38F6E}.Release|Any CPU.Deploy.0 = Release|Any CPU
		{E75B6B1E-27A5-480D-B2B9-72E954B38F6E}.Release|ARM.ActiveCfg = Release|Any CPU
		{E75B6B1E-27A5-480D-B2B9-72E954B38F6E}.Release|ARM.Build.0 = Release|Any CPU
		{E75B6B1E-27A5-480D-B2B9-72E954B38F6E}.Release|ARM.Deploy.0 = Release|Any CPU
		{E75B6B1E-27A5-480D-B2B9-72E954B38F6E}.Release|iPhone.ActiveCfg = Release|Any CPU
		{E75B6B1E-27A5-480D-B2B9-72E954B38F6E}.Release|iPhone.Build.0 = Release|Any CPU
		{E75B6B1E-27A5-480D-B2B9-72E954B38F6E}.Release|iPhone.Deploy.0 = Release|Any CPU
		{E75B6B1E-27A5-480D-B2B9-72E954B38F6E}.Release|iPhoneSimulator.ActiveCfg = Release|Any CPU
		{E75B6B1E-27A5-480D-B2B9-72E954B38F6E}.Release|iPhoneSimulator.Build.0 = Release|Any CPU
		{E75B6B1E-27A5-480D-B2B9-72E954B38F6E}.Release|iPhoneSimulator.Deploy.0 = Release|Any CPU
		{E75B6B1E-27A5-480D-B2B9-72E954B38F6E}.Release|x64.ActiveCfg = Release|Any CPU
		{E75B6B1E-27A5-480D-B2B9-72E954B38F6E}.Release|x64.Build.0 = Release|Any CPU
		{E75B6B1E-27A5-480D-B2B9-72E954B38F6E}.Release|x64.Deploy.0 = Release|Any CPU
		{E75B6B1E-27A5-480D-B2B9-72E954B38F6E}.Release|x86.ActiveCfg = Release|Any CPU
		{E75B6B1E-27A5-480D-B2B9-72E954B38F6E}.Release|x86.Build.0 = Release|Any CPU
		{E75B6B1E-27A5-480D-B2B9-72E954B38F6E}.Release|x86.Deploy.0 = Release|Any CPU
		{E75B6B1E-27A5-480D-B2B9-72E954B38F6E}.Release-xml|Any CPU.ActiveCfg = Release-xml|Any CPU
		{E75B6B1E-27A5-480D-B2B9-72E954B38F6E}.Release-xml|Any CPU.Build.0 = Release-xml|Any CPU
		{E75B6B1E-27A5-480D-B2B9-72E954B38F6E}.Release-xml|Any CPU.Deploy.0 = Release-xml|Any CPU
		{E75B6B1E-27A5-480D-B2B9-72E954B38F6E}.Release-xml|ARM.ActiveCfg = Release-xml|Any CPU
		{E75B6B1E-27A5-480D-B2B9-72E954B38F6E}.Release-xml|ARM.Build.0 = Release-xml|Any CPU
		{E75B6B1E-27A5-480D-B2B9-72E954B38F6E}.Release-xml|ARM.Deploy.0 = Release-xml|Any CPU
		{E75B6B1E-27A5-480D-B2B9-72E954B38F6E}.Release-xml|iPhone.ActiveCfg = Release-xml|Any CPU
		{E75B6B1E-27A5-480D-B2B9-72E954B38F6E}.Release-xml|iPhone.Build.0 = Release-xml|Any CPU
		{E75B6B1E-27A5-480D-B2B9-72E954B38F6E}.Release-xml|iPhone.Deploy.0 = Release-xml|Any CPU
		{E75B6B1E-27A5-480D-B2B9-72E954B38F6E}.Release-xml|iPhoneSimulator.ActiveCfg = Release-xml|Any CPU
		{E75B6B1E-27A5-480D-B2B9-72E954B38F6E}.Release-xml|iPhoneSimulator.Build.0 = Release-xml|Any CPU
		{E75B6B1E-27A5-480D-B2B9-72E954B38F6E}.Release-xml|iPhoneSimulator.Deploy.0 = Release-xml|Any CPU
		{E75B6B1E-27A5-480D-B2B9-72E954B38F6E}.Release-xml|x64.ActiveCfg = Release-xml|Any CPU
		{E75B6B1E-27A5-480D-B2B9-72E954B38F6E}.Release-xml|x64.Build.0 = Release-xml|Any CPU
		{E75B6B1E-27A5-480D-B2B9-72E954B38F6E}.Release-xml|x64.Deploy.0 = Release-xml|Any CPU
		{E75B6B1E-27A5-480D-B2B9-72E954B38F6E}.Release-xml|x86.ActiveCfg = Release-xml|Any CPU
		{E75B6B1E-27A5-480D-B2B9-72E954B38F6E}.Release-xml|x86.Build.0 = Release-xml|Any CPU
		{E75B6B1E-27A5-480D-B2B9-72E954B38F6E}.Release-xml|x86.Deploy.0 = Release-xml|Any CPU
		{3D70589F-CB4C-49E6-BE08-2EBE81D3A3B6}.Ad-Hoc|Any CPU.ActiveCfg = Ad-Hoc|iPhone
		{3D70589F-CB4C-49E6-BE08-2EBE81D3A3B6}.Ad-Hoc|ARM.ActiveCfg = Ad-Hoc|iPhone
		{3D70589F-CB4C-49E6-BE08-2EBE81D3A3B6}.Ad-Hoc|iPhone.ActiveCfg = Ad-Hoc|iPhone
		{3D70589F-CB4C-49E6-BE08-2EBE81D3A3B6}.Ad-Hoc|iPhone.Build.0 = Ad-Hoc|iPhone
		{3D70589F-CB4C-49E6-BE08-2EBE81D3A3B6}.Ad-Hoc|iPhoneSimulator.ActiveCfg = Ad-Hoc|iPhoneSimulator
		{3D70589F-CB4C-49E6-BE08-2EBE81D3A3B6}.Ad-Hoc|iPhoneSimulator.Build.0 = Ad-Hoc|iPhoneSimulator
		{3D70589F-CB4C-49E6-BE08-2EBE81D3A3B6}.Ad-Hoc|x64.ActiveCfg = Ad-Hoc|iPhone
		{3D70589F-CB4C-49E6-BE08-2EBE81D3A3B6}.Ad-Hoc|x86.ActiveCfg = Ad-Hoc|iPhone
		{3D70589F-CB4C-49E6-BE08-2EBE81D3A3B6}.AppStore|Any CPU.ActiveCfg = AppStore|iPhone
		{3D70589F-CB4C-49E6-BE08-2EBE81D3A3B6}.AppStore|ARM.ActiveCfg = AppStore|iPhone
		{3D70589F-CB4C-49E6-BE08-2EBE81D3A3B6}.AppStore|iPhone.ActiveCfg = AppStore|iPhone
		{3D70589F-CB4C-49E6-BE08-2EBE81D3A3B6}.AppStore|iPhone.Build.0 = AppStore|iPhone
		{3D70589F-CB4C-49E6-BE08-2EBE81D3A3B6}.AppStore|iPhoneSimulator.ActiveCfg = AppStore|iPhoneSimulator
		{3D70589F-CB4C-49E6-BE08-2EBE81D3A3B6}.AppStore|iPhoneSimulator.Build.0 = AppStore|iPhoneSimulator
		{3D70589F-CB4C-49E6-BE08-2EBE81D3A3B6}.AppStore|x64.ActiveCfg = AppStore|iPhone
		{3D70589F-CB4C-49E6-BE08-2EBE81D3A3B6}.AppStore|x86.ActiveCfg = AppStore|iPhone
		{3D70589F-CB4C-49E6-BE08-2EBE81D3A3B6}.Debug|Any CPU.ActiveCfg = Debug|iPhone
		{3D70589F-CB4C-49E6-BE08-2EBE81D3A3B6}.Debug|Any CPU.Build.0 = Debug|iPhone
		{3D70589F-CB4C-49E6-BE08-2EBE81D3A3B6}.Debug|ARM.ActiveCfg = Debug|iPhone
		{3D70589F-CB4C-49E6-BE08-2EBE81D3A3B6}.Debug|iPhone.ActiveCfg = Debug|iPhone
		{3D70589F-CB4C-49E6-BE08-2EBE81D3A3B6}.Debug|iPhone.Build.0 = Debug|iPhone
		{3D70589F-CB4C-49E6-BE08-2EBE81D3A3B6}.Debug|iPhoneSimulator.ActiveCfg = Debug|iPhoneSimulator
		{3D70589F-CB4C-49E6-BE08-2EBE81D3A3B6}.Debug|iPhoneSimulator.Build.0 = Debug|iPhoneSimulator
		{3D70589F-CB4C-49E6-BE08-2EBE81D3A3B6}.Debug|x64.ActiveCfg = Debug|iPhone
		{3D70589F-CB4C-49E6-BE08-2EBE81D3A3B6}.Debug|x86.ActiveCfg = Debug|iPhone
		{3D70589F-CB4C-49E6-BE08-2EBE81D3A3B6}.Release|Any CPU.ActiveCfg = Release|iPhone
		{3D70589F-CB4C-49E6-BE08-2EBE81D3A3B6}.Release|Any CPU.Build.0 = Release|iPhone
		{3D70589F-CB4C-49E6-BE08-2EBE81D3A3B6}.Release|ARM.ActiveCfg = Release|iPhone
		{3D70589F-CB4C-49E6-BE08-2EBE81D3A3B6}.Release|iPhone.ActiveCfg = Release|iPhone
		{3D70589F-CB4C-49E6-BE08-2EBE81D3A3B6}.Release|iPhone.Build.0 = Release|iPhone
		{3D70589F-CB4C-49E6-BE08-2EBE81D3A3B6}.Release|iPhoneSimulator.ActiveCfg = Release|iPhoneSimulator
		{3D70589F-CB4C-49E6-BE08-2EBE81D3A3B6}.Release|iPhoneSimulator.Build.0 = Release|iPhoneSimulator
		{3D70589F-CB4C-49E6-BE08-2EBE81D3A3B6}.Release|x64.ActiveCfg = Release|iPhone
		{3D70589F-CB4C-49E6-BE08-2EBE81D3A3B6}.Release|x86.ActiveCfg = Release|iPhone
		{3D70589F-CB4C-49E6-BE08-2EBE81D3A3B6}.Release-xml|Any CPU.ActiveCfg = Release-xml|iPhone
		{3D70589F-CB4C-49E6-BE08-2EBE81D3A3B6}.Release-xml|Any CPU.Build.0 = Release-xml|iPhone
		{3D70589F-CB4C-49E6-BE08-2EBE81D3A3B6}.Release-xml|ARM.ActiveCfg = Release-xml|iPhone
		{3D70589F-CB4C-49E6-BE08-2EBE81D3A3B6}.Release-xml|iPhone.ActiveCfg = Release-xml|iPhone
		{3D70589F-CB4C-49E6-BE08-2EBE81D3A3B6}.Release-xml|iPhone.Build.0 = Release-xml|iPhone
		{3D70589F-CB4C-49E6-BE08-2EBE81D3A3B6}.Release-xml|iPhoneSimulator.ActiveCfg = Release-xml|iPhoneSimulator
		{3D70589F-CB4C-49E6-BE08-2EBE81D3A3B6}.Release-xml|iPhoneSimulator.Build.0 = Release-xml|iPhoneSimulator
		{3D70589F-CB4C-49E6-BE08-2EBE81D3A3B6}.Release-xml|x64.ActiveCfg = Release-xml|iPhone
		{3D70589F-CB4C-49E6-BE08-2EBE81D3A3B6}.Release-xml|x86.ActiveCfg = Release-xml|iPhone
		{D4F18CC9-642A-4930-9E63-5125165F0660}.Ad-Hoc|Any CPU.ActiveCfg = Release|x86
		{D4F18CC9-642A-4930-9E63-5125165F0660}.Ad-Hoc|Any CPU.Build.0 = Release|x86
		{D4F18CC9-642A-4930-9E63-5125165F0660}.Ad-Hoc|Any CPU.Deploy.0 = Release|x86
		{D4F18CC9-642A-4930-9E63-5125165F0660}.Ad-Hoc|ARM.ActiveCfg = Release|ARM
		{D4F18CC9-642A-4930-9E63-5125165F0660}.Ad-Hoc|ARM.Build.0 = Release|ARM
		{D4F18CC9-642A-4930-9E63-5125165F0660}.Ad-Hoc|ARM.Deploy.0 = Release|ARM
		{D4F18CC9-642A-4930-9E63-5125165F0660}.Ad-Hoc|iPhone.ActiveCfg = Release|x86
		{D4F18CC9-642A-4930-9E63-5125165F0660}.Ad-Hoc|iPhone.Build.0 = Release|x86
		{D4F18CC9-642A-4930-9E63-5125165F0660}.Ad-Hoc|iPhone.Deploy.0 = Release|x86
		{D4F18CC9-642A-4930-9E63-5125165F0660}.Ad-Hoc|iPhoneSimulator.ActiveCfg = Release|x86
		{D4F18CC9-642A-4930-9E63-5125165F0660}.Ad-Hoc|iPhoneSimulator.Build.0 = Release|x86
		{D4F18CC9-642A-4930-9E63-5125165F0660}.Ad-Hoc|iPhoneSimulator.Deploy.0 = Release|x86
		{D4F18CC9-642A-4930-9E63-5125165F0660}.Ad-Hoc|x64.ActiveCfg = Release|x64
		{D4F18CC9-642A-4930-9E63-5125165F0660}.Ad-Hoc|x64.Build.0 = Release|x64
		{D4F18CC9-642A-4930-9E63-5125165F0660}.Ad-Hoc|x64.Deploy.0 = Release|x64
		{D4F18CC9-642A-4930-9E63-5125165F0660}.Ad-Hoc|x86.ActiveCfg = Release|x86
		{D4F18CC9-642A-4930-9E63-5125165F0660}.Ad-Hoc|x86.Build.0 = Release|x86
		{D4F18CC9-642A-4930-9E63-5125165F0660}.Ad-Hoc|x86.Deploy.0 = Release|x86
		{D4F18CC9-642A-4930-9E63-5125165F0660}.AppStore|Any CPU.ActiveCfg = Release|x86
		{D4F18CC9-642A-4930-9E63-5125165F0660}.AppStore|Any CPU.Build.0 = Release|x86
		{D4F18CC9-642A-4930-9E63-5125165F0660}.AppStore|Any CPU.Deploy.0 = Release|x86
		{D4F18CC9-642A-4930-9E63-5125165F0660}.AppStore|ARM.ActiveCfg = Release|ARM
		{D4F18CC9-642A-4930-9E63-5125165F0660}.AppStore|ARM.Build.0 = Release|ARM
		{D4F18CC9-642A-4930-9E63-5125165F0660}.AppStore|ARM.Deploy.0 = Release|ARM
		{D4F18CC9-642A-4930-9E63-5125165F0660}.AppStore|iPhone.ActiveCfg = Release|x86
		{D4F18CC9-642A-4930-9E63-5125165F0660}.AppStore|iPhone.Build.0 = Release|x86
		{D4F18CC9-642A-4930-9E63-5125165F0660}.AppStore|iPhone.Deploy.0 = Release|x86
		{D4F18CC9-642A-4930-9E63-5125165F0660}.AppStore|iPhoneSimulator.ActiveCfg = Release|x86
		{D4F18CC9-642A-4930-9E63-5125165F0660}.AppStore|iPhoneSimulator.Build.0 = Release|x86
		{D4F18CC9-642A-4930-9E63-5125165F0660}.AppStore|iPhoneSimulator.Deploy.0 = Release|x86
		{D4F18CC9-642A-4930-9E63-5125165F0660}.AppStore|x64.ActiveCfg = Release|x64
		{D4F18CC9-642A-4930-9E63-5125165F0660}.AppStore|x64.Build.0 = Release|x64
		{D4F18CC9-642A-4930-9E63-5125165F0660}.AppStore|x64.Deploy.0 = Release|x64
		{D4F18CC9-642A-4930-9E63-5125165F0660}.AppStore|x86.ActiveCfg = Release|x86
		{D4F18CC9-642A-4930-9E63-5125165F0660}.AppStore|x86.Build.0 = Release|x86
		{D4F18CC9-642A-4930-9E63-5125165F0660}.AppStore|x86.Deploy.0 = Release|x86
		{D4F18CC9-642A-4930-9E63-5125165F0660}.Debug|Any CPU.ActiveCfg = Debug|x86
		{D4F18CC9-642A-4930-9E63-5125165F0660}.Debug|Any CPU.Build.0 = Debug|x86
		{D4F18CC9-642A-4930-9E63-5125165F0660}.Debug|Any CPU.Deploy.0 = Debug|x86
		{D4F18CC9-642A-4930-9E63-5125165F0660}.Debug|ARM.ActiveCfg = Debug|ARM
		{D4F18CC9-642A-4930-9E63-5125165F0660}.Debug|ARM.Build.0 = Debug|ARM
		{D4F18CC9-642A-4930-9E63-5125165F0660}.Debug|ARM.Deploy.0 = Debug|ARM
		{D4F18CC9-642A-4930-9E63-5125165F0660}.Debug|iPhone.ActiveCfg = Debug|x86
		{D4F18CC9-642A-4930-9E63-5125165F0660}.Debug|iPhoneSimulator.ActiveCfg = Debug|x86
		{D4F18CC9-642A-4930-9E63-5125165F0660}.Debug|x64.ActiveCfg = Debug|x64
		{D4F18CC9-642A-4930-9E63-5125165F0660}.Debug|x64.Build.0 = Debug|x64
		{D4F18CC9-642A-4930-9E63-5125165F0660}.Debug|x64.Deploy.0 = Debug|x64
		{D4F18CC9-642A-4930-9E63-5125165F0660}.Debug|x86.ActiveCfg = Debug|x86
		{D4F18CC9-642A-4930-9E63-5125165F0660}.Debug|x86.Build.0 = Debug|x86
		{D4F18CC9-642A-4930-9E63-5125165F0660}.Debug|x86.Deploy.0 = Debug|x86
		{D4F18CC9-642A-4930-9E63-5125165F0660}.Release|Any CPU.ActiveCfg = Release|x86
		{D4F18CC9-642A-4930-9E63-5125165F0660}.Release|Any CPU.Build.0 = Release|x86
		{D4F18CC9-642A-4930-9E63-5125165F0660}.Release|Any CPU.Deploy.0 = Release|x86
		{D4F18CC9-642A-4930-9E63-5125165F0660}.Release|ARM.ActiveCfg = Release|ARM
		{D4F18CC9-642A-4930-9E63-5125165F0660}.Release|ARM.Build.0 = Release|ARM
		{D4F18CC9-642A-4930-9E63-5125165F0660}.Release|ARM.Deploy.0 = Release|ARM
		{D4F18CC9-642A-4930-9E63-5125165F0660}.Release|iPhone.ActiveCfg = Release|x86
		{D4F18CC9-642A-4930-9E63-5125165F0660}.Release|iPhoneSimulator.ActiveCfg = Release|x86
		{D4F18CC9-642A-4930-9E63-5125165F0660}.Release|x64.ActiveCfg = Release|x64
		{D4F18CC9-642A-4930-9E63-5125165F0660}.Release|x64.Build.0 = Release|x64
		{D4F18CC9-642A-4930-9E63-5125165F0660}.Release|x64.Deploy.0 = Release|x64
		{D4F18CC9-642A-4930-9E63-5125165F0660}.Release|x86.ActiveCfg = Release|x86
		{D4F18CC9-642A-4930-9E63-5125165F0660}.Release|x86.Build.0 = Release|x86
		{D4F18CC9-642A-4930-9E63-5125165F0660}.Release|x86.Deploy.0 = Release|x86
		{D4F18CC9-642A-4930-9E63-5125165F0660}.Release-xml|Any CPU.ActiveCfg = Release-xml|x86
		{D4F18CC9-642A-4930-9E63-5125165F0660}.Release-xml|Any CPU.Build.0 = Release-xml|x86
		{D4F18CC9-642A-4930-9E63-5125165F0660}.Release-xml|Any CPU.Deploy.0 = Release-xml|x86
		{D4F18CC9-642A-4930-9E63-5125165F0660}.Release-xml|ARM.ActiveCfg = Release-xml|ARM
		{D4F18CC9-642A-4930-9E63-5125165F0660}.Release-xml|ARM.Build.0 = Release-xml|ARM
		{D4F18CC9-642A-4930-9E63-5125165F0660}.Release-xml|ARM.Deploy.0 = Release-xml|ARM
		{D4F18CC9-642A-4930-9E63-5125165F0660}.Release-xml|iPhone.ActiveCfg = Release-xml|x86
		{D4F18CC9-642A-4930-9E63-5125165F0660}.Release-xml|iPhoneSimulator.ActiveCfg = Release-xml|x86
		{D4F18CC9-642A-4930-9E63-5125165F0660}.Release-xml|x64.ActiveCfg = Release-xml|x64
		{D4F18CC9-642A-4930-9E63-5125165F0660}.Release-xml|x64.Build.0 = Release-xml|x64
		{D4F18CC9-642A-4930-9E63-5125165F0660}.Release-xml|x64.Deploy.0 = Release-xml|x64
		{D4F18CC9-642A-4930-9E63-5125165F0660}.Release-xml|x86.ActiveCfg = Release-xml|x86
		{D4F18CC9-642A-4930-9E63-5125165F0660}.Release-xml|x86.Build.0 = Release-xml|x86
		{D4F18CC9-642A-4930-9E63-5125165F0660}.Release-xml|x86.Deploy.0 = Release-xml|x86
		{17EA2CCA-12D1-4FE5-8A4D-902DBA49D94D}.Ad-Hoc|Any CPU.ActiveCfg = Debug|Any CPU
		{17EA2CCA-12D1-4FE5-8A4D-902DBA49D94D}.Ad-Hoc|Any CPU.Build.0 = Debug|Any CPU
		{17EA2CCA-12D1-4FE5-8A4D-902DBA49D94D}.Ad-Hoc|ARM.ActiveCfg = Debug|Any CPU
		{17EA2CCA-12D1-4FE5-8A4D-902DBA49D94D}.Ad-Hoc|ARM.Build.0 = Debug|Any CPU
		{17EA2CCA-12D1-4FE5-8A4D-902DBA49D94D}.Ad-Hoc|iPhone.ActiveCfg = Debug|Any CPU
		{17EA2CCA-12D1-4FE5-8A4D-902DBA49D94D}.Ad-Hoc|iPhone.Build.0 = Debug|Any CPU
		{17EA2CCA-12D1-4FE5-8A4D-902DBA49D94D}.Ad-Hoc|iPhoneSimulator.ActiveCfg = Debug|Any CPU
		{17EA2CCA-12D1-4FE5-8A4D-902DBA49D94D}.Ad-Hoc|iPhoneSimulator.Build.0 = Debug|Any CPU
		{17EA2CCA-12D1-4FE5-8A4D-902DBA49D94D}.Ad-Hoc|x64.ActiveCfg = Debug|Any CPU
		{17EA2CCA-12D1-4FE5-8A4D-902DBA49D94D}.Ad-Hoc|x64.Build.0 = Debug|Any CPU
		{17EA2CCA-12D1-4FE5-8A4D-902DBA49D94D}.Ad-Hoc|x86.ActiveCfg = Debug|Any CPU
		{17EA2CCA-12D1-4FE5-8A4D-902DBA49D94D}.Ad-Hoc|x86.Build.0 = Debug|Any CPU
		{17EA2CCA-12D1-4FE5-8A4D-902DBA49D94D}.AppStore|Any CPU.ActiveCfg = Debug|Any CPU
		{17EA2CCA-12D1-4FE5-8A4D-902DBA49D94D}.AppStore|Any CPU.Build.0 = Debug|Any CPU
		{17EA2CCA-12D1-4FE5-8A4D-902DBA49D94D}.AppStore|ARM.ActiveCfg = Debug|Any CPU
		{17EA2CCA-12D1-4FE5-8A4D-902DBA49D94D}.AppStore|ARM.Build.0 = Debug|Any CPU
		{17EA2CCA-12D1-4FE5-8A4D-902DBA49D94D}.AppStore|iPhone.ActiveCfg = Debug|Any CPU
		{17EA2CCA-12D1-4FE5-8A4D-902DBA49D94D}.AppStore|iPhone.Build.0 = Debug|Any CPU
		{17EA2CCA-12D1-4FE5-8A4D-902DBA49D94D}.AppStore|iPhoneSimulator.ActiveCfg = Debug|Any CPU
		{17EA2CCA-12D1-4FE5-8A4D-902DBA49D94D}.AppStore|iPhoneSimulator.Build.0 = Debug|Any CPU
		{17EA2CCA-12D1-4FE5-8A4D-902DBA49D94D}.AppStore|x64.ActiveCfg = Debug|Any CPU
		{17EA2CCA-12D1-4FE5-8A4D-902DBA49D94D}.AppStore|x64.Build.0 = Debug|Any CPU
		{17EA2CCA-12D1-4FE5-8A4D-902DBA49D94D}.AppStore|x86.ActiveCfg = Debug|Any CPU
		{17EA2CCA-12D1-4FE5-8A4D-902DBA49D94D}.AppStore|x86.Build.0 = Debug|Any CPU
		{17EA2CCA-12D1-4FE5-8A4D-902DBA49D94D}.Debug|Any CPU.ActiveCfg = Debug|Any CPU
		{17EA2CCA-12D1-4FE5-8A4D-902DBA49D94D}.Debug|Any CPU.Build.0 = Debug|Any CPU
		{17EA2CCA-12D1-4FE5-8A4D-902DBA49D94D}.Debug|ARM.ActiveCfg = Debug|Any CPU
		{17EA2CCA-12D1-4FE5-8A4D-902DBA49D94D}.Debug|ARM.Build.0 = Debug|Any CPU
		{17EA2CCA-12D1-4FE5-8A4D-902DBA49D94D}.Debug|iPhone.ActiveCfg = Debug|Any CPU
		{17EA2CCA-12D1-4FE5-8A4D-902DBA49D94D}.Debug|iPhone.Build.0 = Debug|Any CPU
		{17EA2CCA-12D1-4FE5-8A4D-902DBA49D94D}.Debug|iPhoneSimulator.ActiveCfg = Debug|Any CPU
		{17EA2CCA-12D1-4FE5-8A4D-902DBA49D94D}.Debug|iPhoneSimulator.Build.0 = Debug|Any CPU
		{17EA2CCA-12D1-4FE5-8A4D-902DBA49D94D}.Debug|x64.ActiveCfg = Debug|Any CPU
		{17EA2CCA-12D1-4FE5-8A4D-902DBA49D94D}.Debug|x64.Build.0 = Debug|Any CPU
		{17EA2CCA-12D1-4FE5-8A4D-902DBA49D94D}.Debug|x86.ActiveCfg = Debug|Any CPU
		{17EA2CCA-12D1-4FE5-8A4D-902DBA49D94D}.Debug|x86.Build.0 = Debug|Any CPU
		{17EA2CCA-12D1-4FE5-8A4D-902DBA49D94D}.Release|Any CPU.ActiveCfg = Release|Any CPU
		{17EA2CCA-12D1-4FE5-8A4D-902DBA49D94D}.Release|Any CPU.Build.0 = Release|Any CPU
		{17EA2CCA-12D1-4FE5-8A4D-902DBA49D94D}.Release|ARM.ActiveCfg = Release|Any CPU
		{17EA2CCA-12D1-4FE5-8A4D-902DBA49D94D}.Release|ARM.Build.0 = Release|Any CPU
		{17EA2CCA-12D1-4FE5-8A4D-902DBA49D94D}.Release|iPhone.ActiveCfg = Release|Any CPU
		{17EA2CCA-12D1-4FE5-8A4D-902DBA49D94D}.Release|iPhone.Build.0 = Release|Any CPU
		{17EA2CCA-12D1-4FE5-8A4D-902DBA49D94D}.Release|iPhoneSimulator.ActiveCfg = Release|Any CPU
		{17EA2CCA-12D1-4FE5-8A4D-902DBA49D94D}.Release|iPhoneSimulator.Build.0 = Release|Any CPU
		{17EA2CCA-12D1-4FE5-8A4D-902DBA49D94D}.Release|x64.ActiveCfg = Release|Any CPU
		{17EA2CCA-12D1-4FE5-8A4D-902DBA49D94D}.Release|x64.Build.0 = Release|Any CPU
		{17EA2CCA-12D1-4FE5-8A4D-902DBA49D94D}.Release|x86.ActiveCfg = Release|Any CPU
		{17EA2CCA-12D1-4FE5-8A4D-902DBA49D94D}.Release|x86.Build.0 = Release|Any CPU
		{17EA2CCA-12D1-4FE5-8A4D-902DBA49D94D}.Release-xml|Any CPU.ActiveCfg = Release-xml|Any CPU
		{17EA2CCA-12D1-4FE5-8A4D-902DBA49D94D}.Release-xml|Any CPU.Build.0 = Release-xml|Any CPU
		{17EA2CCA-12D1-4FE5-8A4D-902DBA49D94D}.Release-xml|ARM.ActiveCfg = Release-xml|Any CPU
		{17EA2CCA-12D1-4FE5-8A4D-902DBA49D94D}.Release-xml|ARM.Build.0 = Release-xml|Any CPU
		{17EA2CCA-12D1-4FE5-8A4D-902DBA49D94D}.Release-xml|iPhone.ActiveCfg = Release-xml|Any CPU
		{17EA2CCA-12D1-4FE5-8A4D-902DBA49D94D}.Release-xml|iPhone.Build.0 = Release-xml|Any CPU
		{17EA2CCA-12D1-4FE5-8A4D-902DBA49D94D}.Release-xml|iPhoneSimulator.ActiveCfg = Release-xml|Any CPU
		{17EA2CCA-12D1-4FE5-8A4D-902DBA49D94D}.Release-xml|iPhoneSimulator.Build.0 = Release-xml|Any CPU
		{17EA2CCA-12D1-4FE5-8A4D-902DBA49D94D}.Release-xml|x64.ActiveCfg = Release-xml|Any CPU
		{17EA2CCA-12D1-4FE5-8A4D-902DBA49D94D}.Release-xml|x64.Build.0 = Release-xml|Any CPU
		{17EA2CCA-12D1-4FE5-8A4D-902DBA49D94D}.Release-xml|x86.ActiveCfg = Release-xml|Any CPU
		{17EA2CCA-12D1-4FE5-8A4D-902DBA49D94D}.Release-xml|x86.Build.0 = Release-xml|Any CPU
	EndGlobalSection
	GlobalSection(SolutionProperties) = preSolution
		HideSolutionNode = FALSE
	EndGlobalSection
	GlobalSection(ExtensibilityGlobals) = postSolution
		SolutionGuid = {DCABB684-8CFD-4FAB-8168-7352400E6CCE}
	EndGlobalSection
EndGlobal
