
Microsoft Visual Studio Solution File, Format Version 12.00
# Visual Studio 15
VisualStudioVersion = 15.0.28307.168
MinimumVisualStudioVersion = 10.0.40219.1
Project("{FAE04EC0-301F-11D3-BF4B-00C04F79EFBC}") = "SampleBrowser.SfGradientView.Android", "GradientView.Android\SampleBrowser.SfGradientView.Android.csproj", "{85CDD0D4-7CFA-4475-A09B-A3C45C35150F}"
EndProject
Project("{FAE04EC0-301F-11D3-BF4B-00C04F79EFBC}") = "SampleBrowser.SfGradientView.iOS", "GradientView.iOS\SampleBrowser.SfGradientView.iOS.csproj", "{E48C0D07-C6E8-4B99-B38B-06102D3848CC}"
EndProject
Project("{FAE04EC0-301F-11D3-BF4B-00C04F79EFBC}") = "SampleBrowser.SfGradientView.UWP", "GradientView.UWP\SampleBrowser.SfGradientView.UWP.csproj", "{EAB8E01B-7C94-4FB0-9328-9D4513B93077}"
EndProject
Project("{9A19103F-16F7-4668-BE54-9A1E7A4F7556}") = "SampleBrowser.SfGradientView", "GradientView\SampleBrowser.SfGradientView.csproj", "{B1A358F9-A678-46AA-A55A-AEAEEA3409E6}"
EndProject
Project("{FAE04EC0-301F-11D3-BF4B-00C04F79EFBC}") = "SampleBrowser.SfGradientView.WPF", "GradientView.WPF\SampleBrowser.SfGradientView.WPF.csproj", "{C3AFA919-3CC8-4FCD-99EA-13C5EA259945}"
EndProject
Global
	GlobalSection(SolutionConfigurationPlatforms) = preSolution
		Ad-Hoc|Any CPU = Ad-Hoc|Any CPU
		Ad-Hoc|ARM = Ad-Hoc|ARM
		Ad-Hoc|iPhone = Ad-Hoc|iPhone
		Ad-Hoc|iPhoneSimulator = Ad-Hoc|iPhoneSimulator
		Ad-Hoc|x64 = Ad-Hoc|x64
		Ad-Hoc|x86 = Ad-Hoc|x86
		AppStore|Any CPU = AppStore|Any CPU
		AppStore|ARM = AppStore|ARM
		AppStore|iPhone = AppStore|iPhone
		AppStore|iPhoneSimulator = AppStore|iPhoneSimulator
		AppStore|x64 = AppStore|x64
		AppStore|x86 = AppStore|x86
		Debug|Any CPU = Debug|Any CPU
		Debug|ARM = Debug|ARM
		Debug|iPhone = Debug|iPhone
		Debug|iPhoneSimulator = Debug|iPhoneSimulator
		Debug|x64 = Debug|x64
		Debug|x86 = Debug|x86
		Release|Any CPU = Release|Any CPU
		Release|ARM = Release|ARM
		Release|iPhone = Release|iPhone
		Release|iPhoneSimulator = Release|iPhoneSimulator
		Release|x64 = Release|x64
		Release|x86 = Release|x86
	EndGlobalSection
	GlobalSection(ProjectConfigurationPlatforms) = postSolution
		{85CDD0D4-7CFA-4475-A09B-A3C45C35150F}.Ad-Hoc|Any CPU.ActiveCfg = Release|Any CPU
		{85CDD0D4-7CFA-4475-A09B-A3C45C35150F}.Ad-Hoc|Any CPU.Build.0 = Release|Any CPU
		{85CDD0D4-7CFA-4475-A09B-A3C45C35150F}.Ad-Hoc|Any CPU.Deploy.0 = Release|Any CPU
		{85CDD0D4-7CFA-4475-A09B-A3C45C35150F}.Ad-Hoc|ARM.ActiveCfg = Release|Any CPU
		{85CDD0D4-7CFA-4475-A09B-A3C45C35150F}.Ad-Hoc|ARM.Build.0 = Release|Any CPU
		{85CDD0D4-7CFA-4475-A09B-A3C45C35150F}.Ad-Hoc|ARM.Deploy.0 = Release|Any CPU
		{85CDD0D4-7CFA-4475-A09B-A3C45C35150F}.Ad-Hoc|iPhone.ActiveCfg = Release|Any CPU
		{85CDD0D4-7CFA-4475-A09B-A3C45C35150F}.Ad-Hoc|iPhone.Build.0 = Release|Any CPU
		{85CDD0D4-7CFA-4475-A09B-A3C45C35150F}.Ad-Hoc|iPhone.Deploy.0 = Release|Any CPU
		{85CDD0D4-7CFA-4475-A09B-A3C45C35150F}.Ad-Hoc|iPhoneSimulator.ActiveCfg = Release|Any CPU
		{85CDD0D4-7CFA-4475-A09B-A3C45C35150F}.Ad-Hoc|iPhoneSimulator.Build.0 = Release|Any CPU
		{85CDD0D4-7CFA-4475-A09B-A3C45C35150F}.Ad-Hoc|iPhoneSimulator.Deploy.0 = Release|Any CPU
		{85CDD0D4-7CFA-4475-A09B-A3C45C35150F}.Ad-Hoc|x64.ActiveCfg = Release|Any CPU
		{85CDD0D4-7CFA-4475-A09B-A3C45C35150F}.Ad-Hoc|x64.Build.0 = Release|Any CPU
		{85CDD0D4-7CFA-4475-A09B-A3C45C35150F}.Ad-Hoc|x64.Deploy.0 = Release|Any CPU
		{85CDD0D4-7CFA-4475-A09B-A3C45C35150F}.Ad-Hoc|x86.ActiveCfg = Release|Any CPU
		{85CDD0D4-7CFA-4475-A09B-A3C45C35150F}.Ad-Hoc|x86.Build.0 = Release|Any CPU
		{85CDD0D4-7CFA-4475-A09B-A3C45C35150F}.Ad-Hoc|x86.Deploy.0 = Release|Any CPU
		{85CDD0D4-7CFA-4475-A09B-A3C45C35150F}.AppStore|Any CPU.ActiveCfg = Release|Any CPU
		{85CDD0D4-7CFA-4475-A09B-A3C45C35150F}.AppStore|Any CPU.Build.0 = Release|Any CPU
		{85CDD0D4-7CFA-4475-A09B-A3C45C35150F}.AppStore|Any CPU.Deploy.0 = Release|Any CPU
		{85CDD0D4-7CFA-4475-A09B-A3C45C35150F}.AppStore|ARM.ActiveCfg = Release|Any CPU
		{85CDD0D4-7CFA-4475-A09B-A3C45C35150F}.AppStore|ARM.Build.0 = Release|Any CPU
		{85CDD0D4-7CFA-4475-A09B-A3C45C35150F}.AppStore|ARM.Deploy.0 = Release|Any CPU
		{85CDD0D4-7CFA-4475-A09B-A3C45C35150F}.AppStore|iPhone.ActiveCfg = Release|Any CPU
		{85CDD0D4-7CFA-4475-A09B-A3C45C35150F}.AppStore|iPhone.Build.0 = Release|Any CPU
		{85CDD0D4-7CFA-4475-A09B-A3C45C35150F}.AppStore|iPhone.Deploy.0 = Release|Any CPU
		{85CDD0D4-7CFA-4475-A09B-A3C45C35150F}.AppStore|iPhoneSimulator.ActiveCfg = Release|Any CPU
		{85CDD0D4-7CFA-4475-A09B-A3C45C35150F}.AppStore|iPhoneSimulator.Build.0 = Release|Any CPU
		{85CDD0D4-7CFA-4475-A09B-A3C45C35150F}.AppStore|iPhoneSimulator.Deploy.0 = Release|Any CPU
		{85CDD0D4-7CFA-4475-A09B-A3C45C35150F}.AppStore|x64.ActiveCfg = Release|Any CPU
		{85CDD0D4-7CFA-4475-A09B-A3C45C35150F}.AppStore|x64.Build.0 = Release|Any CPU
		{85CDD0D4-7CFA-4475-A09B-A3C45C35150F}.AppStore|x64.Deploy.0 = Release|Any CPU
		{85CDD0D4-7CFA-4475-A09B-A3C45C35150F}.AppStore|x86.ActiveCfg = Release|Any CPU
		{85CDD0D4-7CFA-4475-A09B-A3C45C35150F}.AppStore|x86.Build.0 = Release|Any CPU
		{85CDD0D4-7CFA-4475-A09B-A3C45C35150F}.AppStore|x86.Deploy.0 = Release|Any CPU
		{85CDD0D4-7CFA-4475-A09B-A3C45C35150F}.Debug|Any CPU.ActiveCfg = Debug|Any CPU
		{85CDD0D4-7CFA-4475-A09B-A3C45C35150F}.Debug|Any CPU.Build.0 = Debug|Any CPU
		{85CDD0D4-7CFA-4475-A09B-A3C45C35150F}.Debug|Any CPU.Deploy.0 = Debug|Any CPU
		{85CDD0D4-7CFA-4475-A09B-A3C45C35150F}.Debug|ARM.ActiveCfg = Debug|Any CPU
		{85CDD0D4-7CFA-4475-A09B-A3C45C35150F}.Debug|ARM.Build.0 = Debug|Any CPU
		{85CDD0D4-7CFA-4475-A09B-A3C45C35150F}.Debug|ARM.Deploy.0 = Debug|Any CPU
		{85CDD0D4-7CFA-4475-A09B-A3C45C35150F}.Debug|iPhone.ActiveCfg = Debug|Any CPU
		{85CDD0D4-7CFA-4475-A09B-A3C45C35150F}.Debug|iPhone.Build.0 = Debug|Any CPU
		{85CDD0D4-7CFA-4475-A09B-A3C45C35150F}.Debug|iPhone.Deploy.0 = Debug|Any CPU
		{85CDD0D4-7CFA-4475-A09B-A3C45C35150F}.Debug|iPhoneSimulator.ActiveCfg = Debug|Any CPU
		{85CDD0D4-7CFA-4475-A09B-A3C45C35150F}.Debug|iPhoneSimulator.Build.0 = Debug|Any CPU
		{85CDD0D4-7CFA-4475-A09B-A3C45C35150F}.Debug|iPhoneSimulator.Deploy.0 = Debug|Any CPU
		{85CDD0D4-7CFA-4475-A09B-A3C45C35150F}.Debug|x64.ActiveCfg = Debug|Any CPU
		{85CDD0D4-7CFA-4475-A09B-A3C45C35150F}.Debug|x64.Build.0 = Debug|Any CPU
		{85CDD0D4-7CFA-4475-A09B-A3C45C35150F}.Debug|x64.Deploy.0 = Debug|Any CPU
		{85CDD0D4-7CFA-4475-A09B-A3C45C35150F}.Debug|x86.ActiveCfg = Debug|Any CPU
		{85CDD0D4-7CFA-4475-A09B-A3C45C35150F}.Debug|x86.Build.0 = Debug|Any CPU
		{85CDD0D4-7CFA-4475-A09B-A3C45C35150F}.Debug|x86.Deploy.0 = Debug|Any CPU
		{85CDD0D4-7CFA-4475-A09B-A3C45C35150F}.Release|Any CPU.ActiveCfg = Release|Any CPU
		{85CDD0D4-7CFA-4475-A09B-A3C45C35150F}.Release|Any CPU.Build.0 = Release|Any CPU
		{85CDD0D4-7CFA-4475-A09B-A3C45C35150F}.Release|Any CPU.Deploy.0 = Release|Any CPU
		{85CDD0D4-7CFA-4475-A09B-A3C45C35150F}.Release|ARM.ActiveCfg = Release|Any CPU
		{85CDD0D4-7CFA-4475-A09B-A3C45C35150F}.Release|ARM.Build.0 = Release|Any CPU
		{85CDD0D4-7CFA-4475-A09B-A3C45C35150F}.Release|ARM.Deploy.0 = Release|Any CPU
		{85CDD0D4-7CFA-4475-A09B-A3C45C35150F}.Release|iPhone.ActiveCfg = Release|Any CPU
		{85CDD0D4-7CFA-4475-A09B-A3C45C35150F}.Release|iPhone.Build.0 = Release|Any CPU
		{85CDD0D4-7CFA-4475-A09B-A3C45C35150F}.Release|iPhone.Deploy.0 = Release|Any CPU
		{85CDD0D4-7CFA-4475-A09B-A3C45C35150F}.Release|iPhoneSimulator.ActiveCfg = Release|Any CPU
		{85CDD0D4-7CFA-4475-A09B-A3C45C35150F}.Release|iPhoneSimulator.Build.0 = Release|Any CPU
		{85CDD0D4-7CFA-4475-A09B-A3C45C35150F}.Release|iPhoneSimulator.Deploy.0 = Release|Any CPU
		{85CDD0D4-7CFA-4475-A09B-A3C45C35150F}.Release|x64.ActiveCfg = Release|Any CPU
		{85CDD0D4-7CFA-4475-A09B-A3C45C35150F}.Release|x64.Build.0 = Release|Any CPU
		{85CDD0D4-7CFA-4475-A09B-A3C45C35150F}.Release|x64.Deploy.0 = Release|Any CPU
		{85CDD0D4-7CFA-4475-A09B-A3C45C35150F}.Release|x86.ActiveCfg = Release|Any CPU
		{85CDD0D4-7CFA-4475-A09B-A3C45C35150F}.Release|x86.Build.0 = Release|Any CPU
		{85CDD0D4-7CFA-4475-A09B-A3C45C35150F}.Release|x86.Deploy.0 = Release|Any CPU
		{E48C0D07-C6E8-4B99-B38B-06102D3848CC}.Ad-Hoc|Any CPU.ActiveCfg = Ad-Hoc|iPhone
		{E48C0D07-C6E8-4B99-B38B-06102D3848CC}.Ad-Hoc|Any CPU.Build.0 = Ad-Hoc|iPhone
		{E48C0D07-C6E8-4B99-B38B-06102D3848CC}.Ad-Hoc|Any CPU.Deploy.0 = Ad-Hoc|iPhone
		{E48C0D07-C6E8-4B99-B38B-06102D3848CC}.Ad-Hoc|ARM.ActiveCfg = Ad-Hoc|iPhone
		{E48C0D07-C6E8-4B99-B38B-06102D3848CC}.Ad-Hoc|ARM.Build.0 = Ad-Hoc|iPhone
		{E48C0D07-C6E8-4B99-B38B-06102D3848CC}.Ad-Hoc|ARM.Deploy.0 = Ad-Hoc|iPhone
		{E48C0D07-C6E8-4B99-B38B-06102D3848CC}.Ad-Hoc|iPhone.ActiveCfg = Ad-Hoc|iPhone
		{E48C0D07-C6E8-4B99-B38B-06102D3848CC}.Ad-Hoc|iPhone.Build.0 = Ad-Hoc|iPhone
		{E48C0D07-C6E8-4B99-B38B-06102D3848CC}.Ad-Hoc|iPhone.Deploy.0 = Ad-Hoc|iPhone
		{E48C0D07-C6E8-4B99-B38B-06102D3848CC}.Ad-Hoc|iPhoneSimulator.ActiveCfg = Ad-Hoc|iPhoneSimulator
		{E48C0D07-C6E8-4B99-B38B-06102D3848CC}.Ad-Hoc|iPhoneSimulator.Build.0 = Ad-Hoc|iPhoneSimulator
		{E48C0D07-C6E8-4B99-B38B-06102D3848CC}.Ad-Hoc|iPhoneSimulator.Deploy.0 = Ad-Hoc|iPhoneSimulator
		{E48C0D07-C6E8-4B99-B38B-06102D3848CC}.Ad-Hoc|x64.ActiveCfg = Ad-Hoc|iPhone
		{E48C0D07-C6E8-4B99-B38B-06102D3848CC}.Ad-Hoc|x64.Build.0 = Ad-Hoc|iPhone
		{E48C0D07-C6E8-4B99-B38B-06102D3848CC}.Ad-Hoc|x64.Deploy.0 = Ad-Hoc|iPhone
		{E48C0D07-C6E8-4B99-B38B-06102D3848CC}.Ad-Hoc|x86.ActiveCfg = Ad-Hoc|iPhone
		{E48C0D07-C6E8-4B99-B38B-06102D3848CC}.Ad-Hoc|x86.Build.0 = Ad-Hoc|iPhone
		{E48C0D07-C6E8-4B99-B38B-06102D3848CC}.Ad-Hoc|x86.Deploy.0 = Ad-Hoc|iPhone
		{E48C0D07-C6E8-4B99-B38B-06102D3848CC}.AppStore|Any CPU.ActiveCfg = AppStore|iPhone
		{E48C0D07-C6E8-4B99-B38B-06102D3848CC}.AppStore|Any CPU.Build.0 = AppStore|iPhone
		{E48C0D07-C6E8-4B99-B38B-06102D3848CC}.AppStore|Any CPU.Deploy.0 = AppStore|iPhone
		{E48C0D07-C6E8-4B99-B38B-06102D3848CC}.AppStore|ARM.ActiveCfg = AppStore|iPhone
		{E48C0D07-C6E8-4B99-B38B-06102D3848CC}.AppStore|ARM.Build.0 = AppStore|iPhone
		{E48C0D07-C6E8-4B99-B38B-06102D3848CC}.AppStore|ARM.Deploy.0 = AppStore|iPhone
		{E48C0D07-C6E8-4B99-B38B-06102D3848CC}.AppStore|iPhone.ActiveCfg = AppStore|iPhone
		{E48C0D07-C6E8-4B99-B38B-06102D3848CC}.AppStore|iPhone.Build.0 = AppStore|iPhone
		{E48C0D07-C6E8-4B99-B38B-06102D3848CC}.AppStore|iPhone.Deploy.0 = AppStore|iPhone
		{E48C0D07-C6E8-4B99-B38B-06102D3848CC}.AppStore|iPhoneSimulator.ActiveCfg = AppStore|iPhoneSimulator
		{E48C0D07-C6E8-4B99-B38B-06102D3848CC}.AppStore|iPhoneSimulator.Build.0 = AppStore|iPhoneSimulator
		{E48C0D07-C6E8-4B99-B38B-06102D3848CC}.AppStore|iPhoneSimulator.Deploy.0 = AppStore|iPhoneSimulator
		{E48C0D07-C6E8-4B99-B38B-06102D3848CC}.AppStore|x64.ActiveCfg = AppStore|iPhone
		{E48C0D07-C6E8-4B99-B38B-06102D3848CC}.AppStore|x64.Build.0 = AppStore|iPhone
		{E48C0D07-C6E8-4B99-B38B-06102D3848CC}.AppStore|x64.Deploy.0 = AppStore|iPhone
		{E48C0D07-C6E8-4B99-B38B-06102D3848CC}.AppStore|x86.ActiveCfg = AppStore|iPhone
		{E48C0D07-C6E8-4B99-B38B-06102D3848CC}.AppStore|x86.Build.0 = AppStore|iPhone
		{E48C0D07-C6E8-4B99-B38B-06102D3848CC}.AppStore|x86.Deploy.0 = AppStore|iPhone
		{E48C0D07-C6E8-4B99-B38B-06102D3848CC}.Debug|Any CPU.ActiveCfg = Debug|iPhoneSimulator
		{E48C0D07-C6E8-4B99-B38B-06102D3848CC}.Debug|Any CPU.Build.0 = Debug|iPhoneSimulator
		{E48C0D07-C6E8-4B99-B38B-06102D3848CC}.Debug|Any CPU.Deploy.0 = Debug|iPhoneSimulator
		{E48C0D07-C6E8-4B99-B38B-06102D3848CC}.Debug|ARM.ActiveCfg = Debug|iPhone
		{E48C0D07-C6E8-4B99-B38B-06102D3848CC}.Debug|ARM.Build.0 = Debug|iPhone
		{E48C0D07-C6E8-4B99-B38B-06102D3848CC}.Debug|ARM.Deploy.0 = Debug|iPhone
		{E48C0D07-C6E8-4B99-B38B-06102D3848CC}.Debug|iPhone.ActiveCfg = Debug|iPhone
		{E48C0D07-C6E8-4B99-B38B-06102D3848CC}.Debug|iPhone.Build.0 = Debug|iPhone
		{E48C0D07-C6E8-4B99-B38B-06102D3848CC}.Debug|iPhone.Deploy.0 = Debug|iPhone
		{E48C0D07-C6E8-4B99-B38B-06102D3848CC}.Debug|iPhoneSimulator.ActiveCfg = Debug|iPhoneSimulator
		{E48C0D07-C6E8-4B99-B38B-06102D3848CC}.Debug|iPhoneSimulator.Build.0 = Debug|iPhoneSimulator
		{E48C0D07-C6E8-4B99-B38B-06102D3848CC}.Debug|iPhoneSimulator.Deploy.0 = Debug|iPhoneSimulator
		{E48C0D07-C6E8-4B99-B38B-06102D3848CC}.Debug|x64.ActiveCfg = Debug|iPhone
		{E48C0D07-C6E8-4B99-B38B-06102D3848CC}.Debug|x64.Build.0 = Debug|iPhone
		{E48C0D07-C6E8-4B99-B38B-06102D3848CC}.Debug|x64.Deploy.0 = Debug|iPhone
		{E48C0D07-C6E8-4B99-B38B-06102D3848CC}.Debug|x86.ActiveCfg = Debug|iPhone
		{E48C0D07-C6E8-4B99-B38B-06102D3848CC}.Debug|x86.Build.0 = Debug|iPhone
		{E48C0D07-C6E8-4B99-B38B-06102D3848CC}.Debug|x86.Deploy.0 = Debug|iPhone
		{E48C0D07-C6E8-4B99-B38B-06102D3848CC}.Release|Any CPU.ActiveCfg = Release|iPhone
		{E48C0D07-C6E8-4B99-B38B-06102D3848CC}.Release|Any CPU.Build.0 = Release|iPhone
		{E48C0D07-C6E8-4B99-B38B-06102D3848CC}.Release|Any CPU.Deploy.0 = Release|iPhone
		{E48C0D07-C6E8-4B99-B38B-06102D3848CC}.Release|ARM.ActiveCfg = Release|iPhone
		{E48C0D07-C6E8-4B99-B38B-06102D3848CC}.Release|ARM.Build.0 = Release|iPhone
		{E48C0D07-C6E8-4B99-B38B-06102D3848CC}.Release|ARM.Deploy.0 = Release|iPhone
		{E48C0D07-C6E8-4B99-B38B-06102D3848CC}.Release|iPhone.ActiveCfg = Release|iPhone
		{E48C0D07-C6E8-4B99-B38B-06102D3848CC}.Release|iPhone.Build.0 = Release|iPhone
		{E48C0D07-C6E8-4B99-B38B-06102D3848CC}.Release|iPhone.Deploy.0 = Release|iPhone
		{E48C0D07-C6E8-4B99-B38B-06102D3848CC}.Release|iPhoneSimulator.ActiveCfg = Release|iPhoneSimulator
		{E48C0D07-C6E8-4B99-B38B-06102D3848CC}.Release|iPhoneSimulator.Build.0 = Release|iPhoneSimulator
		{E48C0D07-C6E8-4B99-B38B-06102D3848CC}.Release|iPhoneSimulator.Deploy.0 = Release|iPhoneSimulator
		{E48C0D07-C6E8-4B99-B38B-06102D3848CC}.Release|x64.ActiveCfg = Release|iPhone
		{E48C0D07-C6E8-4B99-B38B-06102D3848CC}.Release|x64.Build.0 = Release|iPhone
		{E48C0D07-C6E8-4B99-B38B-06102D3848CC}.Release|x64.Deploy.0 = Release|iPhone
		{E48C0D07-C6E8-4B99-B38B-06102D3848CC}.Release|x86.ActiveCfg = Release|iPhone
		{E48C0D07-C6E8-4B99-B38B-06102D3848CC}.Release|x86.Build.0 = Release|iPhone
		{E48C0D07-C6E8-4B99-B38B-06102D3848CC}.Release|x86.Deploy.0 = Release|iPhone
		{EAB8E01B-7C94-4FB0-9328-9D4513B93077}.Ad-Hoc|Any CPU.ActiveCfg = Release|x86
		{EAB8E01B-7C94-4FB0-9328-9D4513B93077}.Ad-Hoc|Any CPU.Build.0 = Release|x86
		{EAB8E01B-7C94-4FB0-9328-9D4513B93077}.Ad-Hoc|Any CPU.Deploy.0 = Release|x86
		{EAB8E01B-7C94-4FB0-9328-9D4513B93077}.Ad-Hoc|ARM.ActiveCfg = Release|ARM
		{EAB8E01B-7C94-4FB0-9328-9D4513B93077}.Ad-Hoc|ARM.Build.0 = Release|ARM
		{EAB8E01B-7C94-4FB0-9328-9D4513B93077}.Ad-Hoc|ARM.Deploy.0 = Release|ARM
		{EAB8E01B-7C94-4FB0-9328-9D4513B93077}.Ad-Hoc|iPhone.ActiveCfg = Release|x86
		{EAB8E01B-7C94-4FB0-9328-9D4513B93077}.Ad-Hoc|iPhone.Build.0 = Release|x86
		{EAB8E01B-7C94-4FB0-9328-9D4513B93077}.Ad-Hoc|iPhone.Deploy.0 = Release|x86
		{EAB8E01B-7C94-4FB0-9328-9D4513B93077}.Ad-Hoc|iPhoneSimulator.ActiveCfg = Release|x86
		{EAB8E01B-7C94-4FB0-9328-9D4513B93077}.Ad-Hoc|iPhoneSimulator.Build.0 = Release|x86
		{EAB8E01B-7C94-4FB0-9328-9D4513B93077}.Ad-Hoc|iPhoneSimulator.Deploy.0 = Release|x86
		{EAB8E01B-7C94-4FB0-9328-9D4513B93077}.Ad-Hoc|x64.ActiveCfg = Release|x64
		{EAB8E01B-7C94-4FB0-9328-9D4513B93077}.Ad-Hoc|x64.Build.0 = Release|x64
		{EAB8E01B-7C94-4FB0-9328-9D4513B93077}.Ad-Hoc|x64.Deploy.0 = Release|x64
		{EAB8E01B-7C94-4FB0-9328-9D4513B93077}.Ad-Hoc|x86.ActiveCfg = Release|x86
		{EAB8E01B-7C94-4FB0-9328-9D4513B93077}.Ad-Hoc|x86.Build.0 = Release|x86
		{EAB8E01B-7C94-4FB0-9328-9D4513B93077}.Ad-Hoc|x86.Deploy.0 = Release|x86
		{EAB8E01B-7C94-4FB0-9328-9D4513B93077}.AppStore|Any CPU.ActiveCfg = Release|x86
		{EAB8E01B-7C94-4FB0-9328-9D4513B93077}.AppStore|Any CPU.Build.0 = Release|x86
		{EAB8E01B-7C94-4FB0-9328-9D4513B93077}.AppStore|Any CPU.Deploy.0 = Release|x86
		{EAB8E01B-7C94-4FB0-9328-9D4513B93077}.AppStore|ARM.ActiveCfg = Release|ARM
		{EAB8E01B-7C94-4FB0-9328-9D4513B93077}.AppStore|ARM.Build.0 = Release|ARM
		{EAB8E01B-7C94-4FB0-9328-9D4513B93077}.AppStore|ARM.Deploy.0 = Release|ARM
		{EAB8E01B-7C94-4FB0-9328-9D4513B93077}.AppStore|iPhone.ActiveCfg = Release|x86
		{EAB8E01B-7C94-4FB0-9328-9D4513B93077}.AppStore|iPhone.Build.0 = Release|x86
		{EAB8E01B-7C94-4FB0-9328-9D4513B93077}.AppStore|iPhone.Deploy.0 = Release|x86
		{EAB8E01B-7C94-4FB0-9328-9D4513B93077}.AppStore|iPhoneSimulator.ActiveCfg = Release|x86
		{EAB8E01B-7C94-4FB0-9328-9D4513B93077}.AppStore|iPhoneSimulator.Build.0 = Release|x86
		{EAB8E01B-7C94-4FB0-9328-9D4513B93077}.AppStore|iPhoneSimulator.Deploy.0 = Release|x86
		{EAB8E01B-7C94-4FB0-9328-9D4513B93077}.AppStore|x64.ActiveCfg = Release|x64
		{EAB8E01B-7C94-4FB0-9328-9D4513B93077}.AppStore|x64.Build.0 = Release|x64
		{EAB8E01B-7C94-4FB0-9328-9D4513B93077}.AppStore|x64.Deploy.0 = Release|x64
		{EAB8E01B-7C94-4FB0-9328-9D4513B93077}.AppStore|x86.ActiveCfg = Release|x86
		{EAB8E01B-7C94-4FB0-9328-9D4513B93077}.AppStore|x86.Build.0 = Release|x86
		{EAB8E01B-7C94-4FB0-9328-9D4513B93077}.AppStore|x86.Deploy.0 = Release|x86
		{EAB8E01B-7C94-4FB0-9328-9D4513B93077}.Debug|Any CPU.ActiveCfg = Debug|x86
		{EAB8E01B-7C94-4FB0-9328-9D4513B93077}.Debug|Any CPU.Build.0 = Debug|x86
		{EAB8E01B-7C94-4FB0-9328-9D4513B93077}.Debug|Any CPU.Deploy.0 = Debug|x86
		{EAB8E01B-7C94-4FB0-9328-9D4513B93077}.Debug|ARM.ActiveCfg = Debug|ARM
		{EAB8E01B-7C94-4FB0-9328-9D4513B93077}.Debug|ARM.Build.0 = Debug|ARM
		{EAB8E01B-7C94-4FB0-9328-9D4513B93077}.Debug|ARM.Deploy.0 = Debug|ARM
		{EAB8E01B-7C94-4FB0-9328-9D4513B93077}.Debug|iPhone.ActiveCfg = Debug|x86
		{EAB8E01B-7C94-4FB0-9328-9D4513B93077}.Debug|iPhone.Build.0 = Debug|x86
		{EAB8E01B-7C94-4FB0-9328-9D4513B93077}.Debug|iPhone.Deploy.0 = Debug|x86
		{EAB8E01B-7C94-4FB0-9328-9D4513B93077}.Debug|iPhoneSimulator.ActiveCfg = Debug|x86
		{EAB8E01B-7C94-4FB0-9328-9D4513B93077}.Debug|iPhoneSimulator.Build.0 = Debug|x86
		{EAB8E01B-7C94-4FB0-9328-9D4513B93077}.Debug|iPhoneSimulator.Deploy.0 = Debug|x86
		{EAB8E01B-7C94-4FB0-9328-9D4513B93077}.Debug|x64.ActiveCfg = Debug|x64
		{EAB8E01B-7C94-4FB0-9328-9D4513B93077}.Debug|x64.Build.0 = Debug|x64
		{EAB8E01B-7C94-4FB0-9328-9D4513B93077}.Debug|x64.Deploy.0 = Debug|x64
		{EAB8E01B-7C94-4FB0-9328-9D4513B93077}.Debug|x86.ActiveCfg = Debug|x86
		{EAB8E01B-7C94-4FB0-9328-9D4513B93077}.Debug|x86.Build.0 = Debug|x86
		{EAB8E01B-7C94-4FB0-9328-9D4513B93077}.Debug|x86.Deploy.0 = Debug|x86
		{EAB8E01B-7C94-4FB0-9328-9D4513B93077}.Release|Any CPU.ActiveCfg = Release|x86
		{EAB8E01B-7C94-4FB0-9328-9D4513B93077}.Release|Any CPU.Build.0 = Release|x86
		{EAB8E01B-7C94-4FB0-9328-9D4513B93077}.Release|Any CPU.Deploy.0 = Release|x86
		{EAB8E01B-7C94-4FB0-9328-9D4513B93077}.Release|ARM.ActiveCfg = Release|ARM
		{EAB8E01B-7C94-4FB0-9328-9D4513B93077}.Release|ARM.Build.0 = Release|ARM
		{EAB8E01B-7C94-4FB0-9328-9D4513B93077}.Release|ARM.Deploy.0 = Release|ARM
		{EAB8E01B-7C94-4FB0-9328-9D4513B93077}.Release|iPhone.ActiveCfg = Release|x86
		{EAB8E01B-7C94-4FB0-9328-9D4513B93077}.Release|iPhone.Build.0 = Release|x86
		{EAB8E01B-7C94-4FB0-9328-9D4513B93077}.Release|iPhone.Deploy.0 = Release|x86
		{EAB8E01B-7C94-4FB0-9328-9D4513B93077}.Release|iPhoneSimulator.ActiveCfg = Release|x86
		{EAB8E01B-7C94-4FB0-9328-9D4513B93077}.Release|iPhoneSimulator.Build.0 = Release|x86
		{EAB8E01B-7C94-4FB0-9328-9D4513B93077}.Release|iPhoneSimulator.Deploy.0 = Release|x86
		{EAB8E01B-7C94-4FB0-9328-9D4513B93077}.Release|x64.ActiveCfg = Release|x64
		{EAB8E01B-7C94-4FB0-9328-9D4513B93077}.Release|x64.Build.0 = Release|x64
		{EAB8E01B-7C94-4FB0-9328-9D4513B93077}.Release|x64.Deploy.0 = Release|x64
		{EAB8E01B-7C94-4FB0-9328-9D4513B93077}.Release|x86.ActiveCfg = Release|x86
		{EAB8E01B-7C94-4FB0-9328-9D4513B93077}.Release|x86.Build.0 = Release|x86
		{EAB8E01B-7C94-4FB0-9328-9D4513B93077}.Release|x86.Deploy.0 = Release|x86
		{B1A358F9-A678-46AA-A55A-AEAEEA3409E6}.Ad-Hoc|Any CPU.ActiveCfg = Debug|Any CPU
		{B1A358F9-A678-46AA-A55A-AEAEEA3409E6}.Ad-Hoc|Any CPU.Build.0 = Debug|Any CPU
		{B1A358F9-A678-46AA-A55A-AEAEEA3409E6}.Ad-Hoc|Any CPU.Deploy.0 = Debug|Any CPU
		{B1A358F9-A678-46AA-A55A-AEAEEA3409E6}.Ad-Hoc|ARM.ActiveCfg = Debug|Any CPU
		{B1A358F9-A678-46AA-A55A-AEAEEA3409E6}.Ad-Hoc|ARM.Build.0 = Debug|Any CPU
		{B1A358F9-A678-46AA-A55A-AEAEEA3409E6}.Ad-Hoc|ARM.Deploy.0 = Debug|Any CPU
		{B1A358F9-A678-46AA-A55A-AEAEEA3409E6}.Ad-Hoc|iPhone.ActiveCfg = Debug|Any CPU
		{B1A358F9-A678-46AA-A55A-AEAEEA3409E6}.Ad-Hoc|iPhone.Build.0 = Debug|Any CPU
		{B1A358F9-A678-46AA-A55A-AEAEEA3409E6}.Ad-Hoc|iPhone.Deploy.0 = Debug|Any CPU
		{B1A358F9-A678-46AA-A55A-AEAEEA3409E6}.Ad-Hoc|iPhoneSimulator.ActiveCfg = Debug|Any CPU
		{B1A358F9-A678-46AA-A55A-AEAEEA3409E6}.Ad-Hoc|iPhoneSimulator.Build.0 = Debug|Any CPU
		{B1A358F9-A678-46AA-A55A-AEAEEA3409E6}.Ad-Hoc|iPhoneSimulator.Deploy.0 = Debug|Any CPU
		{B1A358F9-A678-46AA-A55A-AEAEEA3409E6}.Ad-Hoc|x64.ActiveCfg = Debug|Any CPU
		{B1A358F9-A678-46AA-A55A-AEAEEA3409E6}.Ad-Hoc|x64.Build.0 = Debug|Any CPU
		{B1A358F9-A678-46AA-A55A-AEAEEA3409E6}.Ad-Hoc|x64.Deploy.0 = Debug|Any CPU
		{B1A358F9-A678-46AA-A55A-AEAEEA3409E6}.Ad-Hoc|x86.ActiveCfg = Debug|Any CPU
		{B1A358F9-A678-46AA-A55A-AEAEEA3409E6}.Ad-Hoc|x86.Build.0 = Debug|Any CPU
		{B1A358F9-A678-46AA-A55A-AEAEEA3409E6}.Ad-Hoc|x86.Deploy.0 = Debug|Any CPU
		{B1A358F9-A678-46AA-A55A-AEAEEA3409E6}.AppStore|Any CPU.ActiveCfg = Debug|Any CPU
		{B1A358F9-A678-46AA-A55A-AEAEEA3409E6}.AppStore|Any CPU.Build.0 = Debug|Any CPU
		{B1A358F9-A678-46AA-A55A-AEAEEA3409E6}.AppStore|Any CPU.Deploy.0 = Debug|Any CPU
		{B1A358F9-A678-46AA-A55A-AEAEEA3409E6}.AppStore|ARM.ActiveCfg = Debug|Any CPU
		{B1A358F9-A678-46AA-A55A-AEAEEA3409E6}.AppStore|ARM.Build.0 = Debug|Any CPU
		{B1A358F9-A678-46AA-A55A-AEAEEA3409E6}.AppStore|ARM.Deploy.0 = Debug|Any CPU
		{B1A358F9-A678-46AA-A55A-AEAEEA3409E6}.AppStore|iPhone.ActiveCfg = Debug|Any CPU
		{B1A358F9-A678-46AA-A55A-AEAEEA3409E6}.AppStore|iPhone.Build.0 = Debug|Any CPU
		{B1A358F9-A678-46AA-A55A-AEAEEA3409E6}.AppStore|iPhone.Deploy.0 = Debug|Any CPU
		{B1A358F9-A678-46AA-A55A-AEAEEA3409E6}.AppStore|iPhoneSimulator.ActiveCfg = Debug|Any CPU
		{B1A358F9-A678-46AA-A55A-AEAEEA3409E6}.AppStore|iPhoneSimulator.Build.0 = Debug|Any CPU
		{B1A358F9-A678-46AA-A55A-AEAEEA3409E6}.AppStore|iPhoneSimulator.Deploy.0 = Debug|Any CPU
		{B1A358F9-A678-46AA-A55A-AEAEEA3409E6}.AppStore|x64.ActiveCfg = Debug|Any CPU
		{B1A358F9-A678-46AA-A55A-AEAEEA3409E6}.AppStore|x64.Build.0 = Debug|Any CPU
		{B1A358F9-A678-46AA-A55A-AEAEEA3409E6}.AppStore|x64.Deploy.0 = Debug|Any CPU
		{B1A358F9-A678-46AA-A55A-AEAEEA3409E6}.AppStore|x86.ActiveCfg = Debug|Any CPU
		{B1A358F9-A678-46AA-A55A-AEAEEA3409E6}.AppStore|x86.Build.0 = Debug|Any CPU
		{B1A358F9-A678-46AA-A55A-AEAEEA3409E6}.AppStore|x86.Deploy.0 = Debug|Any CPU
		{B1A358F9-A678-46AA-A55A-AEAEEA3409E6}.Debug|Any CPU.ActiveCfg = Debug|Any CPU
		{B1A358F9-A678-46AA-A55A-AEAEEA3409E6}.Debug|Any CPU.Build.0 = Debug|Any CPU
		{B1A358F9-A678-46AA-A55A-AEAEEA3409E6}.Debug|Any CPU.Deploy.0 = Debug|Any CPU
		{B1A358F9-A678-46AA-A55A-AEAEEA3409E6}.Debug|ARM.ActiveCfg = Debug|Any CPU
		{B1A358F9-A678-46AA-A55A-AEAEEA3409E6}.Debug|ARM.Build.0 = Debug|Any CPU
		{B1A358F9-A678-46AA-A55A-AEAEEA3409E6}.Debug|ARM.Deploy.0 = Debug|Any CPU
		{B1A358F9-A678-46AA-A55A-AEAEEA3409E6}.Debug|iPhone.ActiveCfg = Debug|Any CPU
		{B1A358F9-A678-46AA-A55A-AEAEEA3409E6}.Debug|iPhone.Build.0 = Debug|Any CPU
		{B1A358F9-A678-46AA-A55A-AEAEEA3409E6}.Debug|iPhone.Deploy.0 = Debug|Any CPU
		{B1A358F9-A678-46AA-A55A-AEAEEA3409E6}.Debug|iPhoneSimulator.ActiveCfg = Debug|Any CPU
		{B1A358F9-A678-46AA-A55A-AEAEEA3409E6}.Debug|iPhoneSimulator.Build.0 = Debug|Any CPU
		{B1A358F9-A678-46AA-A55A-AEAEEA3409E6}.Debug|iPhoneSimulator.Deploy.0 = Debug|Any CPU
		{B1A358F9-A678-46AA-A55A-AEAEEA3409E6}.Debug|x64.ActiveCfg = Debug|Any CPU
		{B1A358F9-A678-46AA-A55A-AEAEEA3409E6}.Debug|x64.Build.0 = Debug|Any CPU
		{B1A358F9-A678-46AA-A55A-AEAEEA3409E6}.Debug|x64.Deploy.0 = Debug|Any CPU
		{B1A358F9-A678-46AA-A55A-AEAEEA3409E6}.Debug|x86.ActiveCfg = Debug|Any CPU
		{B1A358F9-A678-46AA-A55A-AEAEEA3409E6}.Debug|x86.Build.0 = Debug|Any CPU
		{B1A358F9-A678-46AA-A55A-AEAEEA3409E6}.Debug|x86.Deploy.0 = Debug|Any CPU
		{B1A358F9-A678-46AA-A55A-AEAEEA3409E6}.Release|Any CPU.ActiveCfg = Release|Any CPU
		{B1A358F9-A678-46AA-A55A-AEAEEA3409E6}.Release|Any CPU.Build.0 = Release|Any CPU
		{B1A358F9-A678-46AA-A55A-AEAEEA3409E6}.Release|Any CPU.Deploy.0 = Release|Any CPU
		{B1A358F9-A678-46AA-A55A-AEAEEA3409E6}.Release|ARM.ActiveCfg = Release|Any CPU
		{B1A358F9-A678-46AA-A55A-AEAEEA3409E6}.Release|ARM.Build.0 = Release|Any CPU
		{B1A358F9-A678-46AA-A55A-AEAEEA3409E6}.Release|ARM.Deploy.0 = Release|Any CPU
		{B1A358F9-A678-46AA-A55A-AEAEEA3409E6}.Release|iPhone.ActiveCfg = Release|Any CPU
		{B1A358F9-A678-46AA-A55A-AEAEEA3409E6}.Release|iPhone.Build.0 = Release|Any CPU
		{B1A358F9-A678-46AA-A55A-AEAEEA3409E6}.Release|iPhone.Deploy.0 = Release|Any CPU
		{B1A358F9-A678-46AA-A55A-AEAEEA3409E6}.Release|iPhoneSimulator.ActiveCfg = Release|Any CPU
		{B1A358F9-A678-46AA-A55A-AEAEEA3409E6}.Release|iPhoneSimulator.Build.0 = Release|Any CPU
		{B1A358F9-A678-46AA-A55A-AEAEEA3409E6}.Release|iPhoneSimulator.Deploy.0 = Release|Any CPU
		{B1A358F9-A678-46AA-A55A-AEAEEA3409E6}.Release|x64.ActiveCfg = Release|Any CPU
		{B1A358F9-A678-46AA-A55A-AEAEEA3409E6}.Release|x64.Build.0 = Release|Any CPU
		{B1A358F9-A678-46AA-A55A-AEAEEA3409E6}.Release|x64.Deploy.0 = Release|Any CPU
		{B1A358F9-A678-46AA-A55A-AEAEEA3409E6}.Release|x86.ActiveCfg = Release|Any CPU
		{B1A358F9-A678-46AA-A55A-AEAEEA3409E6}.Release|x86.Build.0 = Release|Any CPU
		{B1A358F9-A678-46AA-A55A-AEAEEA3409E6}.Release|x86.Deploy.0 = Release|Any CPU
		{C3AFA919-3CC8-4FCD-99EA-13C5EA259945}.Ad-Hoc|Any CPU.ActiveCfg = Release|Any CPU
		{C3AFA919-3CC8-4FCD-99EA-13C5EA259945}.Ad-Hoc|Any CPU.Build.0 = Release|Any CPU
		{C3AFA919-3CC8-4FCD-99EA-13C5EA259945}.Ad-Hoc|ARM.ActiveCfg = Release|Any CPU
		{C3AFA919-3CC8-4FCD-99EA-13C5EA259945}.Ad-Hoc|ARM.Build.0 = Release|Any CPU
		{C3AFA919-3CC8-4FCD-99EA-13C5EA259945}.Ad-Hoc|iPhone.ActiveCfg = Release|Any CPU
		{C3AFA919-3CC8-4FCD-99EA-13C5EA259945}.Ad-Hoc|iPhone.Build.0 = Release|Any CPU
		{C3AFA919-3CC8-4FCD-99EA-13C5EA259945}.Ad-Hoc|iPhoneSimulator.ActiveCfg = Release|Any CPU
		{C3AFA919-3CC8-4FCD-99EA-13C5EA259945}.Ad-Hoc|iPhoneSimulator.Build.0 = Release|Any CPU
		{C3AFA919-3CC8-4FCD-99EA-13C5EA259945}.Ad-Hoc|x64.ActiveCfg = Release|Any CPU
		{C3AFA919-3CC8-4FCD-99EA-13C5EA259945}.Ad-Hoc|x64.Build.0 = Release|Any CPU
		{C3AFA919-3CC8-4FCD-99EA-13C5EA259945}.Ad-Hoc|x86.ActiveCfg = Release|Any CPU
		{C3AFA919-3CC8-4FCD-99EA-13C5EA259945}.Ad-Hoc|x86.Build.0 = Release|Any CPU
		{C3AFA919-3CC8-4FCD-99EA-13C5EA259945}.AppStore|Any CPU.ActiveCfg = Release|Any CPU
		{C3AFA919-3CC8-4FCD-99EA-13C5EA259945}.AppStore|Any CPU.Build.0 = Release|Any CPU
		{C3AFA919-3CC8-4FCD-99EA-13C5EA259945}.AppStore|ARM.ActiveCfg = Release|Any CPU
		{C3AFA919-3CC8-4FCD-99EA-13C5EA259945}.AppStore|ARM.Build.0 = Release|Any CPU
		{C3AFA919-3CC8-4FCD-99EA-13C5EA259945}.AppStore|iPhone.ActiveCfg = Release|Any CPU
		{C3AFA919-3CC8-4FCD-99EA-13C5EA259945}.AppStore|iPhone.Build.0 = Release|Any CPU
		{C3AFA919-3CC8-4FCD-99EA-13C5EA259945}.AppStore|iPhoneSimulator.ActiveCfg = Release|Any CPU
		{C3AFA919-3CC8-4FCD-99EA-13C5EA259945}.AppStore|iPhoneSimulator.Build.0 = Release|Any CPU
		{C3AFA919-3CC8-4FCD-99EA-13C5EA259945}.AppStore|x64.ActiveCfg = Release|Any CPU
		{C3AFA919-3CC8-4FCD-99EA-13C5EA259945}.AppStore|x64.Build.0 = Release|Any CPU
		{C3AFA919-3CC8-4FCD-99EA-13C5EA259945}.AppStore|x86.ActiveCfg = Release|Any CPU
		{C3AFA919-3CC8-4FCD-99EA-13C5EA259945}.AppStore|x86.Build.0 = Release|Any CPU
		{C3AFA919-3CC8-4FCD-99EA-13C5EA259945}.Debug|Any CPU.ActiveCfg = Debug|Any CPU
		{C3AFA919-3CC8-4FCD-99EA-13C5EA259945}.Debug|Any CPU.Build.0 = Debug|Any CPU
		{C3AFA919-3CC8-4FCD-99EA-13C5EA259945}.Debug|ARM.ActiveCfg = Debug|Any CPU
		{C3AFA919-3CC8-4FCD-99EA-13C5EA259945}.Debug|ARM.Build.0 = Debug|Any CPU
		{C3AFA919-3CC8-4FCD-99EA-13C5EA259945}.Debug|iPhone.ActiveCfg = Debug|Any CPU
		{C3AFA919-3CC8-4FCD-99EA-13C5EA259945}.Debug|iPhone.Build.0 = Debug|Any CPU
		{C3AFA919-3CC8-4FCD-99EA-13C5EA259945}.Debug|iPhoneSimulator.ActiveCfg = Debug|Any CPU
		{C3AFA919-3CC8-4FCD-99EA-13C5EA259945}.Debug|iPhoneSimulator.Build.0 = Debug|Any CPU
		{C3AFA919-3CC8-4FCD-99EA-13C5EA259945}.Debug|x64.ActiveCfg = Debug|Any CPU
		{C3AFA919-3CC8-4FCD-99EA-13C5EA259945}.Debug|x64.Build.0 = Debug|Any CPU
		{C3AFA919-3CC8-4FCD-99EA-13C5EA259945}.Debug|x86.ActiveCfg = Debug|Any CPU
		{C3AFA919-3CC8-4FCD-99EA-13C5EA259945}.Debug|x86.Build.0 = Debug|Any CPU
		{C3AFA919-3CC8-4FCD-99EA-13C5EA259945}.Release|Any CPU.ActiveCfg = Release|Any CPU
		{C3AFA919-3CC8-4FCD-99EA-13C5EA259945}.Release|Any CPU.Build.0 = Release|Any CPU
		{C3AFA919-3CC8-4FCD-99EA-13C5EA259945}.Release|ARM.ActiveCfg = Release|Any CPU
		{C3AFA919-3CC8-4FCD-99EA-13C5EA259945}.Release|ARM.Build.0 = Release|Any CPU
		{C3AFA919-3CC8-4FCD-99EA-13C5EA259945}.Release|iPhone.ActiveCfg = Release|Any CPU
		{C3AFA919-3CC8-4FCD-99EA-13C5EA259945}.Release|iPhone.Build.0 = Release|Any CPU
		{C3AFA919-3CC8-4FCD-99EA-13C5EA259945}.Release|iPhoneSimulator.ActiveCfg = Release|Any CPU
		{C3AFA919-3CC8-4FCD-99EA-13C5EA259945}.Release|iPhoneSimulator.Build.0 = Release|Any CPU
		{C3AFA919-3CC8-4FCD-99EA-13C5EA259945}.Release|x64.ActiveCfg = Release|Any CPU
		{C3AFA919-3CC8-4FCD-99EA-13C5EA259945}.Release|x64.Build.0 = Release|Any CPU
		{C3AFA919-3CC8-4FCD-99EA-13C5EA259945}.Release|x86.ActiveCfg = Release|Any CPU
		{C3AFA919-3CC8-4FCD-99EA-13C5EA259945}.Release|x86.Build.0 = Release|Any CPU
	EndGlobalSection
	GlobalSection(SolutionProperties) = preSolution
		HideSolutionNode = FALSE
	EndGlobalSection
	GlobalSection(ExtensibilityGlobals) = postSolution
		SolutionGuid = {4F197B79-1A8D-4FAA-BD8E-3F0A871F4005}
	EndGlobalSection
EndGlobal
