
Microsoft Visual Studio Solution File, Format Version 12.00
# Visual Studio 15
VisualStudioVersion = 15.0.27130.2036
MinimumVisualStudioVersion = 10.0.40219.1
Project("{FAE04EC0-301F-11D3-BF4B-00C04F79EFBC}") = "SampleBrowser.SfBadgeView.Android", "BadgeView.Android\SampleBrowser.SfBadgeView.Android.csproj", "{14A351DD-9598-4158-880C-9570B92F90F3}"
EndProject
Project("{FAE04EC0-301F-11D3-BF4B-00C04F79EFBC}") = "SampleBrowser.SfBadgeView.iOS", "BadgeView.iOS\SampleBrowser.SfBadgeView.iOS.csproj", "{DF9CDFDC-08ED-42C5-BD40-F2CC820D4D4B}"
EndProject
Project("{FAE04EC0-301F-11D3-BF4B-00C04F79EFBC}") = "SampleBrowser.SfBadgeView.UWP", "BadgeView.UWP\SampleBrowser.SfBadgeView.UWP.csproj", "{EA1BFEA2-1A3E-4C0E-9A80-85D7BCE77562}"
EndProject
Project("{9A19103F-16F7-4668-BE54-9A1E7A4F7556}") = "SampleBrowser.SfBadgeView", "BadgeView\SampleBrowser.SfBadgeView.csproj", "{AD82F934-E547-4011-B737-9EFC7B54A1C4}"
EndProject
Global
	GlobalSection(SolutionConfigurationPlatforms) = preSolution
		Ad-Hoc|Any CPU = Ad-Hoc|Any CPU
		Ad-Hoc|ARM = Ad-Hoc|ARM
		Ad-Hoc|iPhone = Ad-Hoc|iPhone
		Ad-Hoc|iPhoneSimulator = Ad-Hoc|iPhoneSimulator
		Ad-Hoc|x64 = Ad-Hoc|x64
		Ad-Hoc|x86 = Ad-Hoc|x86
		AppStore|Any CPU = AppStore|Any CPU
		AppStore|ARM = AppStore|ARM
		AppStore|iPhone = AppStore|iPhone
		AppStore|iPhoneSimulator = AppStore|iPhoneSimulator
		AppStore|x64 = AppStore|x64
		AppStore|x86 = AppStore|x86
		Debug|Any CPU = Debug|Any CPU
		Debug|ARM = Debug|ARM
		Debug|iPhone = Debug|iPhone
		Debug|iPhoneSimulator = Debug|iPhoneSimulator
		Debug|x64 = Debug|x64
		Debug|x86 = Debug|x86
		Release|Any CPU = Release|Any CPU
		Release|ARM = Release|ARM
		Release|iPhone = Release|iPhone
		Release|iPhoneSimulator = Release|iPhoneSimulator
		Release|x64 = Release|x64
		Release|x86 = Release|x86
	EndGlobalSection
	GlobalSection(ProjectConfigurationPlatforms) = postSolution
		{14A351DD-9598-4158-880C-9570B92F90F3}.Ad-Hoc|Any CPU.ActiveCfg = Release|Any CPU
		{14A351DD-9598-4158-880C-9570B92F90F3}.Ad-Hoc|Any CPU.Build.0 = Release|Any CPU
		{14A351DD-9598-4158-880C-9570B92F90F3}.Ad-Hoc|Any CPU.Deploy.0 = Release|Any CPU
		{14A351DD-9598-4158-880C-9570B92F90F3}.Ad-Hoc|ARM.ActiveCfg = Release|Any CPU
		{14A351DD-9598-4158-880C-9570B92F90F3}.Ad-Hoc|ARM.Build.0 = Release|Any CPU
		{14A351DD-9598-4158-880C-9570B92F90F3}.Ad-Hoc|ARM.Deploy.0 = Release|Any CPU
		{14A351DD-9598-4158-880C-9570B92F90F3}.Ad-Hoc|iPhone.ActiveCfg = Release|Any CPU
		{14A351DD-9598-4158-880C-9570B92F90F3}.Ad-Hoc|iPhone.Build.0 = Release|Any CPU
		{14A351DD-9598-4158-880C-9570B92F90F3}.Ad-Hoc|iPhone.Deploy.0 = Release|Any CPU
		{14A351DD-9598-4158-880C-9570B92F90F3}.Ad-Hoc|iPhoneSimulator.ActiveCfg = Release|Any CPU
		{14A351DD-9598-4158-880C-9570B92F90F3}.Ad-Hoc|iPhoneSimulator.Build.0 = Release|Any CPU
		{14A351DD-9598-4158-880C-9570B92F90F3}.Ad-Hoc|iPhoneSimulator.Deploy.0 = Release|Any CPU
		{14A351DD-9598-4158-880C-9570B92F90F3}.Ad-Hoc|x64.ActiveCfg = Release|Any CPU
		{14A351DD-9598-4158-880C-9570B92F90F3}.Ad-Hoc|x64.Build.0 = Release|Any CPU
		{14A351DD-9598-4158-880C-9570B92F90F3}.Ad-Hoc|x64.Deploy.0 = Release|Any CPU
		{14A351DD-9598-4158-880C-9570B92F90F3}.Ad-Hoc|x86.ActiveCfg = Release|Any CPU
		{14A351DD-9598-4158-880C-9570B92F90F3}.Ad-Hoc|x86.Build.0 = Release|Any CPU
		{14A351DD-9598-4158-880C-9570B92F90F3}.Ad-Hoc|x86.Deploy.0 = Release|Any CPU
		{14A351DD-9598-4158-880C-9570B92F90F3}.AppStore|Any CPU.ActiveCfg = Release|Any CPU
		{14A351DD-9598-4158-880C-9570B92F90F3}.AppStore|Any CPU.Build.0 = Release|Any CPU
		{14A351DD-9598-4158-880C-9570B92F90F3}.AppStore|Any CPU.Deploy.0 = Release|Any CPU
		{14A351DD-9598-4158-880C-9570B92F90F3}.AppStore|ARM.ActiveCfg = Release|Any CPU
		{14A351DD-9598-4158-880C-9570B92F90F3}.AppStore|ARM.Build.0 = Release|Any CPU
		{14A351DD-9598-4158-880C-9570B92F90F3}.AppStore|ARM.Deploy.0 = Release|Any CPU
		{14A351DD-9598-4158-880C-9570B92F90F3}.AppStore|iPhone.ActiveCfg = Release|Any CPU
		{14A351DD-9598-4158-880C-9570B92F90F3}.AppStore|iPhone.Build.0 = Release|Any CPU
		{14A351DD-9598-4158-880C-9570B92F90F3}.AppStore|iPhone.Deploy.0 = Release|Any CPU
		{14A351DD-9598-4158-880C-9570B92F90F3}.AppStore|iPhoneSimulator.ActiveCfg = Release|Any CPU
		{14A351DD-9598-4158-880C-9570B92F90F3}.AppStore|iPhoneSimulator.Build.0 = Release|Any CPU
		{14A351DD-9598-4158-880C-9570B92F90F3}.AppStore|iPhoneSimulator.Deploy.0 = Release|Any CPU
		{14A351DD-9598-4158-880C-9570B92F90F3}.AppStore|x64.ActiveCfg = Release|Any CPU
		{14A351DD-9598-4158-880C-9570B92F90F3}.AppStore|x64.Build.0 = Release|Any CPU
		{14A351DD-9598-4158-880C-9570B92F90F3}.AppStore|x64.Deploy.0 = Release|Any CPU
		{14A351DD-9598-4158-880C-9570B92F90F3}.AppStore|x86.ActiveCfg = Release|Any CPU
		{14A351DD-9598-4158-880C-9570B92F90F3}.AppStore|x86.Build.0 = Release|Any CPU
		{14A351DD-9598-4158-880C-9570B92F90F3}.AppStore|x86.Deploy.0 = Release|Any CPU
		{14A351DD-9598-4158-880C-9570B92F90F3}.Debug|Any CPU.ActiveCfg = Debug|Any CPU
		{14A351DD-9598-4158-880C-9570B92F90F3}.Debug|Any CPU.Build.0 = Debug|Any CPU
		{14A351DD-9598-4158-880C-9570B92F90F3}.Debug|Any CPU.Deploy.0 = Debug|Any CPU
		{14A351DD-9598-4158-880C-9570B92F90F3}.Debug|ARM.ActiveCfg = Debug|Any CPU
		{14A351DD-9598-4158-880C-9570B92F90F3}.Debug|ARM.Build.0 = Debug|Any CPU
		{14A351DD-9598-4158-880C-9570B92F90F3}.Debug|ARM.Deploy.0 = Debug|Any CPU
		{14A351DD-9598-4158-880C-9570B92F90F3}.Debug|iPhone.ActiveCfg = Debug|Any CPU
		{14A351DD-9598-4158-880C-9570B92F90F3}.Debug|iPhone.Build.0 = Debug|Any CPU
		{14A351DD-9598-4158-880C-9570B92F90F3}.Debug|iPhone.Deploy.0 = Debug|Any CPU
		{14A351DD-9598-4158-880C-9570B92F90F3}.Debug|iPhoneSimulator.ActiveCfg = Debug|Any CPU
		{14A351DD-9598-4158-880C-9570B92F90F3}.Debug|iPhoneSimulator.Build.0 = Debug|Any CPU
		{14A351DD-9598-4158-880C-9570B92F90F3}.Debug|iPhoneSimulator.Deploy.0 = Debug|Any CPU
		{14A351DD-9598-4158-880C-9570B92F90F3}.Debug|x64.ActiveCfg = Debug|Any CPU
		{14A351DD-9598-4158-880C-9570B92F90F3}.Debug|x64.Build.0 = Debug|Any CPU
		{14A351DD-9598-4158-880C-9570B92F90F3}.Debug|x64.Deploy.0 = Debug|Any CPU
		{14A351DD-9598-4158-880C-9570B92F90F3}.Debug|x86.ActiveCfg = Debug|Any CPU
		{14A351DD-9598-4158-880C-9570B92F90F3}.Debug|x86.Build.0 = Debug|Any CPU
		{14A351DD-9598-4158-880C-9570B92F90F3}.Debug|x86.Deploy.0 = Debug|Any CPU
		{14A351DD-9598-4158-880C-9570B92F90F3}.Release|Any CPU.ActiveCfg = Release|Any CPU
		{14A351DD-9598-4158-880C-9570B92F90F3}.Release|Any CPU.Build.0 = Release|Any CPU
		{14A351DD-9598-4158-880C-9570B92F90F3}.Release|Any CPU.Deploy.0 = Release|Any CPU
		{14A351DD-9598-4158-880C-9570B92F90F3}.Release|ARM.ActiveCfg = Release|Any CPU
		{14A351DD-9598-4158-880C-9570B92F90F3}.Release|ARM.Build.0 = Release|Any CPU
		{14A351DD-9598-4158-880C-9570B92F90F3}.Release|ARM.Deploy.0 = Release|Any CPU
		{14A351DD-9598-4158-880C-9570B92F90F3}.Release|iPhone.ActiveCfg = Release|Any CPU
		{14A351DD-9598-4158-880C-9570B92F90F3}.Release|iPhone.Build.0 = Release|Any CPU
		{14A351DD-9598-4158-880C-9570B92F90F3}.Release|iPhone.Deploy.0 = Release|Any CPU
		{14A351DD-9598-4158-880C-9570B92F90F3}.Release|iPhoneSimulator.ActiveCfg = Release|Any CPU
		{14A351DD-9598-4158-880C-9570B92F90F3}.Release|iPhoneSimulator.Build.0 = Release|Any CPU
		{14A351DD-9598-4158-880C-9570B92F90F3}.Release|iPhoneSimulator.Deploy.0 = Release|Any CPU
		{14A351DD-9598-4158-880C-9570B92F90F3}.Release|x64.ActiveCfg = Release|Any CPU
		{14A351DD-9598-4158-880C-9570B92F90F3}.Release|x64.Build.0 = Release|Any CPU
		{14A351DD-9598-4158-880C-9570B92F90F3}.Release|x64.Deploy.0 = Release|Any CPU
		{14A351DD-9598-4158-880C-9570B92F90F3}.Release|x86.ActiveCfg = Release|Any CPU
		{14A351DD-9598-4158-880C-9570B92F90F3}.Release|x86.Build.0 = Release|Any CPU
		{14A351DD-9598-4158-880C-9570B92F90F3}.Release|x86.Deploy.0 = Release|Any CPU
		{DF9CDFDC-08ED-42C5-BD40-F2CC820D4D4B}.Ad-Hoc|Any CPU.ActiveCfg = Ad-Hoc|iPhone
		{DF9CDFDC-08ED-42C5-BD40-F2CC820D4D4B}.Ad-Hoc|ARM.ActiveCfg = Ad-Hoc|iPhone
		{DF9CDFDC-08ED-42C5-BD40-F2CC820D4D4B}.Ad-Hoc|iPhone.ActiveCfg = Ad-Hoc|iPhone
		{DF9CDFDC-08ED-42C5-BD40-F2CC820D4D4B}.Ad-Hoc|iPhone.Build.0 = Ad-Hoc|iPhone
		{DF9CDFDC-08ED-42C5-BD40-F2CC820D4D4B}.Ad-Hoc|iPhoneSimulator.ActiveCfg = Ad-Hoc|iPhoneSimulator
		{DF9CDFDC-08ED-42C5-BD40-F2CC820D4D4B}.Ad-Hoc|iPhoneSimulator.Build.0 = Ad-Hoc|iPhoneSimulator
		{DF9CDFDC-08ED-42C5-BD40-F2CC820D4D4B}.Ad-Hoc|x64.ActiveCfg = Ad-Hoc|iPhone
		{DF9CDFDC-08ED-42C5-BD40-F2CC820D4D4B}.Ad-Hoc|x86.ActiveCfg = Ad-Hoc|iPhone
		{DF9CDFDC-08ED-42C5-BD40-F2CC820D4D4B}.AppStore|Any CPU.ActiveCfg = AppStore|iPhone
		{DF9CDFDC-08ED-42C5-BD40-F2CC820D4D4B}.AppStore|ARM.ActiveCfg = AppStore|iPhone
		{DF9CDFDC-08ED-42C5-BD40-F2CC820D4D4B}.AppStore|iPhone.ActiveCfg = AppStore|iPhone
		{DF9CDFDC-08ED-42C5-BD40-F2CC820D4D4B}.AppStore|iPhone.Build.0 = AppStore|iPhone
		{DF9CDFDC-08ED-42C5-BD40-F2CC820D4D4B}.AppStore|iPhoneSimulator.ActiveCfg = AppStore|iPhoneSimulator
		{DF9CDFDC-08ED-42C5-BD40-F2CC820D4D4B}.AppStore|iPhoneSimulator.Build.0 = AppStore|iPhoneSimulator
		{DF9CDFDC-08ED-42C5-BD40-F2CC820D4D4B}.AppStore|x64.ActiveCfg = AppStore|iPhone
		{DF9CDFDC-08ED-42C5-BD40-F2CC820D4D4B}.AppStore|x86.ActiveCfg = AppStore|iPhone
		{DF9CDFDC-08ED-42C5-BD40-F2CC820D4D4B}.Debug|Any CPU.ActiveCfg = Debug|iPhone
		{DF9CDFDC-08ED-42C5-BD40-F2CC820D4D4B}.Debug|ARM.ActiveCfg = Debug|iPhone
		{DF9CDFDC-08ED-42C5-BD40-F2CC820D4D4B}.Debug|iPhone.ActiveCfg = Debug|iPhone
		{DF9CDFDC-08ED-42C5-BD40-F2CC820D4D4B}.Debug|iPhone.Build.0 = Debug|iPhone
		{DF9CDFDC-08ED-42C5-BD40-F2CC820D4D4B}.Debug|iPhoneSimulator.ActiveCfg = Debug|iPhoneSimulator
		{DF9CDFDC-08ED-42C5-BD40-F2CC820D4D4B}.Debug|iPhoneSimulator.Build.0 = Debug|iPhoneSimulator
		{DF9CDFDC-08ED-42C5-BD40-F2CC820D4D4B}.Debug|x64.ActiveCfg = Debug|iPhone
		{DF9CDFDC-08ED-42C5-BD40-F2CC820D4D4B}.Debug|x86.ActiveCfg = Debug|iPhone
		{DF9CDFDC-08ED-42C5-BD40-F2CC820D4D4B}.Release|Any CPU.ActiveCfg = Release|iPhone
		{DF9CDFDC-08ED-42C5-BD40-F2CC820D4D4B}.Release|ARM.ActiveCfg = Release|iPhone
		{DF9CDFDC-08ED-42C5-BD40-F2CC820D4D4B}.Release|iPhone.ActiveCfg = Release|iPhone
		{DF9CDFDC-08ED-42C5-BD40-F2CC820D4D4B}.Release|iPhone.Build.0 = Release|iPhone
		{DF9CDFDC-08ED-42C5-BD40-F2CC820D4D4B}.Release|iPhoneSimulator.ActiveCfg = Release|iPhoneSimulator
		{DF9CDFDC-08ED-42C5-BD40-F2CC820D4D4B}.Release|iPhoneSimulator.Build.0 = Release|iPhoneSimulator
		{DF9CDFDC-08ED-42C5-BD40-F2CC820D4D4B}.Release|x64.ActiveCfg = Release|iPhone
		{DF9CDFDC-08ED-42C5-BD40-F2CC820D4D4B}.Release|x86.ActiveCfg = Release|iPhone
		{EA1BFEA2-1A3E-4C0E-9A80-85D7BCE77562}.Ad-Hoc|Any CPU.ActiveCfg = Release|x86
		{EA1BFEA2-1A3E-4C0E-9A80-85D7BCE77562}.Ad-Hoc|Any CPU.Build.0 = Release|x86
		{EA1BFEA2-1A3E-4C0E-9A80-85D7BCE77562}.Ad-Hoc|Any CPU.Deploy.0 = Release|x86
		{EA1BFEA2-1A3E-4C0E-9A80-85D7BCE77562}.Ad-Hoc|ARM.ActiveCfg = Release|ARM
		{EA1BFEA2-1A3E-4C0E-9A80-85D7BCE77562}.Ad-Hoc|ARM.Build.0 = Release|ARM
		{EA1BFEA2-1A3E-4C0E-9A80-85D7BCE77562}.Ad-Hoc|ARM.Deploy.0 = Release|ARM
		{EA1BFEA2-1A3E-4C0E-9A80-85D7BCE77562}.Ad-Hoc|iPhone.ActiveCfg = Release|x86
		{EA1BFEA2-1A3E-4C0E-9A80-85D7BCE77562}.Ad-Hoc|iPhone.Build.0 = Release|x86
		{EA1BFEA2-1A3E-4C0E-9A80-85D7BCE77562}.Ad-Hoc|iPhone.Deploy.0 = Release|x86
		{EA1BFEA2-1A3E-4C0E-9A80-85D7BCE77562}.Ad-Hoc|iPhoneSimulator.ActiveCfg = Release|x86
		{EA1BFEA2-1A3E-4C0E-9A80-85D7BCE77562}.Ad-Hoc|iPhoneSimulator.Build.0 = Release|x86
		{EA1BFEA2-1A3E-4C0E-9A80-85D7BCE77562}.Ad-Hoc|iPhoneSimulator.Deploy.0 = Release|x86
		{EA1BFEA2-1A3E-4C0E-9A80-85D7BCE77562}.Ad-Hoc|x64.ActiveCfg = Release|x64
		{EA1BFEA2-1A3E-4C0E-9A80-85D7BCE77562}.Ad-Hoc|x64.Build.0 = Release|x64
		{EA1BFEA2-1A3E-4C0E-9A80-85D7BCE77562}.Ad-Hoc|x64.Deploy.0 = Release|x64
		{EA1BFEA2-1A3E-4C0E-9A80-85D7BCE77562}.Ad-Hoc|x86.ActiveCfg = Release|x86
		{EA1BFEA2-1A3E-4C0E-9A80-85D7BCE77562}.Ad-Hoc|x86.Build.0 = Release|x86
		{EA1BFEA2-1A3E-4C0E-9A80-85D7BCE77562}.Ad-Hoc|x86.Deploy.0 = Release|x86
		{EA1BFEA2-1A3E-4C0E-9A80-85D7BCE77562}.AppStore|Any CPU.ActiveCfg = Release|x86
		{EA1BFEA2-1A3E-4C0E-9A80-85D7BCE77562}.AppStore|Any CPU.Build.0 = Release|x86
		{EA1BFEA2-1A3E-4C0E-9A80-85D7BCE77562}.AppStore|Any CPU.Deploy.0 = Release|x86
		{EA1BFEA2-1A3E-4C0E-9A80-85D7BCE77562}.AppStore|ARM.ActiveCfg = Release|ARM
		{EA1BFEA2-1A3E-4C0E-9A80-85D7BCE77562}.AppStore|ARM.Build.0 = Release|ARM
		{EA1BFEA2-1A3E-4C0E-9A80-85D7BCE77562}.AppStore|ARM.Deploy.0 = Release|ARM
		{EA1BFEA2-1A3E-4C0E-9A80-85D7BCE77562}.AppStore|iPhone.ActiveCfg = Release|x86
		{EA1BFEA2-1A3E-4C0E-9A80-85D7BCE77562}.AppStore|iPhone.Build.0 = Release|x86
		{EA1BFEA2-1A3E-4C0E-9A80-85D7BCE77562}.AppStore|iPhone.Deploy.0 = Release|x86
		{EA1BFEA2-1A3E-4C0E-9A80-85D7BCE77562}.AppStore|iPhoneSimulator.ActiveCfg = Release|x86
		{EA1BFEA2-1A3E-4C0E-9A80-85D7BCE77562}.AppStore|iPhoneSimulator.Build.0 = Release|x86
		{EA1BFEA2-1A3E-4C0E-9A80-85D7BCE77562}.AppStore|iPhoneSimulator.Deploy.0 = Release|x86
		{EA1BFEA2-1A3E-4C0E-9A80-85D7BCE77562}.AppStore|x64.ActiveCfg = Release|x64
		{EA1BFEA2-1A3E-4C0E-9A80-85D7BCE77562}.AppStore|x64.Build.0 = Release|x64
		{EA1BFEA2-1A3E-4C0E-9A80-85D7BCE77562}.AppStore|x64.Deploy.0 = Release|x64
		{EA1BFEA2-1A3E-4C0E-9A80-85D7BCE77562}.AppStore|x86.ActiveCfg = Release|x86
		{EA1BFEA2-1A3E-4C0E-9A80-85D7BCE77562}.AppStore|x86.Build.0 = Release|x86
		{EA1BFEA2-1A3E-4C0E-9A80-85D7BCE77562}.AppStore|x86.Deploy.0 = Release|x86
		{EA1BFEA2-1A3E-4C0E-9A80-85D7BCE77562}.Debug|Any CPU.ActiveCfg = Debug|x86
		{EA1BFEA2-1A3E-4C0E-9A80-85D7BCE77562}.Debug|ARM.ActiveCfg = Debug|ARM
		{EA1BFEA2-1A3E-4C0E-9A80-85D7BCE77562}.Debug|ARM.Build.0 = Debug|ARM
		{EA1BFEA2-1A3E-4C0E-9A80-85D7BCE77562}.Debug|ARM.Deploy.0 = Debug|ARM
		{EA1BFEA2-1A3E-4C0E-9A80-85D7BCE77562}.Debug|iPhone.ActiveCfg = Debug|x86
		{EA1BFEA2-1A3E-4C0E-9A80-85D7BCE77562}.Debug|iPhoneSimulator.ActiveCfg = Debug|x86
		{EA1BFEA2-1A3E-4C0E-9A80-85D7BCE77562}.Debug|x64.ActiveCfg = Debug|x64
		{EA1BFEA2-1A3E-4C0E-9A80-85D7BCE77562}.Debug|x64.Build.0 = Debug|x64
		{EA1BFEA2-1A3E-4C0E-9A80-85D7BCE77562}.Debug|x64.Deploy.0 = Debug|x64
		{EA1BFEA2-1A3E-4C0E-9A80-85D7BCE77562}.Debug|x86.ActiveCfg = Debug|x86
		{EA1BFEA2-1A3E-4C0E-9A80-85D7BCE77562}.Debug|x86.Build.0 = Debug|x86
		{EA1BFEA2-1A3E-4C0E-9A80-85D7BCE77562}.Debug|x86.Deploy.0 = Debug|x86
		{EA1BFEA2-1A3E-4C0E-9A80-85D7BCE77562}.Release|Any CPU.ActiveCfg = Release|x86
		{EA1BFEA2-1A3E-4C0E-9A80-85D7BCE77562}.Release|ARM.ActiveCfg = Release|ARM
		{EA1BFEA2-1A3E-4C0E-9A80-85D7BCE77562}.Release|ARM.Build.0 = Release|ARM
		{EA1BFEA2-1A3E-4C0E-9A80-85D7BCE77562}.Release|ARM.Deploy.0 = Release|ARM
		{EA1BFEA2-1A3E-4C0E-9A80-85D7BCE77562}.Release|iPhone.ActiveCfg = Release|x86
		{EA1BFEA2-1A3E-4C0E-9A80-85D7BCE77562}.Release|iPhoneSimulator.ActiveCfg = Release|x86
		{EA1BFEA2-1A3E-4C0E-9A80-85D7BCE77562}.Release|x64.ActiveCfg = Release|x64
		{EA1BFEA2-1A3E-4C0E-9A80-85D7BCE77562}.Release|x64.Build.0 = Release|x64
		{EA1BFEA2-1A3E-4C0E-9A80-85D7BCE77562}.Release|x64.Deploy.0 = Release|x64
		{EA1BFEA2-1A3E-4C0E-9A80-85D7BCE77562}.Release|x86.ActiveCfg = Release|x86
		{EA1BFEA2-1A3E-4C0E-9A80-85D7BCE77562}.Release|x86.Build.0 = Release|x86
		{EA1BFEA2-1A3E-4C0E-9A80-85D7BCE77562}.Release|x86.Deploy.0 = Release|x86
		{AD82F934-E547-4011-B737-9EFC7B54A1C4}.Ad-Hoc|Any CPU.ActiveCfg = Debug|Any CPU
		{AD82F934-E547-4011-B737-9EFC7B54A1C4}.Ad-Hoc|Any CPU.Build.0 = Debug|Any CPU
		{AD82F934-E547-4011-B737-9EFC7B54A1C4}.Ad-Hoc|ARM.ActiveCfg = Debug|Any CPU
		{AD82F934-E547-4011-B737-9EFC7B54A1C4}.Ad-Hoc|ARM.Build.0 = Debug|Any CPU
		{AD82F934-E547-4011-B737-9EFC7B54A1C4}.Ad-Hoc|iPhone.ActiveCfg = Debug|Any CPU
		{AD82F934-E547-4011-B737-9EFC7B54A1C4}.Ad-Hoc|iPhone.Build.0 = Debug|Any CPU
		{AD82F934-E547-4011-B737-9EFC7B54A1C4}.Ad-Hoc|iPhoneSimulator.ActiveCfg = Debug|Any CPU
		{AD82F934-E547-4011-B737-9EFC7B54A1C4}.Ad-Hoc|iPhoneSimulator.Build.0 = Debug|Any CPU
		{AD82F934-E547-4011-B737-9EFC7B54A1C4}.Ad-Hoc|x64.ActiveCfg = Debug|Any CPU
		{AD82F934-E547-4011-B737-9EFC7B54A1C4}.Ad-Hoc|x64.Build.0 = Debug|Any CPU
		{AD82F934-E547-4011-B737-9EFC7B54A1C4}.Ad-Hoc|x86.ActiveCfg = Debug|Any CPU
		{AD82F934-E547-4011-B737-9EFC7B54A1C4}.Ad-Hoc|x86.Build.0 = Debug|Any CPU
		{AD82F934-E547-4011-B737-9EFC7B54A1C4}.AppStore|Any CPU.ActiveCfg = Debug|Any CPU
		{AD82F934-E547-4011-B737-9EFC7B54A1C4}.AppStore|Any CPU.Build.0 = Debug|Any CPU
		{AD82F934-E547-4011-B737-9EFC7B54A1C4}.AppStore|ARM.ActiveCfg = Debug|Any CPU
		{AD82F934-E547-4011-B737-9EFC7B54A1C4}.AppStore|ARM.Build.0 = Debug|Any CPU
		{AD82F934-E547-4011-B737-9EFC7B54A1C4}.AppStore|iPhone.ActiveCfg = Debug|Any CPU
		{AD82F934-E547-4011-B737-9EFC7B54A1C4}.AppStore|iPhone.Build.0 = Debug|Any CPU
		{AD82F934-E547-4011-B737-9EFC7B54A1C4}.AppStore|iPhoneSimulator.ActiveCfg = Debug|Any CPU
		{AD82F934-E547-4011-B737-9EFC7B54A1C4}.AppStore|iPhoneSimulator.Build.0 = Debug|Any CPU
		{AD82F934-E547-4011-B737-9EFC7B54A1C4}.AppStore|x64.ActiveCfg = Debug|Any CPU
		{AD82F934-E547-4011-B737-9EFC7B54A1C4}.AppStore|x64.Build.0 = Debug|Any CPU
		{AD82F934-E547-4011-B737-9EFC7B54A1C4}.AppStore|x86.ActiveCfg = Debug|Any CPU
		{AD82F934-E547-4011-B737-9EFC7B54A1C4}.AppStore|x86.Build.0 = Debug|Any CPU
		{AD82F934-E547-4011-B737-9EFC7B54A1C4}.Debug|Any CPU.ActiveCfg = Debug|Any CPU
		{AD82F934-E547-4011-B737-9EFC7B54A1C4}.Debug|Any CPU.Build.0 = Debug|Any CPU
		{AD82F934-E547-4011-B737-9EFC7B54A1C4}.Debug|ARM.ActiveCfg = Debug|Any CPU
		{AD82F934-E547-4011-B737-9EFC7B54A1C4}.Debug|ARM.Build.0 = Debug|Any CPU
		{AD82F934-E547-4011-B737-9EFC7B54A1C4}.Debug|iPhone.ActiveCfg = Debug|Any CPU
		{AD82F934-E547-4011-B737-9EFC7B54A1C4}.Debug|iPhone.Build.0 = Debug|Any CPU
		{AD82F934-E547-4011-B737-9EFC7B54A1C4}.Debug|iPhoneSimulator.ActiveCfg = Debug|Any CPU
		{AD82F934-E547-4011-B737-9EFC7B54A1C4}.Debug|iPhoneSimulator.Build.0 = Debug|Any CPU
		{AD82F934-E547-4011-B737-9EFC7B54A1C4}.Debug|x64.ActiveCfg = Debug|Any CPU
		{AD82F934-E547-4011-B737-9EFC7B54A1C4}.Debug|x64.Build.0 = Debug|Any CPU
		{AD82F934-E547-4011-B737-9EFC7B54A1C4}.Debug|x86.ActiveCfg = Debug|Any CPU
		{AD82F934-E547-4011-B737-9EFC7B54A1C4}.Debug|x86.Build.0 = Debug|Any CPU
		{AD82F934-E547-4011-B737-9EFC7B54A1C4}.Release|Any CPU.ActiveCfg = Release|Any CPU
		{AD82F934-E547-4011-B737-9EFC7B54A1C4}.Release|Any CPU.Build.0 = Release|Any CPU
		{AD82F934-E547-4011-B737-9EFC7B54A1C4}.Release|ARM.ActiveCfg = Release|Any CPU
		{AD82F934-E547-4011-B737-9EFC7B54A1C4}.Release|ARM.Build.0 = Release|Any CPU
		{AD82F934-E547-4011-B737-9EFC7B54A1C4}.Release|iPhone.ActiveCfg = Release|Any CPU
		{AD82F934-E547-4011-B737-9EFC7B54A1C4}.Release|iPhone.Build.0 = Release|Any CPU
		{AD82F934-E547-4011-B737-9EFC7B54A1C4}.Release|iPhoneSimulator.ActiveCfg = Release|Any CPU
		{AD82F934-E547-4011-B737-9EFC7B54A1C4}.Release|iPhoneSimulator.Build.0 = Release|Any CPU
		{AD82F934-E547-4011-B737-9EFC7B54A1C4}.Release|x64.ActiveCfg = Release|Any CPU
		{AD82F934-E547-4011-B737-9EFC7B54A1C4}.Release|x64.Build.0 = Release|Any CPU
		{AD82F934-E547-4011-B737-9EFC7B54A1C4}.Release|x86.ActiveCfg = Release|Any CPU
		{AD82F934-E547-4011-B737-9EFC7B54A1C4}.Release|x86.Build.0 = Release|Any CPU
	EndGlobalSection
	GlobalSection(SolutionProperties) = preSolution
		HideSolutionNode = FALSE
	EndGlobalSection
	GlobalSection(ExtensibilityGlobals) = postSolution
		SolutionGuid = {8B51F401-B21E-46E4-A43B-C75409AD34BE}
	EndGlobalSection
EndGlobal
