
Microsoft Visual Studio Solution File, Format Version 12.00
# Visual Studio 15
VisualStudioVersion = 15.0.27130.2036
MinimumVisualStudioVersion = 10.0.40219.1
Project("{FAE04EC0-301F-11D3-BF4B-00C04F79EFBC}") = "SampleBrowser.SfTreeMap.Android", "TreeMap.Android\SampleBrowser.SfTreeMap.Android.csproj", "{F424B838-14BA-4607-B819-DA1216983A20}"
EndProject
Project("{FAE04EC0-301F-11D3-BF4B-00C04F79EFBC}") = "SampleBrowser.SfTreeMap.iOS", "TreeMap.iOS\SampleBrowser.SfTreeMap.iOS.csproj", "{B16E3BDA-8C16-4C5F-B3C5-CD391E109430}"
EndProject
Project("{FAE04EC0-301F-11D3-BF4B-00C04F79EFBC}") = "SampleBrowser.SfTreeMap.UWP", "TreeMap.UWP\SampleBrowser.SfTreeMap.UWP.csproj", "{808D24D5-03CF-4F1C-8C4C-43D4B7A31BEE}"
EndProject
Project("{FAE04EC0-301F-11D3-BF4B-00C04F79EFBC}") = "SampleBrowser.SfTreeMap", "TreeMap\SampleBrowser.SfTreeMap.csproj", "{0237BC35-797C-4B37-82E7-C051A9EB794D}"
EndProject
Global
	GlobalSection(SolutionConfigurationPlatforms) = preSolution
		Ad-Hoc|Any CPU = Ad-Hoc|Any CPU
		Ad-Hoc|ARM = Ad-Hoc|ARM
		Ad-Hoc|iPhone = Ad-Hoc|iPhone
		Ad-Hoc|iPhoneSimulator = Ad-Hoc|iPhoneSimulator
		Ad-Hoc|x64 = Ad-Hoc|x64
		Ad-Hoc|x86 = Ad-Hoc|x86
		AppStore|Any CPU = AppStore|Any CPU
		AppStore|ARM = AppStore|ARM
		AppStore|iPhone = AppStore|iPhone
		AppStore|iPhoneSimulator = AppStore|iPhoneSimulator
		AppStore|x64 = AppStore|x64
		AppStore|x86 = AppStore|x86
		Debug|Any CPU = Debug|Any CPU
		Debug|ARM = Debug|ARM
		Debug|iPhone = Debug|iPhone
		Debug|iPhoneSimulator = Debug|iPhoneSimulator
		Debug|x64 = Debug|x64
		Debug|x86 = Debug|x86
		Release|Any CPU = Release|Any CPU
		Release|ARM = Release|ARM
		Release|iPhone = Release|iPhone
		Release|iPhoneSimulator = Release|iPhoneSimulator
		Release|x64 = Release|x64
		Release|x86 = Release|x86
	EndGlobalSection
	GlobalSection(ProjectConfigurationPlatforms) = postSolution
		{F424B838-14BA-4607-B819-DA1216983A20}.Ad-Hoc|Any CPU.ActiveCfg = Release|Any CPU
		{F424B838-14BA-4607-B819-DA1216983A20}.Ad-Hoc|Any CPU.Build.0 = Release|Any CPU
		{F424B838-14BA-4607-B819-DA1216983A20}.Ad-Hoc|Any CPU.Deploy.0 = Release|Any CPU
		{F424B838-14BA-4607-B819-DA1216983A20}.Ad-Hoc|ARM.ActiveCfg = Release|Any CPU
		{F424B838-14BA-4607-B819-DA1216983A20}.Ad-Hoc|ARM.Build.0 = Release|Any CPU
		{F424B838-14BA-4607-B819-DA1216983A20}.Ad-Hoc|ARM.Deploy.0 = Release|Any CPU
		{F424B838-14BA-4607-B819-DA1216983A20}.Ad-Hoc|iPhone.ActiveCfg = Release|Any CPU
		{F424B838-14BA-4607-B819-DA1216983A20}.Ad-Hoc|iPhone.Build.0 = Release|Any CPU
		{F424B838-14BA-4607-B819-DA1216983A20}.Ad-Hoc|iPhone.Deploy.0 = Release|Any CPU
		{F424B838-14BA-4607-B819-DA1216983A20}.Ad-Hoc|iPhoneSimulator.ActiveCfg = Release|Any CPU
		{F424B838-14BA-4607-B819-DA1216983A20}.Ad-Hoc|iPhoneSimulator.Build.0 = Release|Any CPU
		{F424B838-14BA-4607-B819-DA1216983A20}.Ad-Hoc|iPhoneSimulator.Deploy.0 = Release|Any CPU
		{F424B838-14BA-4607-B819-DA1216983A20}.Ad-Hoc|x64.ActiveCfg = Release|Any CPU
		{F424B838-14BA-4607-B819-DA1216983A20}.Ad-Hoc|x64.Build.0 = Release|Any CPU
		{F424B838-14BA-4607-B819-DA1216983A20}.Ad-Hoc|x64.Deploy.0 = Release|Any CPU
		{F424B838-14BA-4607-B819-DA1216983A20}.Ad-Hoc|x86.ActiveCfg = Release|Any CPU
		{F424B838-14BA-4607-B819-DA1216983A20}.Ad-Hoc|x86.Build.0 = Release|Any CPU
		{F424B838-14BA-4607-B819-DA1216983A20}.Ad-Hoc|x86.Deploy.0 = Release|Any CPU
		{F424B838-14BA-4607-B819-DA1216983A20}.AppStore|Any CPU.ActiveCfg = Release|Any CPU
		{F424B838-14BA-4607-B819-DA1216983A20}.AppStore|Any CPU.Build.0 = Release|Any CPU
		{F424B838-14BA-4607-B819-DA1216983A20}.AppStore|Any CPU.Deploy.0 = Release|Any CPU
		{F424B838-14BA-4607-B819-DA1216983A20}.AppStore|ARM.ActiveCfg = Release|Any CPU
		{F424B838-14BA-4607-B819-DA1216983A20}.AppStore|ARM.Build.0 = Release|Any CPU
		{F424B838-14BA-4607-B819-DA1216983A20}.AppStore|ARM.Deploy.0 = Release|Any CPU
		{F424B838-14BA-4607-B819-DA1216983A20}.AppStore|iPhone.ActiveCfg = Release|Any CPU
		{F424B838-14BA-4607-B819-DA1216983A20}.AppStore|iPhone.Build.0 = Release|Any CPU
		{F424B838-14BA-4607-B819-DA1216983A20}.AppStore|iPhone.Deploy.0 = Release|Any CPU
		{F424B838-14BA-4607-B819-DA1216983A20}.AppStore|iPhoneSimulator.ActiveCfg = Release|Any CPU
		{F424B838-14BA-4607-B819-DA1216983A20}.AppStore|iPhoneSimulator.Build.0 = Release|Any CPU
		{F424B838-14BA-4607-B819-DA1216983A20}.AppStore|iPhoneSimulator.Deploy.0 = Release|Any CPU
		{F424B838-14BA-4607-B819-DA1216983A20}.AppStore|x64.ActiveCfg = Release|Any CPU
		{F424B838-14BA-4607-B819-DA1216983A20}.AppStore|x64.Build.0 = Release|Any CPU
		{F424B838-14BA-4607-B819-DA1216983A20}.AppStore|x64.Deploy.0 = Release|Any CPU
		{F424B838-14BA-4607-B819-DA1216983A20}.AppStore|x86.ActiveCfg = Release|Any CPU
		{F424B838-14BA-4607-B819-DA1216983A20}.AppStore|x86.Build.0 = Release|Any CPU
		{F424B838-14BA-4607-B819-DA1216983A20}.AppStore|x86.Deploy.0 = Release|Any CPU
		{F424B838-14BA-4607-B819-DA1216983A20}.Debug|Any CPU.ActiveCfg = Debug|Any CPU
		{F424B838-14BA-4607-B819-DA1216983A20}.Debug|Any CPU.Build.0 = Debug|Any CPU
		{F424B838-14BA-4607-B819-DA1216983A20}.Debug|Any CPU.Deploy.0 = Debug|Any CPU
		{F424B838-14BA-4607-B819-DA1216983A20}.Debug|ARM.ActiveCfg = Debug|Any CPU
		{F424B838-14BA-4607-B819-DA1216983A20}.Debug|ARM.Build.0 = Debug|Any CPU
		{F424B838-14BA-4607-B819-DA1216983A20}.Debug|ARM.Deploy.0 = Debug|Any CPU
		{F424B838-14BA-4607-B819-DA1216983A20}.Debug|iPhone.ActiveCfg = Debug|Any CPU
		{F424B838-14BA-4607-B819-DA1216983A20}.Debug|iPhone.Build.0 = Debug|Any CPU
		{F424B838-14BA-4607-B819-DA1216983A20}.Debug|iPhone.Deploy.0 = Debug|Any CPU
		{F424B838-14BA-4607-B819-DA1216983A20}.Debug|iPhoneSimulator.ActiveCfg = Debug|Any CPU
		{F424B838-14BA-4607-B819-DA1216983A20}.Debug|iPhoneSimulator.Build.0 = Debug|Any CPU
		{F424B838-14BA-4607-B819-DA1216983A20}.Debug|iPhoneSimulator.Deploy.0 = Debug|Any CPU
		{F424B838-14BA-4607-B819-DA1216983A20}.Debug|x64.ActiveCfg = Debug|Any CPU
		{F424B838-14BA-4607-B819-DA1216983A20}.Debug|x64.Build.0 = Debug|Any CPU
		{F424B838-14BA-4607-B819-DA1216983A20}.Debug|x64.Deploy.0 = Debug|Any CPU
		{F424B838-14BA-4607-B819-DA1216983A20}.Debug|x86.ActiveCfg = Debug|Any CPU
		{F424B838-14BA-4607-B819-DA1216983A20}.Debug|x86.Build.0 = Debug|Any CPU
		{F424B838-14BA-4607-B819-DA1216983A20}.Debug|x86.Deploy.0 = Debug|Any CPU
		{F424B838-14BA-4607-B819-DA1216983A20}.Release|Any CPU.ActiveCfg = Release|Any CPU
		{F424B838-14BA-4607-B819-DA1216983A20}.Release|Any CPU.Build.0 = Release|Any CPU
		{F424B838-14BA-4607-B819-DA1216983A20}.Release|Any CPU.Deploy.0 = Release|Any CPU
		{F424B838-14BA-4607-B819-DA1216983A20}.Release|ARM.ActiveCfg = Release|Any CPU
		{F424B838-14BA-4607-B819-DA1216983A20}.Release|ARM.Build.0 = Release|Any CPU
		{F424B838-14BA-4607-B819-DA1216983A20}.Release|ARM.Deploy.0 = Release|Any CPU
		{F424B838-14BA-4607-B819-DA1216983A20}.Release|iPhone.ActiveCfg = Release|Any CPU
		{F424B838-14BA-4607-B819-DA1216983A20}.Release|iPhone.Build.0 = Release|Any CPU
		{F424B838-14BA-4607-B819-DA1216983A20}.Release|iPhone.Deploy.0 = Release|Any CPU
		{F424B838-14BA-4607-B819-DA1216983A20}.Release|iPhoneSimulator.ActiveCfg = Release|Any CPU
		{F424B838-14BA-4607-B819-DA1216983A20}.Release|iPhoneSimulator.Build.0 = Release|Any CPU
		{F424B838-14BA-4607-B819-DA1216983A20}.Release|iPhoneSimulator.Deploy.0 = Release|Any CPU
		{F424B838-14BA-4607-B819-DA1216983A20}.Release|x64.ActiveCfg = Release|Any CPU
		{F424B838-14BA-4607-B819-DA1216983A20}.Release|x64.Build.0 = Release|Any CPU
		{F424B838-14BA-4607-B819-DA1216983A20}.Release|x64.Deploy.0 = Release|Any CPU
		{F424B838-14BA-4607-B819-DA1216983A20}.Release|x86.ActiveCfg = Release|Any CPU
		{F424B838-14BA-4607-B819-DA1216983A20}.Release|x86.Build.0 = Release|Any CPU
		{F424B838-14BA-4607-B819-DA1216983A20}.Release|x86.Deploy.0 = Release|Any CPU
		{B16E3BDA-8C16-4C5F-B3C5-CD391E109430}.Ad-Hoc|Any CPU.ActiveCfg = Ad-Hoc|iPhone
		{B16E3BDA-8C16-4C5F-B3C5-CD391E109430}.Ad-Hoc|ARM.ActiveCfg = Ad-Hoc|iPhone
		{B16E3BDA-8C16-4C5F-B3C5-CD391E109430}.Ad-Hoc|iPhone.ActiveCfg = Ad-Hoc|iPhone
		{B16E3BDA-8C16-4C5F-B3C5-CD391E109430}.Ad-Hoc|iPhone.Build.0 = Ad-Hoc|iPhone
		{B16E3BDA-8C16-4C5F-B3C5-CD391E109430}.Ad-Hoc|iPhoneSimulator.ActiveCfg = Ad-Hoc|iPhoneSimulator
		{B16E3BDA-8C16-4C5F-B3C5-CD391E109430}.Ad-Hoc|iPhoneSimulator.Build.0 = Ad-Hoc|iPhoneSimulator
		{B16E3BDA-8C16-4C5F-B3C5-CD391E109430}.Ad-Hoc|x64.ActiveCfg = Ad-Hoc|iPhone
		{B16E3BDA-8C16-4C5F-B3C5-CD391E109430}.Ad-Hoc|x86.ActiveCfg = Ad-Hoc|iPhone
		{B16E3BDA-8C16-4C5F-B3C5-CD391E109430}.AppStore|Any CPU.ActiveCfg = AppStore|iPhone
		{B16E3BDA-8C16-4C5F-B3C5-CD391E109430}.AppStore|ARM.ActiveCfg = AppStore|iPhone
		{B16E3BDA-8C16-4C5F-B3C5-CD391E109430}.AppStore|iPhone.ActiveCfg = AppStore|iPhone
		{B16E3BDA-8C16-4C5F-B3C5-CD391E109430}.AppStore|iPhone.Build.0 = AppStore|iPhone
		{B16E3BDA-8C16-4C5F-B3C5-CD391E109430}.AppStore|iPhoneSimulator.ActiveCfg = AppStore|iPhoneSimulator
		{B16E3BDA-8C16-4C5F-B3C5-CD391E109430}.AppStore|iPhoneSimulator.Build.0 = AppStore|iPhoneSimulator
		{B16E3BDA-8C16-4C5F-B3C5-CD391E109430}.AppStore|x64.ActiveCfg = AppStore|iPhone
		{B16E3BDA-8C16-4C5F-B3C5-CD391E109430}.AppStore|x86.ActiveCfg = AppStore|iPhone
		{B16E3BDA-8C16-4C5F-B3C5-CD391E109430}.Debug|Any CPU.ActiveCfg = Debug|iPhone
		{B16E3BDA-8C16-4C5F-B3C5-CD391E109430}.Debug|ARM.ActiveCfg = Debug|iPhone
		{B16E3BDA-8C16-4C5F-B3C5-CD391E109430}.Debug|iPhone.ActiveCfg = Debug|iPhone
		{B16E3BDA-8C16-4C5F-B3C5-CD391E109430}.Debug|iPhone.Build.0 = Debug|iPhone
		{B16E3BDA-8C16-4C5F-B3C5-CD391E109430}.Debug|iPhoneSimulator.ActiveCfg = Debug|iPhoneSimulator
		{B16E3BDA-8C16-4C5F-B3C5-CD391E109430}.Debug|iPhoneSimulator.Build.0 = Debug|iPhoneSimulator
		{B16E3BDA-8C16-4C5F-B3C5-CD391E109430}.Debug|x64.ActiveCfg = Debug|iPhone
		{B16E3BDA-8C16-4C5F-B3C5-CD391E109430}.Debug|x86.ActiveCfg = Debug|iPhone
		{B16E3BDA-8C16-4C5F-B3C5-CD391E109430}.Release|Any CPU.ActiveCfg = Release|iPhone
		{B16E3BDA-8C16-4C5F-B3C5-CD391E109430}.Release|ARM.ActiveCfg = Release|iPhone
		{B16E3BDA-8C16-4C5F-B3C5-CD391E109430}.Release|iPhone.ActiveCfg = Release|iPhone
		{B16E3BDA-8C16-4C5F-B3C5-CD391E109430}.Release|iPhone.Build.0 = Release|iPhone
		{B16E3BDA-8C16-4C5F-B3C5-CD391E109430}.Release|iPhoneSimulator.ActiveCfg = Release|iPhoneSimulator
		{B16E3BDA-8C16-4C5F-B3C5-CD391E109430}.Release|iPhoneSimulator.Build.0 = Release|iPhoneSimulator
		{B16E3BDA-8C16-4C5F-B3C5-CD391E109430}.Release|x64.ActiveCfg = Release|iPhone
		{B16E3BDA-8C16-4C5F-B3C5-CD391E109430}.Release|x86.ActiveCfg = Release|iPhone
		{808D24D5-03CF-4F1C-8C4C-43D4B7A31BEE}.Ad-Hoc|Any CPU.ActiveCfg = Release|x86
		{808D24D5-03CF-4F1C-8C4C-43D4B7A31BEE}.Ad-Hoc|Any CPU.Build.0 = Release|x86
		{808D24D5-03CF-4F1C-8C4C-43D4B7A31BEE}.Ad-Hoc|Any CPU.Deploy.0 = Release|x86
		{808D24D5-03CF-4F1C-8C4C-43D4B7A31BEE}.Ad-Hoc|ARM.ActiveCfg = Release|ARM
		{808D24D5-03CF-4F1C-8C4C-43D4B7A31BEE}.Ad-Hoc|ARM.Build.0 = Release|ARM
		{808D24D5-03CF-4F1C-8C4C-43D4B7A31BEE}.Ad-Hoc|ARM.Deploy.0 = Release|ARM
		{808D24D5-03CF-4F1C-8C4C-43D4B7A31BEE}.Ad-Hoc|iPhone.ActiveCfg = Release|x86
		{808D24D5-03CF-4F1C-8C4C-43D4B7A31BEE}.Ad-Hoc|iPhone.Build.0 = Release|x86
		{808D24D5-03CF-4F1C-8C4C-43D4B7A31BEE}.Ad-Hoc|iPhone.Deploy.0 = Release|x86
		{808D24D5-03CF-4F1C-8C4C-43D4B7A31BEE}.Ad-Hoc|iPhoneSimulator.ActiveCfg = Release|x86
		{808D24D5-03CF-4F1C-8C4C-43D4B7A31BEE}.Ad-Hoc|iPhoneSimulator.Build.0 = Release|x86
		{808D24D5-03CF-4F1C-8C4C-43D4B7A31BEE}.Ad-Hoc|iPhoneSimulator.Deploy.0 = Release|x86
		{808D24D5-03CF-4F1C-8C4C-43D4B7A31BEE}.Ad-Hoc|x64.ActiveCfg = Release|x64
		{808D24D5-03CF-4F1C-8C4C-43D4B7A31BEE}.Ad-Hoc|x64.Build.0 = Release|x64
		{808D24D5-03CF-4F1C-8C4C-43D4B7A31BEE}.Ad-Hoc|x64.Deploy.0 = Release|x64
		{808D24D5-03CF-4F1C-8C4C-43D4B7A31BEE}.Ad-Hoc|x86.ActiveCfg = Release|x86
		{808D24D5-03CF-4F1C-8C4C-43D4B7A31BEE}.Ad-Hoc|x86.Build.0 = Release|x86
		{808D24D5-03CF-4F1C-8C4C-43D4B7A31BEE}.Ad-Hoc|x86.Deploy.0 = Release|x86
		{808D24D5-03CF-4F1C-8C4C-43D4B7A31BEE}.AppStore|Any CPU.ActiveCfg = Release|x86
		{808D24D5-03CF-4F1C-8C4C-43D4B7A31BEE}.AppStore|Any CPU.Build.0 = Release|x86
		{808D24D5-03CF-4F1C-8C4C-43D4B7A31BEE}.AppStore|Any CPU.Deploy.0 = Release|x86
		{808D24D5-03CF-4F1C-8C4C-43D4B7A31BEE}.AppStore|ARM.ActiveCfg = Release|ARM
		{808D24D5-03CF-4F1C-8C4C-43D4B7A31BEE}.AppStore|ARM.Build.0 = Release|ARM
		{808D24D5-03CF-4F1C-8C4C-43D4B7A31BEE}.AppStore|ARM.Deploy.0 = Release|ARM
		{808D24D5-03CF-4F1C-8C4C-43D4B7A31BEE}.AppStore|iPhone.ActiveCfg = Release|x86
		{808D24D5-03CF-4F1C-8C4C-43D4B7A31BEE}.AppStore|iPhone.Build.0 = Release|x86
		{808D24D5-03CF-4F1C-8C4C-43D4B7A31BEE}.AppStore|iPhone.Deploy.0 = Release|x86
		{808D24D5-03CF-4F1C-8C4C-43D4B7A31BEE}.AppStore|iPhoneSimulator.ActiveCfg = Release|x86
		{808D24D5-03CF-4F1C-8C4C-43D4B7A31BEE}.AppStore|iPhoneSimulator.Build.0 = Release|x86
		{808D24D5-03CF-4F1C-8C4C-43D4B7A31BEE}.AppStore|iPhoneSimulator.Deploy.0 = Release|x86
		{808D24D5-03CF-4F1C-8C4C-43D4B7A31BEE}.AppStore|x64.ActiveCfg = Release|x64
		{808D24D5-03CF-4F1C-8C4C-43D4B7A31BEE}.AppStore|x64.Build.0 = Release|x64
		{808D24D5-03CF-4F1C-8C4C-43D4B7A31BEE}.AppStore|x64.Deploy.0 = Release|x64
		{808D24D5-03CF-4F1C-8C4C-43D4B7A31BEE}.AppStore|x86.ActiveCfg = Release|x86
		{808D24D5-03CF-4F1C-8C4C-43D4B7A31BEE}.AppStore|x86.Build.0 = Release|x86
		{808D24D5-03CF-4F1C-8C4C-43D4B7A31BEE}.AppStore|x86.Deploy.0 = Release|x86
		{808D24D5-03CF-4F1C-8C4C-43D4B7A31BEE}.Debug|Any CPU.ActiveCfg = Debug|x86
		{808D24D5-03CF-4F1C-8C4C-43D4B7A31BEE}.Debug|ARM.ActiveCfg = Debug|ARM
		{808D24D5-03CF-4F1C-8C4C-43D4B7A31BEE}.Debug|ARM.Build.0 = Debug|ARM
		{808D24D5-03CF-4F1C-8C4C-43D4B7A31BEE}.Debug|ARM.Deploy.0 = Debug|ARM
		{808D24D5-03CF-4F1C-8C4C-43D4B7A31BEE}.Debug|iPhone.ActiveCfg = Debug|x86
		{808D24D5-03CF-4F1C-8C4C-43D4B7A31BEE}.Debug|iPhoneSimulator.ActiveCfg = Debug|x86
		{808D24D5-03CF-4F1C-8C4C-43D4B7A31BEE}.Debug|x64.ActiveCfg = Debug|x64
		{808D24D5-03CF-4F1C-8C4C-43D4B7A31BEE}.Debug|x64.Build.0 = Debug|x64
		{808D24D5-03CF-4F1C-8C4C-43D4B7A31BEE}.Debug|x64.Deploy.0 = Debug|x64
		{808D24D5-03CF-4F1C-8C4C-43D4B7A31BEE}.Debug|x86.ActiveCfg = Debug|x86
		{808D24D5-03CF-4F1C-8C4C-43D4B7A31BEE}.Debug|x86.Build.0 = Debug|x86
		{808D24D5-03CF-4F1C-8C4C-43D4B7A31BEE}.Debug|x86.Deploy.0 = Debug|x86
		{808D24D5-03CF-4F1C-8C4C-43D4B7A31BEE}.Release|Any CPU.ActiveCfg = Release|x86
		{808D24D5-03CF-4F1C-8C4C-43D4B7A31BEE}.Release|ARM.ActiveCfg = Release|ARM
		{808D24D5-03CF-4F1C-8C4C-43D4B7A31BEE}.Release|ARM.Build.0 = Release|ARM
		{808D24D5-03CF-4F1C-8C4C-43D4B7A31BEE}.Release|ARM.Deploy.0 = Release|ARM
		{808D24D5-03CF-4F1C-8C4C-43D4B7A31BEE}.Release|iPhone.ActiveCfg = Release|x86
		{808D24D5-03CF-4F1C-8C4C-43D4B7A31BEE}.Release|iPhoneSimulator.ActiveCfg = Release|x86
		{808D24D5-03CF-4F1C-8C4C-43D4B7A31BEE}.Release|x64.ActiveCfg = Release|x64
		{808D24D5-03CF-4F1C-8C4C-43D4B7A31BEE}.Release|x64.Build.0 = Release|x64
		{808D24D5-03CF-4F1C-8C4C-43D4B7A31BEE}.Release|x64.Deploy.0 = Release|x64
		{808D24D5-03CF-4F1C-8C4C-43D4B7A31BEE}.Release|x86.ActiveCfg = Release|x86
		{808D24D5-03CF-4F1C-8C4C-43D4B7A31BEE}.Release|x86.Build.0 = Release|x86
		{808D24D5-03CF-4F1C-8C4C-43D4B7A31BEE}.Release|x86.Deploy.0 = Release|x86
		{0237BC35-797C-4B37-82E7-C051A9EB794D}.Ad-Hoc|Any CPU.ActiveCfg = Debug|Any CPU
		{0237BC35-797C-4B37-82E7-C051A9EB794D}.Ad-Hoc|Any CPU.Build.0 = Debug|Any CPU
		{0237BC35-797C-4B37-82E7-C051A9EB794D}.Ad-Hoc|ARM.ActiveCfg = Debug|Any CPU
		{0237BC35-797C-4B37-82E7-C051A9EB794D}.Ad-Hoc|ARM.Build.0 = Debug|Any CPU
		{0237BC35-797C-4B37-82E7-C051A9EB794D}.Ad-Hoc|iPhone.ActiveCfg = Debug|Any CPU
		{0237BC35-797C-4B37-82E7-C051A9EB794D}.Ad-Hoc|iPhone.Build.0 = Debug|Any CPU
		{0237BC35-797C-4B37-82E7-C051A9EB794D}.Ad-Hoc|iPhoneSimulator.ActiveCfg = Debug|Any CPU
		{0237BC35-797C-4B37-82E7-C051A9EB794D}.Ad-Hoc|iPhoneSimulator.Build.0 = Debug|Any CPU
		{0237BC35-797C-4B37-82E7-C051A9EB794D}.Ad-Hoc|x64.ActiveCfg = Debug|Any CPU
		{0237BC35-797C-4B37-82E7-C051A9EB794D}.Ad-Hoc|x64.Build.0 = Debug|Any CPU
		{0237BC35-797C-4B37-82E7-C051A9EB794D}.Ad-Hoc|x86.ActiveCfg = Debug|Any CPU
		{0237BC35-797C-4B37-82E7-C051A9EB794D}.Ad-Hoc|x86.Build.0 = Debug|Any CPU
		{0237BC35-797C-4B37-82E7-C051A9EB794D}.AppStore|Any CPU.ActiveCfg = Debug|Any CPU
		{0237BC35-797C-4B37-82E7-C051A9EB794D}.AppStore|Any CPU.Build.0 = Debug|Any CPU
		{0237BC35-797C-4B37-82E7-C051A9EB794D}.AppStore|ARM.ActiveCfg = Debug|Any CPU
		{0237BC35-797C-4B37-82E7-C051A9EB794D}.AppStore|ARM.Build.0 = Debug|Any CPU
		{0237BC35-797C-4B37-82E7-C051A9EB794D}.AppStore|iPhone.ActiveCfg = Debug|Any CPU
		{0237BC35-797C-4B37-82E7-C051A9EB794D}.AppStore|iPhone.Build.0 = Debug|Any CPU
		{0237BC35-797C-4B37-82E7-C051A9EB794D}.AppStore|iPhoneSimulator.ActiveCfg = Debug|Any CPU
		{0237BC35-797C-4B37-82E7-C051A9EB794D}.AppStore|iPhoneSimulator.Build.0 = Debug|Any CPU
		{0237BC35-797C-4B37-82E7-C051A9EB794D}.AppStore|x64.ActiveCfg = Debug|Any CPU
		{0237BC35-797C-4B37-82E7-C051A9EB794D}.AppStore|x64.Build.0 = Debug|Any CPU
		{0237BC35-797C-4B37-82E7-C051A9EB794D}.AppStore|x86.ActiveCfg = Debug|Any CPU
		{0237BC35-797C-4B37-82E7-C051A9EB794D}.AppStore|x86.Build.0 = Debug|Any CPU
		{0237BC35-797C-4B37-82E7-C051A9EB794D}.Debug|Any CPU.ActiveCfg = Debug|Any CPU
		{0237BC35-797C-4B37-82E7-C051A9EB794D}.Debug|Any CPU.Build.0 = Debug|Any CPU
		{0237BC35-797C-4B37-82E7-C051A9EB794D}.Debug|ARM.ActiveCfg = Debug|Any CPU
		{0237BC35-797C-4B37-82E7-C051A9EB794D}.Debug|ARM.Build.0 = Debug|Any CPU
		{0237BC35-797C-4B37-82E7-C051A9EB794D}.Debug|iPhone.ActiveCfg = Debug|Any CPU
		{0237BC35-797C-4B37-82E7-C051A9EB794D}.Debug|iPhone.Build.0 = Debug|Any CPU
		{0237BC35-797C-4B37-82E7-C051A9EB794D}.Debug|iPhoneSimulator.ActiveCfg = Debug|Any CPU
		{0237BC35-797C-4B37-82E7-C051A9EB794D}.Debug|iPhoneSimulator.Build.0 = Debug|Any CPU
		{0237BC35-797C-4B37-82E7-C051A9EB794D}.Debug|x64.ActiveCfg = Debug|Any CPU
		{0237BC35-797C-4B37-82E7-C051A9EB794D}.Debug|x64.Build.0 = Debug|Any CPU
		{0237BC35-797C-4B37-82E7-C051A9EB794D}.Debug|x86.ActiveCfg = Debug|Any CPU
		{0237BC35-797C-4B37-82E7-C051A9EB794D}.Debug|x86.Build.0 = Debug|Any CPU
		{0237BC35-797C-4B37-82E7-C051A9EB794D}.Release|Any CPU.ActiveCfg = Release|Any CPU
		{0237BC35-797C-4B37-82E7-C051A9EB794D}.Release|Any CPU.Build.0 = Release|Any CPU
		{0237BC35-797C-4B37-82E7-C051A9EB794D}.Release|ARM.ActiveCfg = Release|Any CPU
		{0237BC35-797C-4B37-82E7-C051A9EB794D}.Release|ARM.Build.0 = Release|Any CPU
		{0237BC35-797C-4B37-82E7-C051A9EB794D}.Release|iPhone.ActiveCfg = Release|Any CPU
		{0237BC35-797C-4B37-82E7-C051A9EB794D}.Release|iPhone.Build.0 = Release|Any CPU
		{0237BC35-797C-4B37-82E7-C051A9EB794D}.Release|iPhoneSimulator.ActiveCfg = Release|Any CPU
		{0237BC35-797C-4B37-82E7-C051A9EB794D}.Release|iPhoneSimulator.Build.0 = Release|Any CPU
		{0237BC35-797C-4B37-82E7-C051A9EB794D}.Release|x64.ActiveCfg = Release|Any CPU
		{0237BC35-797C-4B37-82E7-C051A9EB794D}.Release|x64.Build.0 = Release|Any CPU
		{0237BC35-797C-4B37-82E7-C051A9EB794D}.Release|x86.ActiveCfg = Release|Any CPU
		{0237BC35-797C-4B37-82E7-C051A9EB794D}.Release|x86.Build.0 = Release|Any CPU
	EndGlobalSection
	GlobalSection(SolutionProperties) = preSolution
		HideSolutionNode = FALSE
	EndGlobalSection
	GlobalSection(ExtensibilityGlobals) = postSolution
		SolutionGuid = {3AB2FD8B-23BA-4EDC-ABD6-C4231310D966}
	EndGlobalSection
EndGlobal
