
Microsoft Visual Studio Solution File, Format Version 12.00
# Visual Studio 15
VisualStudioVersion = 15.0.27130.2010
MinimumVisualStudioVersion = 10.0.40219.1
Project("{9A19103F-16F7-4668-BE54-9A1E7A4F7556}") = "SampleBrowser.SfCheckBox", "CheckBox\SampleBrowser.SfCheckBox.csproj", "{438FC072-0658-472A-9234-E37705F471CD}"
EndProject
Project("{FAE04EC0-301F-11D3-BF4B-00C04F79EFBC}") = "SampleBrowser.SfCheckBox.Droid", "CheckBox.Droid\SampleBrowser.SfCheckBox.Droid.csproj", "{B4E898B0-6DF3-4B79-B1D8-68C6975D9A25}"
EndProject
Project("{FAE04EC0-301F-11D3-BF4B-00C04F79EFBC}") = "SampleBrowser.SfCheckBox.iOS", "CheckBox.iOS\SampleBrowser.SfCheckBox.iOS.csproj", "{6A848DCF-D30E-46BC-8E47-0381B4C963E6}"
EndProject
Project("{FAE04EC0-301F-11D3-BF4B-00C04F79EFBC}") = "SampleBrowser.SfCheckBox.UWP", "CheckBox.UWP\SampleBrowser.SfCheckBox.UWP.csproj", "{3FF2063F-6252-452C-B87F-109483597429}"
EndProject
Project("{FAE04EC0-301F-11D3-BF4B-00C04F79EFBC}") = "SampleBrowser.SfCheckBox.WPF", "CheckBox.WPF\SampleBrowser.SfCheckBox.WPF.csproj", "{D3A7FA3A-8B85-40B8-8408-163EB7932826}"
EndProject

Global
	GlobalSection(SolutionConfigurationPlatforms) = preSolution
		Ad-Hoc|Any CPU = Ad-Hoc|Any CPU
		Ad-Hoc|ARM = Ad-Hoc|ARM
		Ad-Hoc|iPhone = Ad-Hoc|iPhone
		Ad-Hoc|iPhoneSimulator = Ad-Hoc|iPhoneSimulator
		Ad-Hoc|x64 = Ad-Hoc|x64
		Ad-Hoc|x86 = Ad-Hoc|x86
		AppStore|Any CPU = AppStore|Any CPU
		AppStore|ARM = AppStore|ARM
		AppStore|iPhone = AppStore|iPhone
		AppStore|iPhoneSimulator = AppStore|iPhoneSimulator
		AppStore|x64 = AppStore|x64
		AppStore|x86 = AppStore|x86
		Debug|Any CPU = Debug|Any CPU
		Debug|ARM = Debug|ARM
		Debug|iPhone = Debug|iPhone
		Debug|iPhoneSimulator = Debug|iPhoneSimulator
		Debug|x64 = Debug|x64
		Debug|x86 = Debug|x86
		Release|Any CPU = Release|Any CPU
		Release|ARM = Release|ARM
		Release|iPhone = Release|iPhone
		Release|iPhoneSimulator = Release|iPhoneSimulator
		Release|x64 = Release|x64
		Release|x86 = Release|x86
		Release-xml|Any CPU = Release-xml|Any CPU
		Release-xml|ARM = Release-xml|ARM
		Release-xml|iPhone = Release-xml|iPhone
		Release-xml|iPhoneSimulator = Release-xml|iPhoneSimulator
		Release-xml|x64 = Release-xml|x64
		Release-xml|x86 = Release-xml|x86
	EndGlobalSection
	GlobalSection(ProjectConfigurationPlatforms) = postSolution
		{438FC072-0658-472A-9234-E37705F471CD}.Ad-Hoc|Any CPU.ActiveCfg = Debug|Any CPU
		{438FC072-0658-472A-9234-E37705F471CD}.Ad-Hoc|Any CPU.Build.0 = Debug|Any CPU
		{438FC072-0658-472A-9234-E37705F471CD}.Ad-Hoc|ARM.ActiveCfg = Debug|Any CPU
		{438FC072-0658-472A-9234-E37705F471CD}.Ad-Hoc|ARM.Build.0 = Debug|Any CPU
		{438FC072-0658-472A-9234-E37705F471CD}.Ad-Hoc|iPhone.ActiveCfg = Debug|Any CPU
		{438FC072-0658-472A-9234-E37705F471CD}.Ad-Hoc|iPhone.Build.0 = Debug|Any CPU
		{438FC072-0658-472A-9234-E37705F471CD}.Ad-Hoc|iPhoneSimulator.ActiveCfg = Debug|Any CPU
		{438FC072-0658-472A-9234-E37705F471CD}.Ad-Hoc|iPhoneSimulator.Build.0 = Debug|Any CPU
		{438FC072-0658-472A-9234-E37705F471CD}.Ad-Hoc|x64.ActiveCfg = Debug|Any CPU
		{438FC072-0658-472A-9234-E37705F471CD}.Ad-Hoc|x64.Build.0 = Debug|Any CPU
		{438FC072-0658-472A-9234-E37705F471CD}.Ad-Hoc|x86.ActiveCfg = Debug|Any CPU
		{438FC072-0658-472A-9234-E37705F471CD}.Ad-Hoc|x86.Build.0 = Debug|Any CPU
		{438FC072-0658-472A-9234-E37705F471CD}.AppStore|Any CPU.ActiveCfg = Debug|Any CPU
		{438FC072-0658-472A-9234-E37705F471CD}.AppStore|Any CPU.Build.0 = Debug|Any CPU
		{438FC072-0658-472A-9234-E37705F471CD}.AppStore|ARM.ActiveCfg = Debug|Any CPU
		{438FC072-0658-472A-9234-E37705F471CD}.AppStore|ARM.Build.0 = Debug|Any CPU
		{438FC072-0658-472A-9234-E37705F471CD}.AppStore|iPhone.ActiveCfg = Debug|Any CPU
		{438FC072-0658-472A-9234-E37705F471CD}.AppStore|iPhone.Build.0 = Debug|Any CPU
		{438FC072-0658-472A-9234-E37705F471CD}.AppStore|iPhoneSimulator.ActiveCfg = Debug|Any CPU
		{438FC072-0658-472A-9234-E37705F471CD}.AppStore|iPhoneSimulator.Build.0 = Debug|Any CPU
		{438FC072-0658-472A-9234-E37705F471CD}.AppStore|x64.ActiveCfg = Debug|Any CPU
		{438FC072-0658-472A-9234-E37705F471CD}.AppStore|x64.Build.0 = Debug|Any CPU
		{438FC072-0658-472A-9234-E37705F471CD}.AppStore|x86.ActiveCfg = Debug|Any CPU
		{438FC072-0658-472A-9234-E37705F471CD}.AppStore|x86.Build.0 = Debug|Any CPU
		{438FC072-0658-472A-9234-E37705F471CD}.Debug|Any CPU.ActiveCfg = Debug|Any CPU
		{438FC072-0658-472A-9234-E37705F471CD}.Debug|Any CPU.Build.0 = Debug|Any CPU
		{438FC072-0658-472A-9234-E37705F471CD}.Debug|ARM.ActiveCfg = Debug|Any CPU
		{438FC072-0658-472A-9234-E37705F471CD}.Debug|ARM.Build.0 = Debug|Any CPU
		{438FC072-0658-472A-9234-E37705F471CD}.Debug|iPhone.ActiveCfg = Debug|Any CPU
		{438FC072-0658-472A-9234-E37705F471CD}.Debug|iPhone.Build.0 = Debug|Any CPU
		{438FC072-0658-472A-9234-E37705F471CD}.Debug|iPhoneSimulator.ActiveCfg = Debug|Any CPU
		{438FC072-0658-472A-9234-E37705F471CD}.Debug|iPhoneSimulator.Build.0 = Debug|Any CPU
		{438FC072-0658-472A-9234-E37705F471CD}.Debug|x64.ActiveCfg = Debug|Any CPU
		{438FC072-0658-472A-9234-E37705F471CD}.Debug|x64.Build.0 = Debug|Any CPU
		{438FC072-0658-472A-9234-E37705F471CD}.Debug|x86.ActiveCfg = Debug|Any CPU
		{438FC072-0658-472A-9234-E37705F471CD}.Debug|x86.Build.0 = Debug|Any CPU
		{438FC072-0658-472A-9234-E37705F471CD}.Release|Any CPU.ActiveCfg = Release|Any CPU
		{438FC072-0658-472A-9234-E37705F471CD}.Release|Any CPU.Build.0 = Release|Any CPU
		{438FC072-0658-472A-9234-E37705F471CD}.Release|ARM.ActiveCfg = Release|Any CPU
		{438FC072-0658-472A-9234-E37705F471CD}.Release|ARM.Build.0 = Release|Any CPU
		{438FC072-0658-472A-9234-E37705F471CD}.Release|iPhone.ActiveCfg = Release|Any CPU
		{438FC072-0658-472A-9234-E37705F471CD}.Release|iPhone.Build.0 = Release|Any CPU
		{438FC072-0658-472A-9234-E37705F471CD}.Release|iPhoneSimulator.ActiveCfg = Release|Any CPU
		{438FC072-0658-472A-9234-E37705F471CD}.Release|iPhoneSimulator.Build.0 = Release|Any CPU
		{438FC072-0658-472A-9234-E37705F471CD}.Release|x64.ActiveCfg = Release|Any CPU
		{438FC072-0658-472A-9234-E37705F471CD}.Release|x64.Build.0 = Release|Any CPU
		{438FC072-0658-472A-9234-E37705F471CD}.Release|x86.ActiveCfg = Release|Any CPU
		{438FC072-0658-472A-9234-E37705F471CD}.Release|x86.Build.0 = Release|Any CPU
		{438FC072-0658-472A-9234-E37705F471CD}.Release-xml|Any CPU.ActiveCfg = Release-xml|Any CPU
		{438FC072-0658-472A-9234-E37705F471CD}.Release-xml|Any CPU.Build.0 = Release-xml|Any CPU
		{438FC072-0658-472A-9234-E37705F471CD}.Release-xml|ARM.ActiveCfg = Release-xml|Any CPU
		{438FC072-0658-472A-9234-E37705F471CD}.Release-xml|ARM.Build.0 = Release-xml|Any CPU
		{438FC072-0658-472A-9234-E37705F471CD}.Release-xml|iPhone.ActiveCfg = Release-xml|Any CPU
		{438FC072-0658-472A-9234-E37705F471CD}.Release-xml|iPhone.Build.0 = Release-xml|Any CPU
		{438FC072-0658-472A-9234-E37705F471CD}.Release-xml|iPhoneSimulator.ActiveCfg = Release-xml|Any CPU
		{438FC072-0658-472A-9234-E37705F471CD}.Release-xml|iPhoneSimulator.Build.0 = Release-xml|Any CPU
		{438FC072-0658-472A-9234-E37705F471CD}.Release-xml|x64.ActiveCfg = Release-xml|Any CPU
		{438FC072-0658-472A-9234-E37705F471CD}.Release-xml|x64.Build.0 = Release-xml|Any CPU
		{438FC072-0658-472A-9234-E37705F471CD}.Release-xml|x86.ActiveCfg = Release-xml|Any CPU
		{438FC072-0658-472A-9234-E37705F471CD}.Release-xml|x86.Build.0 = Release-xml|Any CPU
		{B4E898B0-6DF3-4B79-B1D8-68C6975D9A25}.Ad-Hoc|Any CPU.ActiveCfg = Release|Any CPU
		{B4E898B0-6DF3-4B79-B1D8-68C6975D9A25}.Ad-Hoc|Any CPU.Build.0 = Release|Any CPU
		{B4E898B0-6DF3-4B79-B1D8-68C6975D9A25}.Ad-Hoc|Any CPU.Deploy.0 = Release|Any CPU
		{B4E898B0-6DF3-4B79-B1D8-68C6975D9A25}.Ad-Hoc|ARM.ActiveCfg = Release|Any CPU
		{B4E898B0-6DF3-4B79-B1D8-68C6975D9A25}.Ad-Hoc|ARM.Build.0 = Release|Any CPU
		{B4E898B0-6DF3-4B79-B1D8-68C6975D9A25}.Ad-Hoc|ARM.Deploy.0 = Release|Any CPU
		{B4E898B0-6DF3-4B79-B1D8-68C6975D9A25}.Ad-Hoc|iPhone.ActiveCfg = Release|Any CPU
		{B4E898B0-6DF3-4B79-B1D8-68C6975D9A25}.Ad-Hoc|iPhone.Build.0 = Release|Any CPU
		{B4E898B0-6DF3-4B79-B1D8-68C6975D9A25}.Ad-Hoc|iPhone.Deploy.0 = Release|Any CPU
		{B4E898B0-6DF3-4B79-B1D8-68C6975D9A25}.Ad-Hoc|iPhoneSimulator.ActiveCfg = Release|Any CPU
		{B4E898B0-6DF3-4B79-B1D8-68C6975D9A25}.Ad-Hoc|iPhoneSimulator.Build.0 = Release|Any CPU
		{B4E898B0-6DF3-4B79-B1D8-68C6975D9A25}.Ad-Hoc|iPhoneSimulator.Deploy.0 = Release|Any CPU
		{B4E898B0-6DF3-4B79-B1D8-68C6975D9A25}.Ad-Hoc|x64.ActiveCfg = Release|Any CPU
		{B4E898B0-6DF3-4B79-B1D8-68C6975D9A25}.Ad-Hoc|x64.Build.0 = Release|Any CPU
		{B4E898B0-6DF3-4B79-B1D8-68C6975D9A25}.Ad-Hoc|x64.Deploy.0 = Release|Any CPU
		{B4E898B0-6DF3-4B79-B1D8-68C6975D9A25}.Ad-Hoc|x86.ActiveCfg = Release|Any CPU
		{B4E898B0-6DF3-4B79-B1D8-68C6975D9A25}.Ad-Hoc|x86.Build.0 = Release|Any CPU
		{B4E898B0-6DF3-4B79-B1D8-68C6975D9A25}.Ad-Hoc|x86.Deploy.0 = Release|Any CPU
		{B4E898B0-6DF3-4B79-B1D8-68C6975D9A25}.AppStore|Any CPU.ActiveCfg = Release|Any CPU
		{B4E898B0-6DF3-4B79-B1D8-68C6975D9A25}.AppStore|Any CPU.Build.0 = Release|Any CPU
		{B4E898B0-6DF3-4B79-B1D8-68C6975D9A25}.AppStore|Any CPU.Deploy.0 = Release|Any CPU
		{B4E898B0-6DF3-4B79-B1D8-68C6975D9A25}.AppStore|ARM.ActiveCfg = Release|Any CPU
		{B4E898B0-6DF3-4B79-B1D8-68C6975D9A25}.AppStore|ARM.Build.0 = Release|Any CPU
		{B4E898B0-6DF3-4B79-B1D8-68C6975D9A25}.AppStore|ARM.Deploy.0 = Release|Any CPU
		{B4E898B0-6DF3-4B79-B1D8-68C6975D9A25}.AppStore|iPhone.ActiveCfg = Release|Any CPU
		{B4E898B0-6DF3-4B79-B1D8-68C6975D9A25}.AppStore|iPhone.Build.0 = Release|Any CPU
		{B4E898B0-6DF3-4B79-B1D8-68C6975D9A25}.AppStore|iPhone.Deploy.0 = Release|Any CPU
		{B4E898B0-6DF3-4B79-B1D8-68C6975D9A25}.AppStore|iPhoneSimulator.ActiveCfg = Release|Any CPU
		{B4E898B0-6DF3-4B79-B1D8-68C6975D9A25}.AppStore|iPhoneSimulator.Build.0 = Release|Any CPU
		{B4E898B0-6DF3-4B79-B1D8-68C6975D9A25}.AppStore|iPhoneSimulator.Deploy.0 = Release|Any CPU
		{B4E898B0-6DF3-4B79-B1D8-68C6975D9A25}.AppStore|x64.ActiveCfg = Release|Any CPU
		{B4E898B0-6DF3-4B79-B1D8-68C6975D9A25}.AppStore|x64.Build.0 = Release|Any CPU
		{B4E898B0-6DF3-4B79-B1D8-68C6975D9A25}.AppStore|x64.Deploy.0 = Release|Any CPU
		{B4E898B0-6DF3-4B79-B1D8-68C6975D9A25}.AppStore|x86.ActiveCfg = Release|Any CPU
		{B4E898B0-6DF3-4B79-B1D8-68C6975D9A25}.AppStore|x86.Build.0 = Release|Any CPU
		{B4E898B0-6DF3-4B79-B1D8-68C6975D9A25}.AppStore|x86.Deploy.0 = Release|Any CPU
		{B4E898B0-6DF3-4B79-B1D8-68C6975D9A25}.Debug|Any CPU.ActiveCfg = Debug|Any CPU
		{B4E898B0-6DF3-4B79-B1D8-68C6975D9A25}.Debug|Any CPU.Build.0 = Debug|Any CPU
		{B4E898B0-6DF3-4B79-B1D8-68C6975D9A25}.Debug|Any CPU.Deploy.0 = Debug|Any CPU
		{B4E898B0-6DF3-4B79-B1D8-68C6975D9A25}.Debug|ARM.ActiveCfg = Debug|Any CPU
		{B4E898B0-6DF3-4B79-B1D8-68C6975D9A25}.Debug|ARM.Build.0 = Debug|Any CPU
		{B4E898B0-6DF3-4B79-B1D8-68C6975D9A25}.Debug|ARM.Deploy.0 = Debug|Any CPU
		{B4E898B0-6DF3-4B79-B1D8-68C6975D9A25}.Debug|iPhone.ActiveCfg = Debug|Any CPU
		{B4E898B0-6DF3-4B79-B1D8-68C6975D9A25}.Debug|iPhone.Build.0 = Debug|Any CPU
		{B4E898B0-6DF3-4B79-B1D8-68C6975D9A25}.Debug|iPhone.Deploy.0 = Debug|Any CPU
		{B4E898B0-6DF3-4B79-B1D8-68C6975D9A25}.Debug|iPhoneSimulator.ActiveCfg = Debug|Any CPU
		{B4E898B0-6DF3-4B79-B1D8-68C6975D9A25}.Debug|iPhoneSimulator.Build.0 = Debug|Any CPU
		{B4E898B0-6DF3-4B79-B1D8-68C6975D9A25}.Debug|iPhoneSimulator.Deploy.0 = Debug|Any CPU
		{B4E898B0-6DF3-4B79-B1D8-68C6975D9A25}.Debug|x64.ActiveCfg = Debug|Any CPU
		{B4E898B0-6DF3-4B79-B1D8-68C6975D9A25}.Debug|x64.Build.0 = Debug|Any CPU
		{B4E898B0-6DF3-4B79-B1D8-68C6975D9A25}.Debug|x64.Deploy.0 = Debug|Any CPU
		{B4E898B0-6DF3-4B79-B1D8-68C6975D9A25}.Debug|x86.ActiveCfg = Debug|Any CPU
		{B4E898B0-6DF3-4B79-B1D8-68C6975D9A25}.Debug|x86.Build.0 = Debug|Any CPU
		{B4E898B0-6DF3-4B79-B1D8-68C6975D9A25}.Debug|x86.Deploy.0 = Debug|Any CPU
		{B4E898B0-6DF3-4B79-B1D8-68C6975D9A25}.Release|Any CPU.ActiveCfg = Release|Any CPU
		{B4E898B0-6DF3-4B79-B1D8-68C6975D9A25}.Release|Any CPU.Build.0 = Release|Any CPU
		{B4E898B0-6DF3-4B79-B1D8-68C6975D9A25}.Release|Any CPU.Deploy.0 = Release|Any CPU
		{B4E898B0-6DF3-4B79-B1D8-68C6975D9A25}.Release|ARM.ActiveCfg = Release|Any CPU
		{B4E898B0-6DF3-4B79-B1D8-68C6975D9A25}.Release|ARM.Build.0 = Release|Any CPU
		{B4E898B0-6DF3-4B79-B1D8-68C6975D9A25}.Release|ARM.Deploy.0 = Release|Any CPU
		{B4E898B0-6DF3-4B79-B1D8-68C6975D9A25}.Release|iPhone.ActiveCfg = Release|Any CPU
		{B4E898B0-6DF3-4B79-B1D8-68C6975D9A25}.Release|iPhone.Build.0 = Release|Any CPU
		{B4E898B0-6DF3-4B79-B1D8-68C6975D9A25}.Release|iPhone.Deploy.0 = Release|Any CPU
		{B4E898B0-6DF3-4B79-B1D8-68C6975D9A25}.Release|iPhoneSimulator.ActiveCfg = Release|Any CPU
		{B4E898B0-6DF3-4B79-B1D8-68C6975D9A25}.Release|iPhoneSimulator.Build.0 = Release|Any CPU
		{B4E898B0-6DF3-4B79-B1D8-68C6975D9A25}.Release|iPhoneSimulator.Deploy.0 = Release|Any CPU
		{B4E898B0-6DF3-4B79-B1D8-68C6975D9A25}.Release|x64.ActiveCfg = Release|Any CPU
		{B4E898B0-6DF3-4B79-B1D8-68C6975D9A25}.Release|x64.Build.0 = Release|Any CPU
		{B4E898B0-6DF3-4B79-B1D8-68C6975D9A25}.Release|x64.Deploy.0 = Release|Any CPU
		{B4E898B0-6DF3-4B79-B1D8-68C6975D9A25}.Release|x86.ActiveCfg = Release|Any CPU
		{B4E898B0-6DF3-4B79-B1D8-68C6975D9A25}.Release|x86.Build.0 = Release|Any CPU
		{B4E898B0-6DF3-4B79-B1D8-68C6975D9A25}.Release|x86.Deploy.0 = Release|Any CPU
		{B4E898B0-6DF3-4B79-B1D8-68C6975D9A25}.Release-xml|Any CPU.ActiveCfg = Release-xml|Any CPU
		{B4E898B0-6DF3-4B79-B1D8-68C6975D9A25}.Release-xml|Any CPU.Build.0 = Release-xml|Any CPU
		{B4E898B0-6DF3-4B79-B1D8-68C6975D9A25}.Release-xml|Any CPU.Deploy.0 = Release-xml|Any CPU
		{B4E898B0-6DF3-4B79-B1D8-68C6975D9A25}.Release-xml|ARM.ActiveCfg = Release-xml|Any CPU
		{B4E898B0-6DF3-4B79-B1D8-68C6975D9A25}.Release-xml|ARM.Build.0 = Release-xml|Any CPU
		{B4E898B0-6DF3-4B79-B1D8-68C6975D9A25}.Release-xml|ARM.Deploy.0 = Release-xml|Any CPU
		{B4E898B0-6DF3-4B79-B1D8-68C6975D9A25}.Release-xml|iPhone.ActiveCfg = Release-xml|Any CPU
		{B4E898B0-6DF3-4B79-B1D8-68C6975D9A25}.Release-xml|iPhone.Build.0 = Release-xml|Any CPU
		{B4E898B0-6DF3-4B79-B1D8-68C6975D9A25}.Release-xml|iPhone.Deploy.0 = Release-xml|Any CPU
		{B4E898B0-6DF3-4B79-B1D8-68C6975D9A25}.Release-xml|iPhoneSimulator.ActiveCfg = Release-xml|Any CPU
		{B4E898B0-6DF3-4B79-B1D8-68C6975D9A25}.Release-xml|iPhoneSimulator.Build.0 = Release-xml|Any CPU
		{B4E898B0-6DF3-4B79-B1D8-68C6975D9A25}.Release-xml|iPhoneSimulator.Deploy.0 = Release-xml|Any CPU
		{B4E898B0-6DF3-4B79-B1D8-68C6975D9A25}.Release-xml|x64.ActiveCfg = Release-xml|Any CPU
		{B4E898B0-6DF3-4B79-B1D8-68C6975D9A25}.Release-xml|x64.Build.0 = Release-xml|Any CPU
		{B4E898B0-6DF3-4B79-B1D8-68C6975D9A25}.Release-xml|x64.Deploy.0 = Release-xml|Any CPU
		{B4E898B0-6DF3-4B79-B1D8-68C6975D9A25}.Release-xml|x86.ActiveCfg = Release-xml|Any CPU
		{B4E898B0-6DF3-4B79-B1D8-68C6975D9A25}.Release-xml|x86.Build.0 = Release-xml|Any CPU
		{B4E898B0-6DF3-4B79-B1D8-68C6975D9A25}.Release-xml|x86.Deploy.0 = Release-xml|Any CPU
		{6A848DCF-D30E-46BC-8E47-0381B4C963E6}.Ad-Hoc|Any CPU.ActiveCfg = Ad-Hoc|iPhone
		{6A848DCF-D30E-46BC-8E47-0381B4C963E6}.Ad-Hoc|ARM.ActiveCfg = Ad-Hoc|iPhone
		{6A848DCF-D30E-46BC-8E47-0381B4C963E6}.Ad-Hoc|iPhone.ActiveCfg = Ad-Hoc|iPhone
		{6A848DCF-D30E-46BC-8E47-0381B4C963E6}.Ad-Hoc|iPhone.Build.0 = Ad-Hoc|iPhone
		{6A848DCF-D30E-46BC-8E47-0381B4C963E6}.Ad-Hoc|iPhoneSimulator.ActiveCfg = Ad-Hoc|iPhoneSimulator
		{6A848DCF-D30E-46BC-8E47-0381B4C963E6}.Ad-Hoc|iPhoneSimulator.Build.0 = Ad-Hoc|iPhoneSimulator
		{6A848DCF-D30E-46BC-8E47-0381B4C963E6}.Ad-Hoc|x64.ActiveCfg = Ad-Hoc|iPhone
		{6A848DCF-D30E-46BC-8E47-0381B4C963E6}.Ad-Hoc|x86.ActiveCfg = Ad-Hoc|iPhone
		{6A848DCF-D30E-46BC-8E47-0381B4C963E6}.AppStore|Any CPU.ActiveCfg = AppStore|iPhone
		{6A848DCF-D30E-46BC-8E47-0381B4C963E6}.AppStore|ARM.ActiveCfg = AppStore|iPhone
		{6A848DCF-D30E-46BC-8E47-0381B4C963E6}.AppStore|iPhone.ActiveCfg = AppStore|iPhone
		{6A848DCF-D30E-46BC-8E47-0381B4C963E6}.AppStore|iPhone.Build.0 = AppStore|iPhone
		{6A848DCF-D30E-46BC-8E47-0381B4C963E6}.AppStore|iPhoneSimulator.ActiveCfg = AppStore|iPhoneSimulator
		{6A848DCF-D30E-46BC-8E47-0381B4C963E6}.AppStore|iPhoneSimulator.Build.0 = AppStore|iPhoneSimulator
		{6A848DCF-D30E-46BC-8E47-0381B4C963E6}.AppStore|x64.ActiveCfg = AppStore|iPhone
		{6A848DCF-D30E-46BC-8E47-0381B4C963E6}.AppStore|x86.ActiveCfg = AppStore|iPhone
		{6A848DCF-D30E-46BC-8E47-0381B4C963E6}.Debug|Any CPU.ActiveCfg = Debug|iPhoneSimulator
		{6A848DCF-D30E-46BC-8E47-0381B4C963E6}.Debug|Any CPU.Build.0 = Debug|iPhoneSimulator
		{6A848DCF-D30E-46BC-8E47-0381B4C963E6}.Debug|ARM.ActiveCfg = Debug|iPhone
		{6A848DCF-D30E-46BC-8E47-0381B4C963E6}.Debug|iPhone.ActiveCfg = Debug|iPhone
		{6A848DCF-D30E-46BC-8E47-0381B4C963E6}.Debug|iPhone.Build.0 = Debug|iPhone
		{6A848DCF-D30E-46BC-8E47-0381B4C963E6}.Debug|iPhoneSimulator.ActiveCfg = Debug|iPhoneSimulator
		{6A848DCF-D30E-46BC-8E47-0381B4C963E6}.Debug|iPhoneSimulator.Build.0 = Debug|iPhoneSimulator
		{6A848DCF-D30E-46BC-8E47-0381B4C963E6}.Debug|x64.ActiveCfg = Debug|iPhone
		{6A848DCF-D30E-46BC-8E47-0381B4C963E6}.Debug|x86.ActiveCfg = Debug|iPhone
		{6A848DCF-D30E-46BC-8E47-0381B4C963E6}.Release|Any CPU.ActiveCfg = Release|iPhoneSimulator
		{6A848DCF-D30E-46BC-8E47-0381B4C963E6}.Release|Any CPU.Build.0 = Release|iPhoneSimulator
		{6A848DCF-D30E-46BC-8E47-0381B4C963E6}.Release|ARM.ActiveCfg = Release|iPhone
		{6A848DCF-D30E-46BC-8E47-0381B4C963E6}.Release|iPhone.ActiveCfg = Release|iPhone
		{6A848DCF-D30E-46BC-8E47-0381B4C963E6}.Release|iPhone.Build.0 = Release|iPhone
		{6A848DCF-D30E-46BC-8E47-0381B4C963E6}.Release|iPhoneSimulator.ActiveCfg = Release|iPhoneSimulator
		{6A848DCF-D30E-46BC-8E47-0381B4C963E6}.Release|iPhoneSimulator.Build.0 = Release|iPhoneSimulator
		{6A848DCF-D30E-46BC-8E47-0381B4C963E6}.Release|x64.ActiveCfg = Release|iPhone
		{6A848DCF-D30E-46BC-8E47-0381B4C963E6}.Release|x86.ActiveCfg = Release|iPhone
		{6A848DCF-D30E-46BC-8E47-0381B4C963E6}.Release-xml|Any CPU.ActiveCfg = Release-xml|iPhoneSimulator
		{6A848DCF-D30E-46BC-8E47-0381B4C963E6}.Release-xml|Any CPU.Build.0 = Release-xml|iPhoneSimulator
		{6A848DCF-D30E-46BC-8E47-0381B4C963E6}.Release-xml|ARM.ActiveCfg = Release-xml|iPhone
		{6A848DCF-D30E-46BC-8E47-0381B4C963E6}.Release-xml|iPhone.ActiveCfg = Release-xml|iPhone
		{6A848DCF-D30E-46BC-8E47-0381B4C963E6}.Release-xml|iPhoneSimulator.ActiveCfg = Release-xml|iPhoneSimulator
		{6A848DCF-D30E-46BC-8E47-0381B4C963E6}.Release-xml|x64.ActiveCfg = Release-xml|iPhone
		{6A848DCF-D30E-46BC-8E47-0381B4C963E6}.Release-xml|x86.ActiveCfg = Release-xml|iPhone
		{3FF2063F-6252-452C-B87F-109483597429}.Ad-Hoc|Any CPU.ActiveCfg = Release|x86
		{3FF2063F-6252-452C-B87F-109483597429}.Ad-Hoc|Any CPU.Build.0 = Release|x86
		{3FF2063F-6252-452C-B87F-109483597429}.Ad-Hoc|Any CPU.Deploy.0 = Release|x86
		{3FF2063F-6252-452C-B87F-109483597429}.Ad-Hoc|ARM.ActiveCfg = Release|ARM
		{3FF2063F-6252-452C-B87F-109483597429}.Ad-Hoc|ARM.Build.0 = Release|ARM
		{3FF2063F-6252-452C-B87F-109483597429}.Ad-Hoc|ARM.Deploy.0 = Release|ARM
		{3FF2063F-6252-452C-B87F-109483597429}.Ad-Hoc|iPhone.ActiveCfg = Release|x86
		{3FF2063F-6252-452C-B87F-109483597429}.Ad-Hoc|iPhone.Build.0 = Release|x86
		{3FF2063F-6252-452C-B87F-109483597429}.Ad-Hoc|iPhone.Deploy.0 = Release|x86
		{3FF2063F-6252-452C-B87F-109483597429}.Ad-Hoc|iPhoneSimulator.ActiveCfg = Release|x86
		{3FF2063F-6252-452C-B87F-109483597429}.Ad-Hoc|iPhoneSimulator.Build.0 = Release|x86
		{3FF2063F-6252-452C-B87F-109483597429}.Ad-Hoc|iPhoneSimulator.Deploy.0 = Release|x86
		{3FF2063F-6252-452C-B87F-109483597429}.Ad-Hoc|x64.ActiveCfg = Release|x64
		{3FF2063F-6252-452C-B87F-109483597429}.Ad-Hoc|x64.Build.0 = Release|x64
		{3FF2063F-6252-452C-B87F-109483597429}.Ad-Hoc|x64.Deploy.0 = Release|x64
		{3FF2063F-6252-452C-B87F-109483597429}.Ad-Hoc|x86.ActiveCfg = Release|x86
		{3FF2063F-6252-452C-B87F-109483597429}.Ad-Hoc|x86.Build.0 = Release|x86
		{3FF2063F-6252-452C-B87F-109483597429}.Ad-Hoc|x86.Deploy.0 = Release|x86
		{3FF2063F-6252-452C-B87F-109483597429}.AppStore|Any CPU.ActiveCfg = Release|x86
		{3FF2063F-6252-452C-B87F-109483597429}.AppStore|Any CPU.Build.0 = Release|x86
		{3FF2063F-6252-452C-B87F-109483597429}.AppStore|Any CPU.Deploy.0 = Release|x86
		{3FF2063F-6252-452C-B87F-109483597429}.AppStore|ARM.ActiveCfg = Release|ARM
		{3FF2063F-6252-452C-B87F-109483597429}.AppStore|ARM.Build.0 = Release|ARM
		{3FF2063F-6252-452C-B87F-109483597429}.AppStore|ARM.Deploy.0 = Release|ARM
		{3FF2063F-6252-452C-B87F-109483597429}.AppStore|iPhone.ActiveCfg = Release|x86
		{3FF2063F-6252-452C-B87F-109483597429}.AppStore|iPhone.Build.0 = Release|x86
		{3FF2063F-6252-452C-B87F-109483597429}.AppStore|iPhone.Deploy.0 = Release|x86
		{3FF2063F-6252-452C-B87F-109483597429}.AppStore|iPhoneSimulator.ActiveCfg = Release|x86
		{3FF2063F-6252-452C-B87F-109483597429}.AppStore|iPhoneSimulator.Build.0 = Release|x86
		{3FF2063F-6252-452C-B87F-109483597429}.AppStore|iPhoneSimulator.Deploy.0 = Release|x86
		{3FF2063F-6252-452C-B87F-109483597429}.AppStore|x64.ActiveCfg = Release|x64
		{3FF2063F-6252-452C-B87F-109483597429}.AppStore|x64.Build.0 = Release|x64
		{3FF2063F-6252-452C-B87F-109483597429}.AppStore|x64.Deploy.0 = Release|x64
		{3FF2063F-6252-452C-B87F-109483597429}.AppStore|x86.ActiveCfg = Release|x86
		{3FF2063F-6252-452C-B87F-109483597429}.AppStore|x86.Build.0 = Release|x86
		{3FF2063F-6252-452C-B87F-109483597429}.AppStore|x86.Deploy.0 = Release|x86
		{3FF2063F-6252-452C-B87F-109483597429}.Debug|Any CPU.ActiveCfg = Debug|x86
		{3FF2063F-6252-452C-B87F-109483597429}.Debug|Any CPU.Build.0 = Debug|x86
		{3FF2063F-6252-452C-B87F-109483597429}.Debug|Any CPU.Deploy.0 = Debug|x86
		{3FF2063F-6252-452C-B87F-109483597429}.Debug|ARM.ActiveCfg = Debug|ARM
		{3FF2063F-6252-452C-B87F-109483597429}.Debug|ARM.Build.0 = Debug|ARM
		{3FF2063F-6252-452C-B87F-109483597429}.Debug|ARM.Deploy.0 = Debug|ARM
		{3FF2063F-6252-452C-B87F-109483597429}.Debug|iPhone.ActiveCfg = Debug|x86
		{3FF2063F-6252-452C-B87F-109483597429}.Debug|iPhoneSimulator.ActiveCfg = Debug|x86
		{3FF2063F-6252-452C-B87F-109483597429}.Debug|x64.ActiveCfg = Debug|x64
		{3FF2063F-6252-452C-B87F-109483597429}.Debug|x64.Build.0 = Debug|x64
		{3FF2063F-6252-452C-B87F-109483597429}.Debug|x64.Deploy.0 = Debug|x64
		{3FF2063F-6252-452C-B87F-109483597429}.Debug|x86.ActiveCfg = Debug|x86
		{3FF2063F-6252-452C-B87F-109483597429}.Debug|x86.Build.0 = Debug|x86
		{3FF2063F-6252-452C-B87F-109483597429}.Debug|x86.Deploy.0 = Debug|x86
		{3FF2063F-6252-452C-B87F-109483597429}.Release|Any CPU.ActiveCfg = Release|x86
		{3FF2063F-6252-452C-B87F-109483597429}.Release|Any CPU.Build.0 = Release|x86
		{3FF2063F-6252-452C-B87F-109483597429}.Release|Any CPU.Deploy.0 = Release|x86
		{3FF2063F-6252-452C-B87F-109483597429}.Release|ARM.ActiveCfg = Release|ARM
		{3FF2063F-6252-452C-B87F-109483597429}.Release|ARM.Build.0 = Release|ARM
		{3FF2063F-6252-452C-B87F-109483597429}.Release|ARM.Deploy.0 = Release|ARM
		{3FF2063F-6252-452C-B87F-109483597429}.Release|iPhone.ActiveCfg = Release|x86
		{3FF2063F-6252-452C-B87F-109483597429}.Release|iPhoneSimulator.ActiveCfg = Release|x86
		{3FF2063F-6252-452C-B87F-109483597429}.Release|x64.ActiveCfg = Release|x64
		{3FF2063F-6252-452C-B87F-109483597429}.Release|x64.Build.0 = Release|x64
		{3FF2063F-6252-452C-B87F-109483597429}.Release|x64.Deploy.0 = Release|x64
		{3FF2063F-6252-452C-B87F-109483597429}.Release|x86.ActiveCfg = Release|x86
		{3FF2063F-6252-452C-B87F-109483597429}.Release|x86.Build.0 = Release|x86
		{3FF2063F-6252-452C-B87F-109483597429}.Release|x86.Deploy.0 = Release|x86
		{3FF2063F-6252-452C-B87F-109483597429}.Release-xml|Any CPU.ActiveCfg = Release-xml|x86
		{3FF2063F-6252-452C-B87F-109483597429}.Release-xml|Any CPU.Build.0 = Release-xml|x86
		{3FF2063F-6252-452C-B87F-109483597429}.Release-xml|Any CPU.Deploy.0 = Release-xml|x86
		{3FF2063F-6252-452C-B87F-109483597429}.Release-xml|ARM.ActiveCfg = Release-xml|ARM
		{3FF2063F-6252-452C-B87F-109483597429}.Release-xml|ARM.Deploy.0 = Release-xml|ARM
		{3FF2063F-6252-452C-B87F-109483597429}.Release-xml|iPhone.ActiveCfg = Release-xml|x86
		{3FF2063F-6252-452C-B87F-109483597429}.Release-xml|iPhoneSimulator.ActiveCfg = Release-xml|x86
		{3FF2063F-6252-452C-B87F-109483597429}.Release-xml|x64.ActiveCfg = Release-xml|x64
		{3FF2063F-6252-452C-B87F-109483597429}.Release-xml|x64.Deploy.0 = Release-xml|x64
		{3FF2063F-6252-452C-B87F-109483597429}.Release-xml|x86.ActiveCfg = Release-xml|x86
		{3FF2063F-6252-452C-B87F-109483597429}.Release-xml|x86.Deploy.0 = Release-xml|x86
	    {D3A7FA3A-8B85-40B8-8408-163EB7932826}.Ad-Hoc|Any CPU.ActiveCfg = Release-xml|Any CPU
		{D3A7FA3A-8B85-40B8-8408-163EB7932826}.Ad-Hoc|Any CPU.Build.0 = Release-xml|Any CPU
		{D3A7FA3A-8B85-40B8-8408-163EB7932826}.Ad-Hoc|ARM.ActiveCfg = Release-xml|Any CPU
		{D3A7FA3A-8B85-40B8-8408-163EB7932826}.Ad-Hoc|ARM.Build.0 = Release-xml|Any CPU
		{D3A7FA3A-8B85-40B8-8408-163EB7932826}.Ad-Hoc|iPhone.ActiveCfg = Release|x86
		{D3A7FA3A-8B85-40B8-8408-163EB7932826}.Ad-Hoc|iPhone.Build.0 = Release|x86
		{D3A7FA3A-8B85-40B8-8408-163EB7932826}.Ad-Hoc|iPhone.Deploy.0 = Release|x86
		{D3A7FA3A-8B85-40B8-8408-163EB7932826}.Ad-Hoc|iPhoneSimulator.ActiveCfg = Release|x86
		{D3A7FA3A-8B85-40B8-8408-163EB7932826}.Ad-Hoc|iPhoneSimulator.Build.0 = Release|x86
		{D3A7FA3A-8B85-40B8-8408-163EB7932826}.Ad-Hoc|iPhoneSimulator.Deploy.0 = Release|x86
		{D3A7FA3A-8B85-40B8-8408-163EB7932826}.Ad-Hoc|x64.ActiveCfg = Release-xml|Any CPU
		{D3A7FA3A-8B85-40B8-8408-163EB7932826}.Ad-Hoc|x64.Build.0 = Release-xml|Any CPU
		{D3A7FA3A-8B85-40B8-8408-163EB7932826}.Ad-Hoc|x86.ActiveCfg = Release|x86
		{D3A7FA3A-8B85-40B8-8408-163EB7932826}.Ad-Hoc|x86.Build.0 = Release|x86
		{D3A7FA3A-8B85-40B8-8408-163EB7932826}.Ad-Hoc|x86.Deploy.0 = Release|x86
		{D3A7FA3A-8B85-40B8-8408-163EB7932826}.AppStore|Any CPU.ActiveCfg = Release|x86
		{D3A7FA3A-8B85-40B8-8408-163EB7932826}.AppStore|Any CPU.Build.0 = Release|x86
		{D3A7FA3A-8B85-40B8-8408-163EB7932826}.AppStore|Any CPU.Deploy.0 = Release|x86
		{D3A7FA3A-8B85-40B8-8408-163EB7932826}.AppStore|ARM.ActiveCfg = Release-xml|Any CPU
		{D3A7FA3A-8B85-40B8-8408-163EB7932826}.AppStore|ARM.Build.0 = Release-xml|Any CPU
		{D3A7FA3A-8B85-40B8-8408-163EB7932826}.AppStore|iPhone.ActiveCfg = Release|x86
		{D3A7FA3A-8B85-40B8-8408-163EB7932826}.AppStore|iPhone.Build.0 = Release|x86
		{D3A7FA3A-8B85-40B8-8408-163EB7932826}.AppStore|iPhone.Deploy.0 = Release|x86
		{D3A7FA3A-8B85-40B8-8408-163EB7932826}.AppStore|iPhoneSimulator.ActiveCfg = Release|x86
		{D3A7FA3A-8B85-40B8-8408-163EB7932826}.AppStore|iPhoneSimulator.Build.0 = Release|x86
		{D3A7FA3A-8B85-40B8-8408-163EB7932826}.AppStore|iPhoneSimulator.Deploy.0 = Release|x86
		{D3A7FA3A-8B85-40B8-8408-163EB7932826}.AppStore|x64.ActiveCfg = Release-xml|Any CPU
		{D3A7FA3A-8B85-40B8-8408-163EB7932826}.AppStore|x64.Build.0 = Release-xml|Any CPU
		{D3A7FA3A-8B85-40B8-8408-163EB7932826}.AppStore|x86.ActiveCfg = Release|x86
		{D3A7FA3A-8B85-40B8-8408-163EB7932826}.AppStore|x86.Build.0 = Release|x86
		{D3A7FA3A-8B85-40B8-8408-163EB7932826}.AppStore|x86.Deploy.0 = Release|x86
		{D3A7FA3A-8B85-40B8-8408-163EB7932826}.Debug|Any CPU.ActiveCfg = Debug|x86
		{D3A7FA3A-8B85-40B8-8408-163EB7932826}.Debug|Any CPU.Build.0 = Debug|x86
		{D3A7FA3A-8B85-40B8-8408-163EB7932826}.Debug|Any CPU.Deploy.0 = Debug|x86
		{D3A7FA3A-8B85-40B8-8408-163EB7932826}.Debug|ARM.ActiveCfg = Debug|Any CPU
		{D3A7FA3A-8B85-40B8-8408-163EB7932826}.Debug|ARM.Build.0 = Debug|Any CPU
		{D3A7FA3A-8B85-40B8-8408-163EB7932826}.Debug|iPhone.ActiveCfg = Debug|x86
		{D3A7FA3A-8B85-40B8-8408-163EB7932826}.Debug|iPhoneSimulator.ActiveCfg = Debug|x86
		{D3A7FA3A-8B85-40B8-8408-163EB7932826}.Debug|x64.ActiveCfg = Debug|Any CPU
		{D3A7FA3A-8B85-40B8-8408-163EB7932826}.Debug|x64.Build.0 = Debug|Any CPU
		{D3A7FA3A-8B85-40B8-8408-163EB7932826}.Debug|x86.ActiveCfg = Debug|x86
		{D3A7FA3A-8B85-40B8-8408-163EB7932826}.Debug|x86.Build.0 = Debug|x86
		{D3A7FA3A-8B85-40B8-8408-163EB7932826}.Debug|x86.Deploy.0 = Debug|x86
		{D3A7FA3A-8B85-40B8-8408-163EB7932826}.Release|Any CPU.ActiveCfg = Release|x86
		{D3A7FA3A-8B85-40B8-8408-163EB7932826}.Release|Any CPU.Build.0 = Release|x86
		{D3A7FA3A-8B85-40B8-8408-163EB7932826}.Release|Any CPU.Deploy.0 = Release|x86
		{D3A7FA3A-8B85-40B8-8408-163EB7932826}.Release|ARM.ActiveCfg = Release|Any CPU
		{D3A7FA3A-8B85-40B8-8408-163EB7932826}.Release|ARM.Build.0 = Release|Any CPU
		{D3A7FA3A-8B85-40B8-8408-163EB7932826}.Release|iPhone.ActiveCfg = Release|x86
		{D3A7FA3A-8B85-40B8-8408-163EB7932826}.Release|iPhoneSimulator.ActiveCfg = Release|x86
		{D3A7FA3A-8B85-40B8-8408-163EB7932826}.Release|x64.ActiveCfg = Release|Any CPU
		{D3A7FA3A-8B85-40B8-8408-163EB7932826}.Release|x64.Build.0 = Release|Any CPU
		{D3A7FA3A-8B85-40B8-8408-163EB7932826}.Release|x86.ActiveCfg = Release|x86
		{D3A7FA3A-8B85-40B8-8408-163EB7932826}.Release|x86.Build.0 = Release|x86
		{D3A7FA3A-8B85-40B8-8408-163EB7932826}.Release|x86.Deploy.0 = Release|x86
		{D3A7FA3A-8B85-40B8-8408-163EB7932826}.Release-xml|Any CPU.ActiveCfg = Release-xml|x86
		{D3A7FA3A-8B85-40B8-8408-163EB7932826}.Release-xml|Any CPU.Build.0 = Release-xml|x86
		{D3A7FA3A-8B85-40B8-8408-163EB7932826}.Release-xml|Any CPU.Deploy.0 = Release-xml|x86
		{D3A7FA3A-8B85-40B8-8408-163EB7932826}.Release-xml|ARM.ActiveCfg = Release-xml|Any CPU
		{D3A7FA3A-8B85-40B8-8408-163EB7932826}.Release-xml|ARM.Build.0 = Release-xml|Any CPU
		{D3A7FA3A-8B85-40B8-8408-163EB7932826}.Release-xml|iPhone.ActiveCfg = Release-xml|x86
		{D3A7FA3A-8B85-40B8-8408-163EB7932826}.Release-xml|iPhoneSimulator.ActiveCfg = Release-xml|x86
		{D3A7FA3A-8B85-40B8-8408-163EB7932826}.Release-xml|x64.ActiveCfg = Release-xml|Any CPU
		{D3A7FA3A-8B85-40B8-8408-163EB7932826}.Release-xml|x64.Build.0 = Release-xml|Any CPU
		{D3A7FA3A-8B85-40B8-8408-163EB7932826}.Release-xml|x86.ActiveCfg = Release-xml|x86
		{D3A7FA3A-8B85-40B8-8408-163EB7932826}.Release-xml|x86.Deploy.0 = Release-xml|x86
	EndGlobalSection
	GlobalSection(SolutionProperties) = preSolution
		HideSolutionNode = FALSE
	EndGlobalSection
	GlobalSection(ExtensibilityGlobals) = postSolution
		SolutionGuid = {36395866-D355-42D3-9156-FA106A0FDC98}
	EndGlobalSection
EndGlobal
