
Microsoft Visual Studio Solution File, Format Version 12.00
# Visual Studio 15
VisualStudioVersion = 15.0.27130.2003
MinimumVisualStudioVersion = 10.0.40219.1
Project("{FAE04EC0-301F-11D3-BF4B-00C04F79EFBC}") = "SampleBrowser.PDF.Android", "PDF.Android\SampleBrowser.PDF.Android.csproj", "{00BF7A4F-1FCF-4CF9-B8F8-067D46F6575A}"
EndProject
Project("{FAE04EC0-301F-11D3-BF4B-00C04F79EFBC}") = "SampleBrowser.PDF.iOS", "PDF.iOS\SampleBrowser.PDF.iOS.csproj", "{6D19D9EF-B23C-48BF-A3A2-C5363E37F50D}"
EndProject
Project("{FAE04EC0-301F-11D3-BF4B-00C04F79EFBC}") = "SampleBrowser.PDF.UWP", "PDF.UWP\SampleBrowser.PDF.UWP.csproj", "{8D34E9B1-73D4-4039-AA82-EA86F6336FC6}"
EndProject
Project("{9A19103F-16F7-4668-BE54-9A1E7A4F7556}") = "SampleBrowser.PDF", "PDF\SampleBrowser.PDF.csproj", "{28A32862-865E-4A9C-B655-3E657D84BB16}"
EndProject
Global
	GlobalSection(SolutionConfigurationPlatforms) = preSolution
		Ad-Hoc|Any CPU = Ad-Hoc|Any CPU
		Ad-Hoc|ARM = Ad-Hoc|ARM
		Ad-Hoc|iPhone = Ad-Hoc|iPhone
		Ad-Hoc|iPhoneSimulator = Ad-Hoc|iPhoneSimulator
		Ad-Hoc|x64 = Ad-Hoc|x64
		Ad-Hoc|x86 = Ad-Hoc|x86
		AppStore|Any CPU = AppStore|Any CPU
		AppStore|ARM = AppStore|ARM
		AppStore|iPhone = AppStore|iPhone
		AppStore|iPhoneSimulator = AppStore|iPhoneSimulator
		AppStore|x64 = AppStore|x64
		AppStore|x86 = AppStore|x86
		Debug|Any CPU = Debug|Any CPU
		Debug|ARM = Debug|ARM
		Debug|iPhone = Debug|iPhone
		Debug|iPhoneSimulator = Debug|iPhoneSimulator
		Debug|x64 = Debug|x64
		Debug|x86 = Debug|x86
		Release|Any CPU = Release|Any CPU
		Release|ARM = Release|ARM
		Release|iPhone = Release|iPhone
		Release|iPhoneSimulator = Release|iPhoneSimulator
		Release|x64 = Release|x64
		Release|x86 = Release|x86
		Release-xml|Any CPU = Release-xml|Any CPU
		Release-xml|ARM = Release-xml|ARM
		Release-xml|iPhone = Release-xml|iPhone
		Release-xml|iPhoneSimulator = Release-xml|iPhoneSimulator
		Release-xml|x64 = Release-xml|x64
		Release-xml|x86 = Release-xml|x86
	EndGlobalSection
	GlobalSection(ProjectConfigurationPlatforms) = postSolution
		{00BF7A4F-1FCF-4CF9-B8F8-067D46F6575A}.Ad-Hoc|Any CPU.ActiveCfg = Release|Any CPU
		{00BF7A4F-1FCF-4CF9-B8F8-067D46F6575A}.Ad-Hoc|Any CPU.Build.0 = Release|Any CPU
		{00BF7A4F-1FCF-4CF9-B8F8-067D46F6575A}.Ad-Hoc|Any CPU.Deploy.0 = Release|Any CPU
		{00BF7A4F-1FCF-4CF9-B8F8-067D46F6575A}.Ad-Hoc|ARM.ActiveCfg = Release|Any CPU
		{00BF7A4F-1FCF-4CF9-B8F8-067D46F6575A}.Ad-Hoc|ARM.Build.0 = Release|Any CPU
		{00BF7A4F-1FCF-4CF9-B8F8-067D46F6575A}.Ad-Hoc|ARM.Deploy.0 = Release|Any CPU
		{00BF7A4F-1FCF-4CF9-B8F8-067D46F6575A}.Ad-Hoc|iPhone.ActiveCfg = Release|Any CPU
		{00BF7A4F-1FCF-4CF9-B8F8-067D46F6575A}.Ad-Hoc|iPhone.Build.0 = Release|Any CPU
		{00BF7A4F-1FCF-4CF9-B8F8-067D46F6575A}.Ad-Hoc|iPhone.Deploy.0 = Release|Any CPU
		{00BF7A4F-1FCF-4CF9-B8F8-067D46F6575A}.Ad-Hoc|iPhoneSimulator.ActiveCfg = Release|Any CPU
		{00BF7A4F-1FCF-4CF9-B8F8-067D46F6575A}.Ad-Hoc|iPhoneSimulator.Build.0 = Release|Any CPU
		{00BF7A4F-1FCF-4CF9-B8F8-067D46F6575A}.Ad-Hoc|iPhoneSimulator.Deploy.0 = Release|Any CPU
		{00BF7A4F-1FCF-4CF9-B8F8-067D46F6575A}.Ad-Hoc|x64.ActiveCfg = Release|Any CPU
		{00BF7A4F-1FCF-4CF9-B8F8-067D46F6575A}.Ad-Hoc|x64.Build.0 = Release|Any CPU
		{00BF7A4F-1FCF-4CF9-B8F8-067D46F6575A}.Ad-Hoc|x64.Deploy.0 = Release|Any CPU
		{00BF7A4F-1FCF-4CF9-B8F8-067D46F6575A}.Ad-Hoc|x86.ActiveCfg = Release|Any CPU
		{00BF7A4F-1FCF-4CF9-B8F8-067D46F6575A}.Ad-Hoc|x86.Build.0 = Release|Any CPU
		{00BF7A4F-1FCF-4CF9-B8F8-067D46F6575A}.Ad-Hoc|x86.Deploy.0 = Release|Any CPU
		{00BF7A4F-1FCF-4CF9-B8F8-067D46F6575A}.AppStore|Any CPU.ActiveCfg = Release|Any CPU
		{00BF7A4F-1FCF-4CF9-B8F8-067D46F6575A}.AppStore|Any CPU.Build.0 = Release|Any CPU
		{00BF7A4F-1FCF-4CF9-B8F8-067D46F6575A}.AppStore|Any CPU.Deploy.0 = Release|Any CPU
		{00BF7A4F-1FCF-4CF9-B8F8-067D46F6575A}.AppStore|ARM.ActiveCfg = Release|Any CPU
		{00BF7A4F-1FCF-4CF9-B8F8-067D46F6575A}.AppStore|ARM.Build.0 = Release|Any CPU
		{00BF7A4F-1FCF-4CF9-B8F8-067D46F6575A}.AppStore|ARM.Deploy.0 = Release|Any CPU
		{00BF7A4F-1FCF-4CF9-B8F8-067D46F6575A}.AppStore|iPhone.ActiveCfg = Release|Any CPU
		{00BF7A4F-1FCF-4CF9-B8F8-067D46F6575A}.AppStore|iPhone.Build.0 = Release|Any CPU
		{00BF7A4F-1FCF-4CF9-B8F8-067D46F6575A}.AppStore|iPhone.Deploy.0 = Release|Any CPU
		{00BF7A4F-1FCF-4CF9-B8F8-067D46F6575A}.AppStore|iPhoneSimulator.ActiveCfg = Release|Any CPU
		{00BF7A4F-1FCF-4CF9-B8F8-067D46F6575A}.AppStore|iPhoneSimulator.Build.0 = Release|Any CPU
		{00BF7A4F-1FCF-4CF9-B8F8-067D46F6575A}.AppStore|iPhoneSimulator.Deploy.0 = Release|Any CPU
		{00BF7A4F-1FCF-4CF9-B8F8-067D46F6575A}.AppStore|x64.ActiveCfg = Release|Any CPU
		{00BF7A4F-1FCF-4CF9-B8F8-067D46F6575A}.AppStore|x64.Build.0 = Release|Any CPU
		{00BF7A4F-1FCF-4CF9-B8F8-067D46F6575A}.AppStore|x64.Deploy.0 = Release|Any CPU
		{00BF7A4F-1FCF-4CF9-B8F8-067D46F6575A}.AppStore|x86.ActiveCfg = Release|Any CPU
		{00BF7A4F-1FCF-4CF9-B8F8-067D46F6575A}.AppStore|x86.Build.0 = Release|Any CPU
		{00BF7A4F-1FCF-4CF9-B8F8-067D46F6575A}.AppStore|x86.Deploy.0 = Release|Any CPU
		{00BF7A4F-1FCF-4CF9-B8F8-067D46F6575A}.Debug|Any CPU.ActiveCfg = Debug|Any CPU
		{00BF7A4F-1FCF-4CF9-B8F8-067D46F6575A}.Debug|Any CPU.Build.0 = Debug|Any CPU
		{00BF7A4F-1FCF-4CF9-B8F8-067D46F6575A}.Debug|Any CPU.Deploy.0 = Debug|Any CPU
		{00BF7A4F-1FCF-4CF9-B8F8-067D46F6575A}.Debug|ARM.ActiveCfg = Debug|Any CPU
		{00BF7A4F-1FCF-4CF9-B8F8-067D46F6575A}.Debug|ARM.Build.0 = Debug|Any CPU
		{00BF7A4F-1FCF-4CF9-B8F8-067D46F6575A}.Debug|ARM.Deploy.0 = Debug|Any CPU
		{00BF7A4F-1FCF-4CF9-B8F8-067D46F6575A}.Debug|iPhone.ActiveCfg = Debug|Any CPU
		{00BF7A4F-1FCF-4CF9-B8F8-067D46F6575A}.Debug|iPhone.Build.0 = Debug|Any CPU
		{00BF7A4F-1FCF-4CF9-B8F8-067D46F6575A}.Debug|iPhone.Deploy.0 = Debug|Any CPU
		{00BF7A4F-1FCF-4CF9-B8F8-067D46F6575A}.Debug|iPhoneSimulator.ActiveCfg = Debug|Any CPU
		{00BF7A4F-1FCF-4CF9-B8F8-067D46F6575A}.Debug|iPhoneSimulator.Build.0 = Debug|Any CPU
		{00BF7A4F-1FCF-4CF9-B8F8-067D46F6575A}.Debug|iPhoneSimulator.Deploy.0 = Debug|Any CPU
		{00BF7A4F-1FCF-4CF9-B8F8-067D46F6575A}.Debug|x64.ActiveCfg = Debug|Any CPU
		{00BF7A4F-1FCF-4CF9-B8F8-067D46F6575A}.Debug|x64.Build.0 = Debug|Any CPU
		{00BF7A4F-1FCF-4CF9-B8F8-067D46F6575A}.Debug|x64.Deploy.0 = Debug|Any CPU
		{00BF7A4F-1FCF-4CF9-B8F8-067D46F6575A}.Debug|x86.ActiveCfg = Debug|Any CPU
		{00BF7A4F-1FCF-4CF9-B8F8-067D46F6575A}.Debug|x86.Build.0 = Debug|Any CPU
		{00BF7A4F-1FCF-4CF9-B8F8-067D46F6575A}.Debug|x86.Deploy.0 = Debug|Any CPU
		{00BF7A4F-1FCF-4CF9-B8F8-067D46F6575A}.Release|Any CPU.ActiveCfg = Release|Any CPU
		{00BF7A4F-1FCF-4CF9-B8F8-067D46F6575A}.Release|Any CPU.Build.0 = Release|Any CPU
		{00BF7A4F-1FCF-4CF9-B8F8-067D46F6575A}.Release|Any CPU.Deploy.0 = Release|Any CPU
		{00BF7A4F-1FCF-4CF9-B8F8-067D46F6575A}.Release|ARM.ActiveCfg = Release|Any CPU
		{00BF7A4F-1FCF-4CF9-B8F8-067D46F6575A}.Release|ARM.Build.0 = Release|Any CPU
		{00BF7A4F-1FCF-4CF9-B8F8-067D46F6575A}.Release|ARM.Deploy.0 = Release|Any CPU
		{00BF7A4F-1FCF-4CF9-B8F8-067D46F6575A}.Release|iPhone.ActiveCfg = Release|Any CPU
		{00BF7A4F-1FCF-4CF9-B8F8-067D46F6575A}.Release|iPhone.Build.0 = Release|Any CPU
		{00BF7A4F-1FCF-4CF9-B8F8-067D46F6575A}.Release|iPhone.Deploy.0 = Release|Any CPU
		{00BF7A4F-1FCF-4CF9-B8F8-067D46F6575A}.Release|iPhoneSimulator.ActiveCfg = Release|Any CPU
		{00BF7A4F-1FCF-4CF9-B8F8-067D46F6575A}.Release|iPhoneSimulator.Build.0 = Release|Any CPU
		{00BF7A4F-1FCF-4CF9-B8F8-067D46F6575A}.Release|iPhoneSimulator.Deploy.0 = Release|Any CPU
		{00BF7A4F-1FCF-4CF9-B8F8-067D46F6575A}.Release|x64.ActiveCfg = Release|Any CPU
		{00BF7A4F-1FCF-4CF9-B8F8-067D46F6575A}.Release|x64.Build.0 = Release|Any CPU
		{00BF7A4F-1FCF-4CF9-B8F8-067D46F6575A}.Release|x64.Deploy.0 = Release|Any CPU
		{00BF7A4F-1FCF-4CF9-B8F8-067D46F6575A}.Release|x86.ActiveCfg = Release|Any CPU
		{00BF7A4F-1FCF-4CF9-B8F8-067D46F6575A}.Release|x86.Build.0 = Release|Any CPU
		{00BF7A4F-1FCF-4CF9-B8F8-067D46F6575A}.Release|x86.Deploy.0 = Release|Any CPU
		{00BF7A4F-1FCF-4CF9-B8F8-067D46F6575A}.Release-xml|Any CPU.ActiveCfg = Release-xml|Any CPU
		{00BF7A4F-1FCF-4CF9-B8F8-067D46F6575A}.Release-xml|Any CPU.Build.0 = Release-xml|Any CPU
		{00BF7A4F-1FCF-4CF9-B8F8-067D46F6575A}.Release-xml|Any CPU.Deploy.0 = Release-xml|Any CPU
		{00BF7A4F-1FCF-4CF9-B8F8-067D46F6575A}.Release-xml|ARM.ActiveCfg = Release-xml|Any CPU
		{00BF7A4F-1FCF-4CF9-B8F8-067D46F6575A}.Release-xml|ARM.Build.0 = Release-xml|Any CPU
		{00BF7A4F-1FCF-4CF9-B8F8-067D46F6575A}.Release-xml|ARM.Deploy.0 = Release-xml|Any CPU
		{00BF7A4F-1FCF-4CF9-B8F8-067D46F6575A}.Release-xml|iPhone.ActiveCfg = Release-xml|Any CPU
		{00BF7A4F-1FCF-4CF9-B8F8-067D46F6575A}.Release-xml|iPhone.Build.0 = Release-xml|Any CPU
		{00BF7A4F-1FCF-4CF9-B8F8-067D46F6575A}.Release-xml|iPhone.Deploy.0 = Release-xml|Any CPU
		{00BF7A4F-1FCF-4CF9-B8F8-067D46F6575A}.Release-xml|iPhoneSimulator.ActiveCfg = Release-xml|Any CPU
		{00BF7A4F-1FCF-4CF9-B8F8-067D46F6575A}.Release-xml|iPhoneSimulator.Build.0 = Release-xml|Any CPU
		{00BF7A4F-1FCF-4CF9-B8F8-067D46F6575A}.Release-xml|iPhoneSimulator.Deploy.0 = Release-xml|Any CPU
		{00BF7A4F-1FCF-4CF9-B8F8-067D46F6575A}.Release-xml|x64.ActiveCfg = Release-xml|Any CPU
		{00BF7A4F-1FCF-4CF9-B8F8-067D46F6575A}.Release-xml|x64.Build.0 = Release-xml|Any CPU
		{00BF7A4F-1FCF-4CF9-B8F8-067D46F6575A}.Release-xml|x64.Deploy.0 = Release-xml|Any CPU
		{00BF7A4F-1FCF-4CF9-B8F8-067D46F6575A}.Release-xml|x86.ActiveCfg = Release-xml|Any CPU
		{00BF7A4F-1FCF-4CF9-B8F8-067D46F6575A}.Release-xml|x86.Build.0 = Release-xml|Any CPU
		{00BF7A4F-1FCF-4CF9-B8F8-067D46F6575A}.Release-xml|x86.Deploy.0 = Release-xml|Any CPU
		{6D19D9EF-B23C-48BF-A3A2-C5363E37F50D}.Ad-Hoc|Any CPU.ActiveCfg = Ad-Hoc|iPhone
		{6D19D9EF-B23C-48BF-A3A2-C5363E37F50D}.Ad-Hoc|ARM.ActiveCfg = Ad-Hoc|iPhone
		{6D19D9EF-B23C-48BF-A3A2-C5363E37F50D}.Ad-Hoc|iPhone.ActiveCfg = Ad-Hoc|iPhone
		{6D19D9EF-B23C-48BF-A3A2-C5363E37F50D}.Ad-Hoc|iPhone.Build.0 = Ad-Hoc|iPhone
		{6D19D9EF-B23C-48BF-A3A2-C5363E37F50D}.Ad-Hoc|iPhoneSimulator.ActiveCfg = Ad-Hoc|iPhoneSimulator
		{6D19D9EF-B23C-48BF-A3A2-C5363E37F50D}.Ad-Hoc|iPhoneSimulator.Build.0 = Ad-Hoc|iPhoneSimulator
		{6D19D9EF-B23C-48BF-A3A2-C5363E37F50D}.Ad-Hoc|x64.ActiveCfg = Ad-Hoc|iPhone
		{6D19D9EF-B23C-48BF-A3A2-C5363E37F50D}.Ad-Hoc|x86.ActiveCfg = Ad-Hoc|iPhone
		{6D19D9EF-B23C-48BF-A3A2-C5363E37F50D}.AppStore|Any CPU.ActiveCfg = AppStore|iPhone
		{6D19D9EF-B23C-48BF-A3A2-C5363E37F50D}.AppStore|ARM.ActiveCfg = AppStore|iPhone
		{6D19D9EF-B23C-48BF-A3A2-C5363E37F50D}.AppStore|iPhone.ActiveCfg = AppStore|iPhone
		{6D19D9EF-B23C-48BF-A3A2-C5363E37F50D}.AppStore|iPhone.Build.0 = AppStore|iPhone
		{6D19D9EF-B23C-48BF-A3A2-C5363E37F50D}.AppStore|iPhoneSimulator.ActiveCfg = AppStore|iPhoneSimulator
		{6D19D9EF-B23C-48BF-A3A2-C5363E37F50D}.AppStore|iPhoneSimulator.Build.0 = AppStore|iPhoneSimulator
		{6D19D9EF-B23C-48BF-A3A2-C5363E37F50D}.AppStore|x64.ActiveCfg = AppStore|iPhone
		{6D19D9EF-B23C-48BF-A3A2-C5363E37F50D}.AppStore|x86.ActiveCfg = AppStore|iPhone
		{6D19D9EF-B23C-48BF-A3A2-C5363E37F50D}.Debug|Any CPU.ActiveCfg = Debug|iPhone
		{6D19D9EF-B23C-48BF-A3A2-C5363E37F50D}.Debug|Any CPU.Build.0 = Debug|iPhone
		{6D19D9EF-B23C-48BF-A3A2-C5363E37F50D}.Debug|ARM.ActiveCfg = Debug|iPhone
		{6D19D9EF-B23C-48BF-A3A2-C5363E37F50D}.Debug|iPhone.ActiveCfg = Debug|iPhone
		{6D19D9EF-B23C-48BF-A3A2-C5363E37F50D}.Debug|iPhone.Build.0 = Debug|iPhone
		{6D19D9EF-B23C-48BF-A3A2-C5363E37F50D}.Debug|iPhoneSimulator.ActiveCfg = Debug|iPhoneSimulator
		{6D19D9EF-B23C-48BF-A3A2-C5363E37F50D}.Debug|iPhoneSimulator.Build.0 = Debug|iPhoneSimulator
		{6D19D9EF-B23C-48BF-A3A2-C5363E37F50D}.Debug|x64.ActiveCfg = Debug|iPhone
		{6D19D9EF-B23C-48BF-A3A2-C5363E37F50D}.Debug|x86.ActiveCfg = Debug|iPhone
		{6D19D9EF-B23C-48BF-A3A2-C5363E37F50D}.Release|Any CPU.ActiveCfg = Release|iPhone
		{6D19D9EF-B23C-48BF-A3A2-C5363E37F50D}.Release|Any CPU.Build.0 = Release|iPhone
		{6D19D9EF-B23C-48BF-A3A2-C5363E37F50D}.Release|ARM.ActiveCfg = Release|iPhone
		{6D19D9EF-B23C-48BF-A3A2-C5363E37F50D}.Release|iPhone.ActiveCfg = Release|iPhone
		{6D19D9EF-B23C-48BF-A3A2-C5363E37F50D}.Release|iPhone.Build.0 = Release|iPhone
		{6D19D9EF-B23C-48BF-A3A2-C5363E37F50D}.Release|iPhoneSimulator.ActiveCfg = Release|iPhoneSimulator
		{6D19D9EF-B23C-48BF-A3A2-C5363E37F50D}.Release|iPhoneSimulator.Build.0 = Release|iPhoneSimulator
		{6D19D9EF-B23C-48BF-A3A2-C5363E37F50D}.Release|x64.ActiveCfg = Release|iPhone
		{6D19D9EF-B23C-48BF-A3A2-C5363E37F50D}.Release|x86.ActiveCfg = Release|iPhone
		{6D19D9EF-B23C-48BF-A3A2-C5363E37F50D}.Release-xml|Any CPU.ActiveCfg = Release-xml|iPhone
		{6D19D9EF-B23C-48BF-A3A2-C5363E37F50D}.Release-xml|ARM.ActiveCfg = Release-xml|iPhone
		{6D19D9EF-B23C-48BF-A3A2-C5363E37F50D}.Release-xml|iPhone.ActiveCfg = Release-xml|iPhone
		{6D19D9EF-B23C-48BF-A3A2-C5363E37F50D}.Release-xml|iPhoneSimulator.ActiveCfg = Release-xml|iPhoneSimulator
		{6D19D9EF-B23C-48BF-A3A2-C5363E37F50D}.Release-xml|x64.ActiveCfg = Release-xml|iPhone
		{6D19D9EF-B23C-48BF-A3A2-C5363E37F50D}.Release-xml|x86.ActiveCfg = Release-xml|iPhone
		{8D34E9B1-73D4-4039-AA82-EA86F6336FC6}.Ad-Hoc|Any CPU.ActiveCfg = Release|x86
		{8D34E9B1-73D4-4039-AA82-EA86F6336FC6}.Ad-Hoc|Any CPU.Build.0 = Release|x86
		{8D34E9B1-73D4-4039-AA82-EA86F6336FC6}.Ad-Hoc|Any CPU.Deploy.0 = Release|x86
		{8D34E9B1-73D4-4039-AA82-EA86F6336FC6}.Ad-Hoc|ARM.ActiveCfg = Release|ARM
		{8D34E9B1-73D4-4039-AA82-EA86F6336FC6}.Ad-Hoc|ARM.Build.0 = Release|ARM
		{8D34E9B1-73D4-4039-AA82-EA86F6336FC6}.Ad-Hoc|ARM.Deploy.0 = Release|ARM
		{8D34E9B1-73D4-4039-AA82-EA86F6336FC6}.Ad-Hoc|iPhone.ActiveCfg = Release|x86
		{8D34E9B1-73D4-4039-AA82-EA86F6336FC6}.Ad-Hoc|iPhone.Build.0 = Release|x86
		{8D34E9B1-73D4-4039-AA82-EA86F6336FC6}.Ad-Hoc|iPhone.Deploy.0 = Release|x86
		{8D34E9B1-73D4-4039-AA82-EA86F6336FC6}.Ad-Hoc|iPhoneSimulator.ActiveCfg = Release|x86
		{8D34E9B1-73D4-4039-AA82-EA86F6336FC6}.Ad-Hoc|iPhoneSimulator.Build.0 = Release|x86
		{8D34E9B1-73D4-4039-AA82-EA86F6336FC6}.Ad-Hoc|iPhoneSimulator.Deploy.0 = Release|x86
		{8D34E9B1-73D4-4039-AA82-EA86F6336FC6}.Ad-Hoc|x64.ActiveCfg = Release|x64
		{8D34E9B1-73D4-4039-AA82-EA86F6336FC6}.Ad-Hoc|x64.Build.0 = Release|x64
		{8D34E9B1-73D4-4039-AA82-EA86F6336FC6}.Ad-Hoc|x64.Deploy.0 = Release|x64
		{8D34E9B1-73D4-4039-AA82-EA86F6336FC6}.Ad-Hoc|x86.ActiveCfg = Release|x86
		{8D34E9B1-73D4-4039-AA82-EA86F6336FC6}.Ad-Hoc|x86.Build.0 = Release|x86
		{8D34E9B1-73D4-4039-AA82-EA86F6336FC6}.Ad-Hoc|x86.Deploy.0 = Release|x86
		{8D34E9B1-73D4-4039-AA82-EA86F6336FC6}.AppStore|Any CPU.ActiveCfg = Release|x86
		{8D34E9B1-73D4-4039-AA82-EA86F6336FC6}.AppStore|Any CPU.Build.0 = Release|x86
		{8D34E9B1-73D4-4039-AA82-EA86F6336FC6}.AppStore|Any CPU.Deploy.0 = Release|x86
		{8D34E9B1-73D4-4039-AA82-EA86F6336FC6}.AppStore|ARM.ActiveCfg = Release|ARM
		{8D34E9B1-73D4-4039-AA82-EA86F6336FC6}.AppStore|ARM.Build.0 = Release|ARM
		{8D34E9B1-73D4-4039-AA82-EA86F6336FC6}.AppStore|ARM.Deploy.0 = Release|ARM
		{8D34E9B1-73D4-4039-AA82-EA86F6336FC6}.AppStore|iPhone.ActiveCfg = Release|x86
		{8D34E9B1-73D4-4039-AA82-EA86F6336FC6}.AppStore|iPhone.Build.0 = Release|x86
		{8D34E9B1-73D4-4039-AA82-EA86F6336FC6}.AppStore|iPhone.Deploy.0 = Release|x86
		{8D34E9B1-73D4-4039-AA82-EA86F6336FC6}.AppStore|iPhoneSimulator.ActiveCfg = Release|x86
		{8D34E9B1-73D4-4039-AA82-EA86F6336FC6}.AppStore|iPhoneSimulator.Build.0 = Release|x86
		{8D34E9B1-73D4-4039-AA82-EA86F6336FC6}.AppStore|iPhoneSimulator.Deploy.0 = Release|x86
		{8D34E9B1-73D4-4039-AA82-EA86F6336FC6}.AppStore|x64.ActiveCfg = Release|x64
		{8D34E9B1-73D4-4039-AA82-EA86F6336FC6}.AppStore|x64.Build.0 = Release|x64
		{8D34E9B1-73D4-4039-AA82-EA86F6336FC6}.AppStore|x64.Deploy.0 = Release|x64
		{8D34E9B1-73D4-4039-AA82-EA86F6336FC6}.AppStore|x86.ActiveCfg = Release|x86
		{8D34E9B1-73D4-4039-AA82-EA86F6336FC6}.AppStore|x86.Build.0 = Release|x86
		{8D34E9B1-73D4-4039-AA82-EA86F6336FC6}.AppStore|x86.Deploy.0 = Release|x86
		{8D34E9B1-73D4-4039-AA82-EA86F6336FC6}.Debug|Any CPU.ActiveCfg = Debug|x86
		{8D34E9B1-73D4-4039-AA82-EA86F6336FC6}.Debug|Any CPU.Build.0 = Debug|x86
		{8D34E9B1-73D4-4039-AA82-EA86F6336FC6}.Debug|Any CPU.Deploy.0 = Debug|x86
		{8D34E9B1-73D4-4039-AA82-EA86F6336FC6}.Debug|ARM.ActiveCfg = Debug|ARM
		{8D34E9B1-73D4-4039-AA82-EA86F6336FC6}.Debug|ARM.Build.0 = Debug|ARM
		{8D34E9B1-73D4-4039-AA82-EA86F6336FC6}.Debug|ARM.Deploy.0 = Debug|ARM
		{8D34E9B1-73D4-4039-AA82-EA86F6336FC6}.Debug|iPhone.ActiveCfg = Debug|x86
		{8D34E9B1-73D4-4039-AA82-EA86F6336FC6}.Debug|iPhoneSimulator.ActiveCfg = Debug|x86
		{8D34E9B1-73D4-4039-AA82-EA86F6336FC6}.Debug|x64.ActiveCfg = Debug|x64
		{8D34E9B1-73D4-4039-AA82-EA86F6336FC6}.Debug|x64.Build.0 = Debug|x64
		{8D34E9B1-73D4-4039-AA82-EA86F6336FC6}.Debug|x64.Deploy.0 = Debug|x64
		{8D34E9B1-73D4-4039-AA82-EA86F6336FC6}.Debug|x86.ActiveCfg = Debug|x86
		{8D34E9B1-73D4-4039-AA82-EA86F6336FC6}.Debug|x86.Build.0 = Debug|x86
		{8D34E9B1-73D4-4039-AA82-EA86F6336FC6}.Debug|x86.Deploy.0 = Debug|x86
		{8D34E9B1-73D4-4039-AA82-EA86F6336FC6}.Release|Any CPU.ActiveCfg = Release|x86
		{8D34E9B1-73D4-4039-AA82-EA86F6336FC6}.Release|Any CPU.Build.0 = Release|x86
		{8D34E9B1-73D4-4039-AA82-EA86F6336FC6}.Release|Any CPU.Deploy.0 = Release|x86
		{8D34E9B1-73D4-4039-AA82-EA86F6336FC6}.Release|ARM.ActiveCfg = Release|ARM
		{8D34E9B1-73D4-4039-AA82-EA86F6336FC6}.Release|ARM.Build.0 = Release|ARM
		{8D34E9B1-73D4-4039-AA82-EA86F6336FC6}.Release|ARM.Deploy.0 = Release|ARM
		{8D34E9B1-73D4-4039-AA82-EA86F6336FC6}.Release|iPhone.ActiveCfg = Release|x86
		{8D34E9B1-73D4-4039-AA82-EA86F6336FC6}.Release|iPhoneSimulator.ActiveCfg = Release|x86
		{8D34E9B1-73D4-4039-AA82-EA86F6336FC6}.Release|x64.ActiveCfg = Release|x64
		{8D34E9B1-73D4-4039-AA82-EA86F6336FC6}.Release|x64.Build.0 = Release|x64
		{8D34E9B1-73D4-4039-AA82-EA86F6336FC6}.Release|x64.Deploy.0 = Release|x64
		{8D34E9B1-73D4-4039-AA82-EA86F6336FC6}.Release|x86.ActiveCfg = Release|x86
		{8D34E9B1-73D4-4039-AA82-EA86F6336FC6}.Release|x86.Build.0 = Release|x86
		{8D34E9B1-73D4-4039-AA82-EA86F6336FC6}.Release|x86.Deploy.0 = Release|x86
		{8D34E9B1-73D4-4039-AA82-EA86F6336FC6}.Release-xml|Any CPU.ActiveCfg = Release-xml|x86
		{8D34E9B1-73D4-4039-AA82-EA86F6336FC6}.Release-xml|ARM.ActiveCfg = Release-xml|ARM
		{8D34E9B1-73D4-4039-AA82-EA86F6336FC6}.Release-xml|ARM.Deploy.0 = Release-xml|ARM
		{8D34E9B1-73D4-4039-AA82-EA86F6336FC6}.Release-xml|iPhone.ActiveCfg = Release-xml|x86
		{8D34E9B1-73D4-4039-AA82-EA86F6336FC6}.Release-xml|iPhoneSimulator.ActiveCfg = Release-xml|x86
		{8D34E9B1-73D4-4039-AA82-EA86F6336FC6}.Release-xml|x64.ActiveCfg = Release-xml|x64
		{8D34E9B1-73D4-4039-AA82-EA86F6336FC6}.Release-xml|x64.Deploy.0 = Release-xml|x64
		{8D34E9B1-73D4-4039-AA82-EA86F6336FC6}.Release-xml|x86.ActiveCfg = Release-xml|x86
		{8D34E9B1-73D4-4039-AA82-EA86F6336FC6}.Release-xml|x86.Deploy.0 = Release-xml|x86
		{28A32862-865E-4A9C-B655-3E657D84BB16}.Ad-Hoc|Any CPU.ActiveCfg = Debug|Any CPU
		{28A32862-865E-4A9C-B655-3E657D84BB16}.Ad-Hoc|Any CPU.Build.0 = Debug|Any CPU
		{28A32862-865E-4A9C-B655-3E657D84BB16}.Ad-Hoc|ARM.ActiveCfg = Debug|Any CPU
		{28A32862-865E-4A9C-B655-3E657D84BB16}.Ad-Hoc|ARM.Build.0 = Debug|Any CPU
		{28A32862-865E-4A9C-B655-3E657D84BB16}.Ad-Hoc|iPhone.ActiveCfg = Debug|Any CPU
		{28A32862-865E-4A9C-B655-3E657D84BB16}.Ad-Hoc|iPhone.Build.0 = Debug|Any CPU
		{28A32862-865E-4A9C-B655-3E657D84BB16}.Ad-Hoc|iPhoneSimulator.ActiveCfg = Debug|Any CPU
		{28A32862-865E-4A9C-B655-3E657D84BB16}.Ad-Hoc|iPhoneSimulator.Build.0 = Debug|Any CPU
		{28A32862-865E-4A9C-B655-3E657D84BB16}.Ad-Hoc|x64.ActiveCfg = Debug|Any CPU
		{28A32862-865E-4A9C-B655-3E657D84BB16}.Ad-Hoc|x64.Build.0 = Debug|Any CPU
		{28A32862-865E-4A9C-B655-3E657D84BB16}.Ad-Hoc|x86.ActiveCfg = Debug|Any CPU
		{28A32862-865E-4A9C-B655-3E657D84BB16}.Ad-Hoc|x86.Build.0 = Debug|Any CPU
		{28A32862-865E-4A9C-B655-3E657D84BB16}.AppStore|Any CPU.ActiveCfg = Debug|Any CPU
		{28A32862-865E-4A9C-B655-3E657D84BB16}.AppStore|Any CPU.Build.0 = Debug|Any CPU
		{28A32862-865E-4A9C-B655-3E657D84BB16}.AppStore|ARM.ActiveCfg = Debug|Any CPU
		{28A32862-865E-4A9C-B655-3E657D84BB16}.AppStore|ARM.Build.0 = Debug|Any CPU
		{28A32862-865E-4A9C-B655-3E657D84BB16}.AppStore|iPhone.ActiveCfg = Debug|Any CPU
		{28A32862-865E-4A9C-B655-3E657D84BB16}.AppStore|iPhone.Build.0 = Debug|Any CPU
		{28A32862-865E-4A9C-B655-3E657D84BB16}.AppStore|iPhoneSimulator.ActiveCfg = Debug|Any CPU
		{28A32862-865E-4A9C-B655-3E657D84BB16}.AppStore|iPhoneSimulator.Build.0 = Debug|Any CPU
		{28A32862-865E-4A9C-B655-3E657D84BB16}.AppStore|x64.ActiveCfg = Debug|Any CPU
		{28A32862-865E-4A9C-B655-3E657D84BB16}.AppStore|x64.Build.0 = Debug|Any CPU
		{28A32862-865E-4A9C-B655-3E657D84BB16}.AppStore|x86.ActiveCfg = Debug|Any CPU
		{28A32862-865E-4A9C-B655-3E657D84BB16}.AppStore|x86.Build.0 = Debug|Any CPU
		{28A32862-865E-4A9C-B655-3E657D84BB16}.Debug|Any CPU.ActiveCfg = Debug|Any CPU
		{28A32862-865E-4A9C-B655-3E657D84BB16}.Debug|Any CPU.Build.0 = Debug|Any CPU
		{28A32862-865E-4A9C-B655-3E657D84BB16}.Debug|ARM.ActiveCfg = Debug|Any CPU
		{28A32862-865E-4A9C-B655-3E657D84BB16}.Debug|ARM.Build.0 = Debug|Any CPU
		{28A32862-865E-4A9C-B655-3E657D84BB16}.Debug|iPhone.ActiveCfg = Debug|Any CPU
		{28A32862-865E-4A9C-B655-3E657D84BB16}.Debug|iPhone.Build.0 = Debug|Any CPU
		{28A32862-865E-4A9C-B655-3E657D84BB16}.Debug|iPhoneSimulator.ActiveCfg = Debug|Any CPU
		{28A32862-865E-4A9C-B655-3E657D84BB16}.Debug|iPhoneSimulator.Build.0 = Debug|Any CPU
		{28A32862-865E-4A9C-B655-3E657D84BB16}.Debug|x64.ActiveCfg = Debug|Any CPU
		{28A32862-865E-4A9C-B655-3E657D84BB16}.Debug|x64.Build.0 = Debug|Any CPU
		{28A32862-865E-4A9C-B655-3E657D84BB16}.Debug|x86.ActiveCfg = Debug|Any CPU
		{28A32862-865E-4A9C-B655-3E657D84BB16}.Debug|x86.Build.0 = Debug|Any CPU
		{28A32862-865E-4A9C-B655-3E657D84BB16}.Release|Any CPU.ActiveCfg = Release|Any CPU
		{28A32862-865E-4A9C-B655-3E657D84BB16}.Release|Any CPU.Build.0 = Release|Any CPU
		{28A32862-865E-4A9C-B655-3E657D84BB16}.Release|ARM.ActiveCfg = Release|Any CPU
		{28A32862-865E-4A9C-B655-3E657D84BB16}.Release|ARM.Build.0 = Release|Any CPU
		{28A32862-865E-4A9C-B655-3E657D84BB16}.Release|iPhone.ActiveCfg = Release|Any CPU
		{28A32862-865E-4A9C-B655-3E657D84BB16}.Release|iPhone.Build.0 = Release|Any CPU
		{28A32862-865E-4A9C-B655-3E657D84BB16}.Release|iPhoneSimulator.ActiveCfg = Release|Any CPU
		{28A32862-865E-4A9C-B655-3E657D84BB16}.Release|iPhoneSimulator.Build.0 = Release|Any CPU
		{28A32862-865E-4A9C-B655-3E657D84BB16}.Release|x64.ActiveCfg = Release|Any CPU
		{28A32862-865E-4A9C-B655-3E657D84BB16}.Release|x64.Build.0 = Release|Any CPU
		{28A32862-865E-4A9C-B655-3E657D84BB16}.Release|x86.ActiveCfg = Release|Any CPU
		{28A32862-865E-4A9C-B655-3E657D84BB16}.Release|x86.Build.0 = Release|Any CPU
		{28A32862-865E-4A9C-B655-3E657D84BB16}.Release-xml|Any CPU.ActiveCfg = Release-xml|Any CPU
		{28A32862-865E-4A9C-B655-3E657D84BB16}.Release-xml|Any CPU.Build.0 = Release-xml|Any CPU
		{28A32862-865E-4A9C-B655-3E657D84BB16}.Release-xml|ARM.ActiveCfg = Release-xml|Any CPU
		{28A32862-865E-4A9C-B655-3E657D84BB16}.Release-xml|ARM.Build.0 = Release-xml|Any CPU
		{28A32862-865E-4A9C-B655-3E657D84BB16}.Release-xml|iPhone.ActiveCfg = Release-xml|Any CPU
		{28A32862-865E-4A9C-B655-3E657D84BB16}.Release-xml|iPhone.Build.0 = Release-xml|Any CPU
		{28A32862-865E-4A9C-B655-3E657D84BB16}.Release-xml|iPhoneSimulator.ActiveCfg = Release-xml|Any CPU
		{28A32862-865E-4A9C-B655-3E657D84BB16}.Release-xml|iPhoneSimulator.Build.0 = Release-xml|Any CPU
		{28A32862-865E-4A9C-B655-3E657D84BB16}.Release-xml|x64.ActiveCfg = Release-xml|Any CPU
		{28A32862-865E-4A9C-B655-3E657D84BB16}.Release-xml|x64.Build.0 = Release-xml|Any CPU
		{28A32862-865E-4A9C-B655-3E657D84BB16}.Release-xml|x86.ActiveCfg = Release-xml|Any CPU
		{28A32862-865E-4A9C-B655-3E657D84BB16}.Release-xml|x86.Build.0 = Release-xml|Any CPU
	EndGlobalSection
	GlobalSection(SolutionProperties) = preSolution
		HideSolutionNode = FALSE
	EndGlobalSection
	GlobalSection(ExtensibilityGlobals) = postSolution
		SolutionGuid = {84878667-D7B1-42A6-AA48-4D0C249F6D83}
	EndGlobalSection
EndGlobal
