
Microsoft Visual Studio Solution File, Format Version 12.00
# Visual Studio 15
VisualStudioVersion = 15.0.27130.2036
MinimumVisualStudioVersion = 10.0.40219.1
Project("{9A19103F-16F7-4668-BE54-9A1E7A4F7556}") = "SampleBrowser.SfBackdrop", "Backdrop\SampleBrowser.SfBackdrop.csproj", "{1ADF1C78-432B-420B-B2EC-998739FABFF6}"
EndProject
Project("{FAE04EC0-301F-11D3-BF4B-00C04F79EFBC}") = "SampleBrowser.SfBackdrop.Android", "Backdrop.Android\SampleBrowser.SfBackdrop.Android.csproj", "{89A02663-E485-438D-AD97-64A38F08FFF0}"
EndProject
Project("{FAE04EC0-301F-11D3-BF4B-00C04F79EFBC}") = "SampleBrowser.SfBackdrop.iOS", "Backdrop.iOS\SampleBrowser.SfBackdrop.iOS.csproj", "{C285BCCB-B64F-4D9B-960D-889DCA6A1127}"
EndProject
Project("{FAE04EC0-301F-11D3-BF4B-00C04F79EFBC}") = "SampleBrowser.SfBackdrop.UWP", "Backdrop.UWP\SampleBrowser.SfBackdrop.UWP.csproj", "{75798F29-3C54-406B-B07B-9A7575A64EBF}"
EndProject
Global
	GlobalSection(SolutionConfigurationPlatforms) = preSolution
		Ad-Hoc|Any CPU = Ad-Hoc|Any CPU
		Ad-Hoc|ARM = Ad-Hoc|ARM
		Ad-Hoc|iPhone = Ad-Hoc|iPhone
		Ad-Hoc|iPhoneSimulator = Ad-Hoc|iPhoneSimulator
		Ad-Hoc|x64 = Ad-Hoc|x64
		Ad-Hoc|x86 = Ad-Hoc|x86
		AppStore|Any CPU = AppStore|Any CPU
		AppStore|ARM = AppStore|ARM
		AppStore|iPhone = AppStore|iPhone
		AppStore|iPhoneSimulator = AppStore|iPhoneSimulator
		AppStore|x64 = AppStore|x64
		AppStore|x86 = AppStore|x86
		Debug|Any CPU = Debug|Any CPU
		Debug|ARM = Debug|ARM
		Debug|iPhone = Debug|iPhone
		Debug|iPhoneSimulator = Debug|iPhoneSimulator
		Debug|x64 = Debug|x64
		Debug|x86 = Debug|x86
		Release|Any CPU = Release|Any CPU
		Release|ARM = Release|ARM
		Release|iPhone = Release|iPhone
		Release|iPhoneSimulator = Release|iPhoneSimulator
		Release|x64 = Release|x64
		Release|x86 = Release|x86
		Release-xml|Any CPU = Release-xml|Any CPU
		Release-xml|ARM = Release-xml|ARM
		Release-xml|iPhone = Release-xml|iPhone
		Release-xml|iPhoneSimulator = Release-xml|iPhoneSimulator
		Release-xml|x64 = Release-xml|x64
		Release-xml|x86 = Release-xml|x86
	EndGlobalSection
	GlobalSection(ProjectConfigurationPlatforms) = postSolution
		{1ADF1C78-432B-420B-B2EC-998739FABFF6}.Ad-Hoc|Any CPU.ActiveCfg = Release-xml|Any CPU
		{1ADF1C78-432B-420B-B2EC-998739FABFF6}.Ad-Hoc|Any CPU.Build.0 = Release-xml|Any CPU
		{1ADF1C78-432B-420B-B2EC-998739FABFF6}.Ad-Hoc|ARM.ActiveCfg = Release-xml|Any CPU
		{1ADF1C78-432B-420B-B2EC-998739FABFF6}.Ad-Hoc|ARM.Build.0 = Release-xml|Any CPU
		{1ADF1C78-432B-420B-B2EC-998739FABFF6}.Ad-Hoc|iPhone.ActiveCfg = Release-xml|Any CPU
		{1ADF1C78-432B-420B-B2EC-998739FABFF6}.Ad-Hoc|iPhone.Build.0 = Release-xml|Any CPU
		{1ADF1C78-432B-420B-B2EC-998739FABFF6}.Ad-Hoc|iPhoneSimulator.ActiveCfg = Release-xml|Any CPU
		{1ADF1C78-432B-420B-B2EC-998739FABFF6}.Ad-Hoc|iPhoneSimulator.Build.0 = Release-xml|Any CPU
		{1ADF1C78-432B-420B-B2EC-998739FABFF6}.Ad-Hoc|x64.ActiveCfg = Release-xml|Any CPU
		{1ADF1C78-432B-420B-B2EC-998739FABFF6}.Ad-Hoc|x64.Build.0 = Release-xml|Any CPU
		{1ADF1C78-432B-420B-B2EC-998739FABFF6}.Ad-Hoc|x86.ActiveCfg = Release-xml|Any CPU
		{1ADF1C78-432B-420B-B2EC-998739FABFF6}.Ad-Hoc|x86.Build.0 = Release-xml|Any CPU
		{1ADF1C78-432B-420B-B2EC-998739FABFF6}.AppStore|Any CPU.ActiveCfg = Release-xml|Any CPU
		{1ADF1C78-432B-420B-B2EC-998739FABFF6}.AppStore|Any CPU.Build.0 = Release-xml|Any CPU
		{1ADF1C78-432B-420B-B2EC-998739FABFF6}.AppStore|ARM.ActiveCfg = Release-xml|Any CPU
		{1ADF1C78-432B-420B-B2EC-998739FABFF6}.AppStore|ARM.Build.0 = Release-xml|Any CPU
		{1ADF1C78-432B-420B-B2EC-998739FABFF6}.AppStore|iPhone.ActiveCfg = Release-xml|Any CPU
		{1ADF1C78-432B-420B-B2EC-998739FABFF6}.AppStore|iPhone.Build.0 = Release-xml|Any CPU
		{1ADF1C78-432B-420B-B2EC-998739FABFF6}.AppStore|iPhoneSimulator.ActiveCfg = Release-xml|Any CPU
		{1ADF1C78-432B-420B-B2EC-998739FABFF6}.AppStore|iPhoneSimulator.Build.0 = Release-xml|Any CPU
		{1ADF1C78-432B-420B-B2EC-998739FABFF6}.AppStore|x64.ActiveCfg = Release-xml|Any CPU
		{1ADF1C78-432B-420B-B2EC-998739FABFF6}.AppStore|x64.Build.0 = Release-xml|Any CPU
		{1ADF1C78-432B-420B-B2EC-998739FABFF6}.AppStore|x86.ActiveCfg = Release-xml|Any CPU
		{1ADF1C78-432B-420B-B2EC-998739FABFF6}.AppStore|x86.Build.0 = Release-xml|Any CPU
		{1ADF1C78-432B-420B-B2EC-998739FABFF6}.Debug|Any CPU.ActiveCfg = Debug|Any CPU
		{1ADF1C78-432B-420B-B2EC-998739FABFF6}.Debug|Any CPU.Build.0 = Debug|Any CPU
		{1ADF1C78-432B-420B-B2EC-998739FABFF6}.Debug|ARM.ActiveCfg = Debug|Any CPU
		{1ADF1C78-432B-420B-B2EC-998739FABFF6}.Debug|ARM.Build.0 = Debug|Any CPU
		{1ADF1C78-432B-420B-B2EC-998739FABFF6}.Debug|iPhone.ActiveCfg = Debug|Any CPU
		{1ADF1C78-432B-420B-B2EC-998739FABFF6}.Debug|iPhone.Build.0 = Debug|Any CPU
		{1ADF1C78-432B-420B-B2EC-998739FABFF6}.Debug|iPhoneSimulator.ActiveCfg = Debug|Any CPU
		{1ADF1C78-432B-420B-B2EC-998739FABFF6}.Debug|iPhoneSimulator.Build.0 = Debug|Any CPU
		{1ADF1C78-432B-420B-B2EC-998739FABFF6}.Debug|x64.ActiveCfg = Debug|Any CPU
		{1ADF1C78-432B-420B-B2EC-998739FABFF6}.Debug|x64.Build.0 = Debug|Any CPU
		{1ADF1C78-432B-420B-B2EC-998739FABFF6}.Debug|x86.ActiveCfg = Debug|Any CPU
		{1ADF1C78-432B-420B-B2EC-998739FABFF6}.Debug|x86.Build.0 = Debug|Any CPU
		{1ADF1C78-432B-420B-B2EC-998739FABFF6}.Release|Any CPU.ActiveCfg = Release|Any CPU
		{1ADF1C78-432B-420B-B2EC-998739FABFF6}.Release|Any CPU.Build.0 = Release|Any CPU
		{1ADF1C78-432B-420B-B2EC-998739FABFF6}.Release|ARM.ActiveCfg = Release|Any CPU
		{1ADF1C78-432B-420B-B2EC-998739FABFF6}.Release|ARM.Build.0 = Release|Any CPU
		{1ADF1C78-432B-420B-B2EC-998739FABFF6}.Release|iPhone.ActiveCfg = Release|Any CPU
		{1ADF1C78-432B-420B-B2EC-998739FABFF6}.Release|iPhone.Build.0 = Release|Any CPU
		{1ADF1C78-432B-420B-B2EC-998739FABFF6}.Release|iPhoneSimulator.ActiveCfg = Release|Any CPU
		{1ADF1C78-432B-420B-B2EC-998739FABFF6}.Release|iPhoneSimulator.Build.0 = Release|Any CPU
		{1ADF1C78-432B-420B-B2EC-998739FABFF6}.Release|x64.ActiveCfg = Release|Any CPU
		{1ADF1C78-432B-420B-B2EC-998739FABFF6}.Release|x64.Build.0 = Release|Any CPU
		{1ADF1C78-432B-420B-B2EC-998739FABFF6}.Release|x86.ActiveCfg = Release|Any CPU
		{1ADF1C78-432B-420B-B2EC-998739FABFF6}.Release|x86.Build.0 = Release|Any CPU
		{1ADF1C78-432B-420B-B2EC-998739FABFF6}.Release-xml|Any CPU.ActiveCfg = Release-xml|Any CPU
		{1ADF1C78-432B-420B-B2EC-998739FABFF6}.Release-xml|Any CPU.Build.0 = Release-xml|Any CPU
		{1ADF1C78-432B-420B-B2EC-998739FABFF6}.Release-xml|ARM.ActiveCfg = Release-xml|Any CPU
		{1ADF1C78-432B-420B-B2EC-998739FABFF6}.Release-xml|ARM.Build.0 = Release-xml|Any CPU
		{1ADF1C78-432B-420B-B2EC-998739FABFF6}.Release-xml|iPhone.ActiveCfg = Release-xml|Any CPU
		{1ADF1C78-432B-420B-B2EC-998739FABFF6}.Release-xml|iPhone.Build.0 = Release-xml|Any CPU
		{1ADF1C78-432B-420B-B2EC-998739FABFF6}.Release-xml|iPhoneSimulator.ActiveCfg = Release-xml|Any CPU
		{1ADF1C78-432B-420B-B2EC-998739FABFF6}.Release-xml|iPhoneSimulator.Build.0 = Release-xml|Any CPU
		{1ADF1C78-432B-420B-B2EC-998739FABFF6}.Release-xml|x64.ActiveCfg = Release-xml|Any CPU
		{1ADF1C78-432B-420B-B2EC-998739FABFF6}.Release-xml|x64.Build.0 = Release-xml|Any CPU
		{1ADF1C78-432B-420B-B2EC-998739FABFF6}.Release-xml|x86.ActiveCfg = Release-xml|Any CPU
		{1ADF1C78-432B-420B-B2EC-998739FABFF6}.Release-xml|x86.Build.0 = Release-xml|Any CPU
		{89A02663-E485-438D-AD97-64A38F08FFF0}.Ad-Hoc|Any CPU.ActiveCfg = Release|Any CPU
		{89A02663-E485-438D-AD97-64A38F08FFF0}.Ad-Hoc|Any CPU.Build.0 = Release|Any CPU
		{89A02663-E485-438D-AD97-64A38F08FFF0}.Ad-Hoc|Any CPU.Deploy.0 = Release|Any CPU
		{89A02663-E485-438D-AD97-64A38F08FFF0}.Ad-Hoc|ARM.ActiveCfg = Release|Any CPU
		{89A02663-E485-438D-AD97-64A38F08FFF0}.Ad-Hoc|ARM.Build.0 = Release|Any CPU
		{89A02663-E485-438D-AD97-64A38F08FFF0}.Ad-Hoc|ARM.Deploy.0 = Release|Any CPU
		{89A02663-E485-438D-AD97-64A38F08FFF0}.Ad-Hoc|iPhone.ActiveCfg = Release|Any CPU
		{89A02663-E485-438D-AD97-64A38F08FFF0}.Ad-Hoc|iPhone.Build.0 = Release|Any CPU
		{89A02663-E485-438D-AD97-64A38F08FFF0}.Ad-Hoc|iPhone.Deploy.0 = Release|Any CPU
		{89A02663-E485-438D-AD97-64A38F08FFF0}.Ad-Hoc|iPhoneSimulator.ActiveCfg = Release|Any CPU
		{89A02663-E485-438D-AD97-64A38F08FFF0}.Ad-Hoc|iPhoneSimulator.Build.0 = Release|Any CPU
		{89A02663-E485-438D-AD97-64A38F08FFF0}.Ad-Hoc|iPhoneSimulator.Deploy.0 = Release|Any CPU
		{89A02663-E485-438D-AD97-64A38F08FFF0}.Ad-Hoc|x64.ActiveCfg = Release|Any CPU
		{89A02663-E485-438D-AD97-64A38F08FFF0}.Ad-Hoc|x64.Build.0 = Release|Any CPU
		{89A02663-E485-438D-AD97-64A38F08FFF0}.Ad-Hoc|x64.Deploy.0 = Release|Any CPU
		{89A02663-E485-438D-AD97-64A38F08FFF0}.Ad-Hoc|x86.ActiveCfg = Release|Any CPU
		{89A02663-E485-438D-AD97-64A38F08FFF0}.Ad-Hoc|x86.Build.0 = Release|Any CPU
		{89A02663-E485-438D-AD97-64A38F08FFF0}.Ad-Hoc|x86.Deploy.0 = Release|Any CPU
		{89A02663-E485-438D-AD97-64A38F08FFF0}.AppStore|Any CPU.ActiveCfg = Release|Any CPU
		{89A02663-E485-438D-AD97-64A38F08FFF0}.AppStore|Any CPU.Build.0 = Release|Any CPU
		{89A02663-E485-438D-AD97-64A38F08FFF0}.AppStore|Any CPU.Deploy.0 = Release|Any CPU
		{89A02663-E485-438D-AD97-64A38F08FFF0}.AppStore|ARM.ActiveCfg = Release|Any CPU
		{89A02663-E485-438D-AD97-64A38F08FFF0}.AppStore|ARM.Build.0 = Release|Any CPU
		{89A02663-E485-438D-AD97-64A38F08FFF0}.AppStore|ARM.Deploy.0 = Release|Any CPU
		{89A02663-E485-438D-AD97-64A38F08FFF0}.AppStore|iPhone.ActiveCfg = Release|Any CPU
		{89A02663-E485-438D-AD97-64A38F08FFF0}.AppStore|iPhone.Build.0 = Release|Any CPU
		{89A02663-E485-438D-AD97-64A38F08FFF0}.AppStore|iPhone.Deploy.0 = Release|Any CPU
		{89A02663-E485-438D-AD97-64A38F08FFF0}.AppStore|iPhoneSimulator.ActiveCfg = Release|Any CPU
		{89A02663-E485-438D-AD97-64A38F08FFF0}.AppStore|iPhoneSimulator.Build.0 = Release|Any CPU
		{89A02663-E485-438D-AD97-64A38F08FFF0}.AppStore|iPhoneSimulator.Deploy.0 = Release|Any CPU
		{89A02663-E485-438D-AD97-64A38F08FFF0}.AppStore|x64.ActiveCfg = Release|Any CPU
		{89A02663-E485-438D-AD97-64A38F08FFF0}.AppStore|x64.Build.0 = Release|Any CPU
		{89A02663-E485-438D-AD97-64A38F08FFF0}.AppStore|x64.Deploy.0 = Release|Any CPU
		{89A02663-E485-438D-AD97-64A38F08FFF0}.AppStore|x86.ActiveCfg = Release|Any CPU
		{89A02663-E485-438D-AD97-64A38F08FFF0}.AppStore|x86.Build.0 = Release|Any CPU
		{89A02663-E485-438D-AD97-64A38F08FFF0}.AppStore|x86.Deploy.0 = Release|Any CPU
		{89A02663-E485-438D-AD97-64A38F08FFF0}.Debug|Any CPU.ActiveCfg = Debug|Any CPU
		{89A02663-E485-438D-AD97-64A38F08FFF0}.Debug|Any CPU.Build.0 = Debug|Any CPU
		{89A02663-E485-438D-AD97-64A38F08FFF0}.Debug|Any CPU.Deploy.0 = Debug|Any CPU
		{89A02663-E485-438D-AD97-64A38F08FFF0}.Debug|ARM.ActiveCfg = Debug|Any CPU
		{89A02663-E485-438D-AD97-64A38F08FFF0}.Debug|ARM.Build.0 = Debug|Any CPU
		{89A02663-E485-438D-AD97-64A38F08FFF0}.Debug|ARM.Deploy.0 = Debug|Any CPU
		{89A02663-E485-438D-AD97-64A38F08FFF0}.Debug|iPhone.ActiveCfg = Debug|Any CPU
		{89A02663-E485-438D-AD97-64A38F08FFF0}.Debug|iPhone.Build.0 = Debug|Any CPU
		{89A02663-E485-438D-AD97-64A38F08FFF0}.Debug|iPhone.Deploy.0 = Debug|Any CPU
		{89A02663-E485-438D-AD97-64A38F08FFF0}.Debug|iPhoneSimulator.ActiveCfg = Debug|Any CPU
		{89A02663-E485-438D-AD97-64A38F08FFF0}.Debug|iPhoneSimulator.Build.0 = Debug|Any CPU
		{89A02663-E485-438D-AD97-64A38F08FFF0}.Debug|iPhoneSimulator.Deploy.0 = Debug|Any CPU
		{89A02663-E485-438D-AD97-64A38F08FFF0}.Debug|x64.ActiveCfg = Debug|Any CPU
		{89A02663-E485-438D-AD97-64A38F08FFF0}.Debug|x64.Build.0 = Debug|Any CPU
		{89A02663-E485-438D-AD97-64A38F08FFF0}.Debug|x64.Deploy.0 = Debug|Any CPU
		{89A02663-E485-438D-AD97-64A38F08FFF0}.Debug|x86.ActiveCfg = Debug|Any CPU
		{89A02663-E485-438D-AD97-64A38F08FFF0}.Debug|x86.Build.0 = Debug|Any CPU
		{89A02663-E485-438D-AD97-64A38F08FFF0}.Debug|x86.Deploy.0 = Debug|Any CPU
		{89A02663-E485-438D-AD97-64A38F08FFF0}.Release|Any CPU.ActiveCfg = Release|Any CPU
		{89A02663-E485-438D-AD97-64A38F08FFF0}.Release|Any CPU.Build.0 = Release|Any CPU
		{89A02663-E485-438D-AD97-64A38F08FFF0}.Release|Any CPU.Deploy.0 = Release|Any CPU
		{89A02663-E485-438D-AD97-64A38F08FFF0}.Release|ARM.ActiveCfg = Release|Any CPU
		{89A02663-E485-438D-AD97-64A38F08FFF0}.Release|ARM.Build.0 = Release|Any CPU
		{89A02663-E485-438D-AD97-64A38F08FFF0}.Release|ARM.Deploy.0 = Release|Any CPU
		{89A02663-E485-438D-AD97-64A38F08FFF0}.Release|iPhone.ActiveCfg = Release|Any CPU
		{89A02663-E485-438D-AD97-64A38F08FFF0}.Release|iPhone.Build.0 = Release|Any CPU
		{89A02663-E485-438D-AD97-64A38F08FFF0}.Release|iPhone.Deploy.0 = Release|Any CPU
		{89A02663-E485-438D-AD97-64A38F08FFF0}.Release|iPhoneSimulator.ActiveCfg = Release|Any CPU
		{89A02663-E485-438D-AD97-64A38F08FFF0}.Release|iPhoneSimulator.Build.0 = Release|Any CPU
		{89A02663-E485-438D-AD97-64A38F08FFF0}.Release|iPhoneSimulator.Deploy.0 = Release|Any CPU
		{89A02663-E485-438D-AD97-64A38F08FFF0}.Release|x64.ActiveCfg = Release|Any CPU
		{89A02663-E485-438D-AD97-64A38F08FFF0}.Release|x64.Build.0 = Release|Any CPU
		{89A02663-E485-438D-AD97-64A38F08FFF0}.Release|x64.Deploy.0 = Release|Any CPU
		{89A02663-E485-438D-AD97-64A38F08FFF0}.Release|x86.ActiveCfg = Release|Any CPU
		{89A02663-E485-438D-AD97-64A38F08FFF0}.Release|x86.Build.0 = Release|Any CPU
		{89A02663-E485-438D-AD97-64A38F08FFF0}.Release|x86.Deploy.0 = Release|Any CPU
		{89A02663-E485-438D-AD97-64A38F08FFF0}.Release-xml|Any CPU.ActiveCfg = Release|Any CPU
		{89A02663-E485-438D-AD97-64A38F08FFF0}.Release-xml|Any CPU.Build.0 = Release|Any CPU
		{89A02663-E485-438D-AD97-64A38F08FFF0}.Release-xml|Any CPU.Deploy.0 = Release|Any CPU
		{89A02663-E485-438D-AD97-64A38F08FFF0}.Release-xml|ARM.ActiveCfg = Release|Any CPU
		{89A02663-E485-438D-AD97-64A38F08FFF0}.Release-xml|ARM.Build.0 = Release|Any CPU
		{89A02663-E485-438D-AD97-64A38F08FFF0}.Release-xml|ARM.Deploy.0 = Release|Any CPU
		{89A02663-E485-438D-AD97-64A38F08FFF0}.Release-xml|iPhone.ActiveCfg = Release|Any CPU
		{89A02663-E485-438D-AD97-64A38F08FFF0}.Release-xml|iPhone.Build.0 = Release|Any CPU
		{89A02663-E485-438D-AD97-64A38F08FFF0}.Release-xml|iPhone.Deploy.0 = Release|Any CPU
		{89A02663-E485-438D-AD97-64A38F08FFF0}.Release-xml|iPhoneSimulator.ActiveCfg = Release|Any CPU
		{89A02663-E485-438D-AD97-64A38F08FFF0}.Release-xml|iPhoneSimulator.Build.0 = Release|Any CPU
		{89A02663-E485-438D-AD97-64A38F08FFF0}.Release-xml|iPhoneSimulator.Deploy.0 = Release|Any CPU
		{89A02663-E485-438D-AD97-64A38F08FFF0}.Release-xml|x64.ActiveCfg = Release|Any CPU
		{89A02663-E485-438D-AD97-64A38F08FFF0}.Release-xml|x64.Build.0 = Release|Any CPU
		{89A02663-E485-438D-AD97-64A38F08FFF0}.Release-xml|x64.Deploy.0 = Release|Any CPU
		{89A02663-E485-438D-AD97-64A38F08FFF0}.Release-xml|x86.ActiveCfg = Release|Any CPU
		{89A02663-E485-438D-AD97-64A38F08FFF0}.Release-xml|x86.Build.0 = Release|Any CPU
		{89A02663-E485-438D-AD97-64A38F08FFF0}.Release-xml|x86.Deploy.0 = Release|Any CPU
		{C285BCCB-B64F-4D9B-960D-889DCA6A1127}.Ad-Hoc|Any CPU.ActiveCfg = Ad-Hoc|iPhone
		{C285BCCB-B64F-4D9B-960D-889DCA6A1127}.Ad-Hoc|ARM.ActiveCfg = Ad-Hoc|iPhone
		{C285BCCB-B64F-4D9B-960D-889DCA6A1127}.Ad-Hoc|iPhone.ActiveCfg = Ad-Hoc|iPhone
		{C285BCCB-B64F-4D9B-960D-889DCA6A1127}.Ad-Hoc|iPhone.Build.0 = Ad-Hoc|iPhone
		{C285BCCB-B64F-4D9B-960D-889DCA6A1127}.Ad-Hoc|iPhoneSimulator.ActiveCfg = Ad-Hoc|iPhoneSimulator
		{C285BCCB-B64F-4D9B-960D-889DCA6A1127}.Ad-Hoc|iPhoneSimulator.Build.0 = Ad-Hoc|iPhoneSimulator
		{C285BCCB-B64F-4D9B-960D-889DCA6A1127}.Ad-Hoc|x64.ActiveCfg = Ad-Hoc|iPhone
		{C285BCCB-B64F-4D9B-960D-889DCA6A1127}.Ad-Hoc|x86.ActiveCfg = Ad-Hoc|iPhone
		{C285BCCB-B64F-4D9B-960D-889DCA6A1127}.AppStore|Any CPU.ActiveCfg = AppStore|iPhone
		{C285BCCB-B64F-4D9B-960D-889DCA6A1127}.AppStore|ARM.ActiveCfg = AppStore|iPhone
		{C285BCCB-B64F-4D9B-960D-889DCA6A1127}.AppStore|iPhone.ActiveCfg = AppStore|iPhone
		{C285BCCB-B64F-4D9B-960D-889DCA6A1127}.AppStore|iPhone.Build.0 = AppStore|iPhone
		{C285BCCB-B64F-4D9B-960D-889DCA6A1127}.AppStore|iPhoneSimulator.ActiveCfg = AppStore|iPhoneSimulator
		{C285BCCB-B64F-4D9B-960D-889DCA6A1127}.AppStore|iPhoneSimulator.Build.0 = AppStore|iPhoneSimulator
		{C285BCCB-B64F-4D9B-960D-889DCA6A1127}.AppStore|x64.ActiveCfg = AppStore|iPhone
		{C285BCCB-B64F-4D9B-960D-889DCA6A1127}.AppStore|x86.ActiveCfg = AppStore|iPhone
		{C285BCCB-B64F-4D9B-960D-889DCA6A1127}.Debug|Any CPU.ActiveCfg = Debug|iPhone
		{C285BCCB-B64F-4D9B-960D-889DCA6A1127}.Debug|ARM.ActiveCfg = Debug|iPhone
		{C285BCCB-B64F-4D9B-960D-889DCA6A1127}.Debug|iPhone.ActiveCfg = Debug|iPhone
		{C285BCCB-B64F-4D9B-960D-889DCA6A1127}.Debug|iPhone.Build.0 = Debug|iPhone
		{C285BCCB-B64F-4D9B-960D-889DCA6A1127}.Debug|iPhoneSimulator.ActiveCfg = Debug|iPhoneSimulator
		{C285BCCB-B64F-4D9B-960D-889DCA6A1127}.Debug|iPhoneSimulator.Build.0 = Debug|iPhoneSimulator
		{C285BCCB-B64F-4D9B-960D-889DCA6A1127}.Debug|x64.ActiveCfg = Debug|iPhone
		{C285BCCB-B64F-4D9B-960D-889DCA6A1127}.Debug|x86.ActiveCfg = Debug|iPhone
		{C285BCCB-B64F-4D9B-960D-889DCA6A1127}.Release|Any CPU.ActiveCfg = Release|iPhone
		{C285BCCB-B64F-4D9B-960D-889DCA6A1127}.Release|Any CPU.Build.0 = Release|iPhone
		{C285BCCB-B64F-4D9B-960D-889DCA6A1127}.Release|ARM.ActiveCfg = Release|iPhone
		{C285BCCB-B64F-4D9B-960D-889DCA6A1127}.Release|iPhone.ActiveCfg = Release|iPhone
		{C285BCCB-B64F-4D9B-960D-889DCA6A1127}.Release|iPhone.Build.0 = Release|iPhone
		{C285BCCB-B64F-4D9B-960D-889DCA6A1127}.Release|iPhoneSimulator.ActiveCfg = Release|iPhoneSimulator
		{C285BCCB-B64F-4D9B-960D-889DCA6A1127}.Release|iPhoneSimulator.Build.0 = Release|iPhoneSimulator
		{C285BCCB-B64F-4D9B-960D-889DCA6A1127}.Release|x64.ActiveCfg = Release|iPhone
		{C285BCCB-B64F-4D9B-960D-889DCA6A1127}.Release|x86.ActiveCfg = Release|iPhone
		{C285BCCB-B64F-4D9B-960D-889DCA6A1127}.Release-xml|Any CPU.ActiveCfg = AppStore|iPhone
		{C285BCCB-B64F-4D9B-960D-889DCA6A1127}.Release-xml|Any CPU.Build.0 = AppStore|iPhone
		{C285BCCB-B64F-4D9B-960D-889DCA6A1127}.Release-xml|ARM.ActiveCfg = AppStore|iPhone
		{C285BCCB-B64F-4D9B-960D-889DCA6A1127}.Release-xml|ARM.Build.0 = AppStore|iPhone
		{C285BCCB-B64F-4D9B-960D-889DCA6A1127}.Release-xml|iPhone.ActiveCfg = Release|iPhone
		{C285BCCB-B64F-4D9B-960D-889DCA6A1127}.Release-xml|iPhone.Build.0 = Release|iPhone
		{C285BCCB-B64F-4D9B-960D-889DCA6A1127}.Release-xml|iPhoneSimulator.ActiveCfg = Release|iPhoneSimulator
		{C285BCCB-B64F-4D9B-960D-889DCA6A1127}.Release-xml|iPhoneSimulator.Build.0 = Release|iPhoneSimulator
		{C285BCCB-B64F-4D9B-960D-889DCA6A1127}.Release-xml|x64.ActiveCfg = AppStore|iPhone
		{C285BCCB-B64F-4D9B-960D-889DCA6A1127}.Release-xml|x64.Build.0 = AppStore|iPhone
		{C285BCCB-B64F-4D9B-960D-889DCA6A1127}.Release-xml|x86.ActiveCfg = AppStore|iPhone
		{C285BCCB-B64F-4D9B-960D-889DCA6A1127}.Release-xml|x86.Build.0 = AppStore|iPhone
		{75798F29-3C54-406B-B07B-9A7575A64EBF}.Ad-Hoc|Any CPU.ActiveCfg = Release|x86
		{75798F29-3C54-406B-B07B-9A7575A64EBF}.Ad-Hoc|Any CPU.Build.0 = Release|x86
		{75798F29-3C54-406B-B07B-9A7575A64EBF}.Ad-Hoc|Any CPU.Deploy.0 = Release|x86
		{75798F29-3C54-406B-B07B-9A7575A64EBF}.Ad-Hoc|ARM.ActiveCfg = Release|ARM
		{75798F29-3C54-406B-B07B-9A7575A64EBF}.Ad-Hoc|ARM.Build.0 = Release|ARM
		{75798F29-3C54-406B-B07B-9A7575A64EBF}.Ad-Hoc|ARM.Deploy.0 = Release|ARM
		{75798F29-3C54-406B-B07B-9A7575A64EBF}.Ad-Hoc|iPhone.ActiveCfg = Release|x86
		{75798F29-3C54-406B-B07B-9A7575A64EBF}.Ad-Hoc|iPhone.Build.0 = Release|x86
		{75798F29-3C54-406B-B07B-9A7575A64EBF}.Ad-Hoc|iPhone.Deploy.0 = Release|x86
		{75798F29-3C54-406B-B07B-9A7575A64EBF}.Ad-Hoc|iPhoneSimulator.ActiveCfg = Release|x86
		{75798F29-3C54-406B-B07B-9A7575A64EBF}.Ad-Hoc|iPhoneSimulator.Build.0 = Release|x86
		{75798F29-3C54-406B-B07B-9A7575A64EBF}.Ad-Hoc|iPhoneSimulator.Deploy.0 = Release|x86
		{75798F29-3C54-406B-B07B-9A7575A64EBF}.Ad-Hoc|x64.ActiveCfg = Release|x64
		{75798F29-3C54-406B-B07B-9A7575A64EBF}.Ad-Hoc|x64.Build.0 = Release|x64
		{75798F29-3C54-406B-B07B-9A7575A64EBF}.Ad-Hoc|x64.Deploy.0 = Release|x64
		{75798F29-3C54-406B-B07B-9A7575A64EBF}.Ad-Hoc|x86.ActiveCfg = Release|x86
		{75798F29-3C54-406B-B07B-9A7575A64EBF}.Ad-Hoc|x86.Build.0 = Release|x86
		{75798F29-3C54-406B-B07B-9A7575A64EBF}.Ad-Hoc|x86.Deploy.0 = Release|x86
		{75798F29-3C54-406B-B07B-9A7575A64EBF}.AppStore|Any CPU.ActiveCfg = Release|x86
		{75798F29-3C54-406B-B07B-9A7575A64EBF}.AppStore|Any CPU.Build.0 = Release|x86
		{75798F29-3C54-406B-B07B-9A7575A64EBF}.AppStore|Any CPU.Deploy.0 = Release|x86
		{75798F29-3C54-406B-B07B-9A7575A64EBF}.AppStore|ARM.ActiveCfg = Release|ARM
		{75798F29-3C54-406B-B07B-9A7575A64EBF}.AppStore|ARM.Build.0 = Release|ARM
		{75798F29-3C54-406B-B07B-9A7575A64EBF}.AppStore|ARM.Deploy.0 = Release|ARM
		{75798F29-3C54-406B-B07B-9A7575A64EBF}.AppStore|iPhone.ActiveCfg = Release|x86
		{75798F29-3C54-406B-B07B-9A7575A64EBF}.AppStore|iPhone.Build.0 = Release|x86
		{75798F29-3C54-406B-B07B-9A7575A64EBF}.AppStore|iPhone.Deploy.0 = Release|x86
		{75798F29-3C54-406B-B07B-9A7575A64EBF}.AppStore|iPhoneSimulator.ActiveCfg = Release|x86
		{75798F29-3C54-406B-B07B-9A7575A64EBF}.AppStore|iPhoneSimulator.Build.0 = Release|x86
		{75798F29-3C54-406B-B07B-9A7575A64EBF}.AppStore|iPhoneSimulator.Deploy.0 = Release|x86
		{75798F29-3C54-406B-B07B-9A7575A64EBF}.AppStore|x64.ActiveCfg = Release|x64
		{75798F29-3C54-406B-B07B-9A7575A64EBF}.AppStore|x64.Build.0 = Release|x64
		{75798F29-3C54-406B-B07B-9A7575A64EBF}.AppStore|x64.Deploy.0 = Release|x64
		{75798F29-3C54-406B-B07B-9A7575A64EBF}.AppStore|x86.ActiveCfg = Release|x86
		{75798F29-3C54-406B-B07B-9A7575A64EBF}.AppStore|x86.Build.0 = Release|x86
		{75798F29-3C54-406B-B07B-9A7575A64EBF}.AppStore|x86.Deploy.0 = Release|x86
		{75798F29-3C54-406B-B07B-9A7575A64EBF}.Debug|Any CPU.ActiveCfg = Debug|x86
		{75798F29-3C54-406B-B07B-9A7575A64EBF}.Debug|ARM.ActiveCfg = Debug|ARM
		{75798F29-3C54-406B-B07B-9A7575A64EBF}.Debug|ARM.Build.0 = Debug|ARM
		{75798F29-3C54-406B-B07B-9A7575A64EBF}.Debug|ARM.Deploy.0 = Debug|ARM
		{75798F29-3C54-406B-B07B-9A7575A64EBF}.Debug|iPhone.ActiveCfg = Debug|x86
		{75798F29-3C54-406B-B07B-9A7575A64EBF}.Debug|iPhoneSimulator.ActiveCfg = Debug|x86
		{75798F29-3C54-406B-B07B-9A7575A64EBF}.Debug|x64.ActiveCfg = Debug|x64
		{75798F29-3C54-406B-B07B-9A7575A64EBF}.Debug|x64.Build.0 = Debug|x64
		{75798F29-3C54-406B-B07B-9A7575A64EBF}.Debug|x64.Deploy.0 = Debug|x64
		{75798F29-3C54-406B-B07B-9A7575A64EBF}.Debug|x86.ActiveCfg = Debug|x86
		{75798F29-3C54-406B-B07B-9A7575A64EBF}.Debug|x86.Build.0 = Debug|x86
		{75798F29-3C54-406B-B07B-9A7575A64EBF}.Debug|x86.Deploy.0 = Debug|x86
		{75798F29-3C54-406B-B07B-9A7575A64EBF}.Release|Any CPU.ActiveCfg = Release|x86
		{75798F29-3C54-406B-B07B-9A7575A64EBF}.Release|Any CPU.Build.0 = Release|x86
		{75798F29-3C54-406B-B07B-9A7575A64EBF}.Release|Any CPU.Deploy.0 = Release|x86
		{75798F29-3C54-406B-B07B-9A7575A64EBF}.Release|ARM.ActiveCfg = Release|ARM
		{75798F29-3C54-406B-B07B-9A7575A64EBF}.Release|ARM.Build.0 = Release|ARM
		{75798F29-3C54-406B-B07B-9A7575A64EBF}.Release|ARM.Deploy.0 = Release|ARM
		{75798F29-3C54-406B-B07B-9A7575A64EBF}.Release|iPhone.ActiveCfg = Release|x86
		{75798F29-3C54-406B-B07B-9A7575A64EBF}.Release|iPhoneSimulator.ActiveCfg = Release|x86
		{75798F29-3C54-406B-B07B-9A7575A64EBF}.Release|x64.ActiveCfg = Release|x64
		{75798F29-3C54-406B-B07B-9A7575A64EBF}.Release|x64.Build.0 = Release|x64
		{75798F29-3C54-406B-B07B-9A7575A64EBF}.Release|x64.Deploy.0 = Release|x64
		{75798F29-3C54-406B-B07B-9A7575A64EBF}.Release|x86.ActiveCfg = Release|x86
		{75798F29-3C54-406B-B07B-9A7575A64EBF}.Release|x86.Build.0 = Release|x86
		{75798F29-3C54-406B-B07B-9A7575A64EBF}.Release|x86.Deploy.0 = Release|x86
		{75798F29-3C54-406B-B07B-9A7575A64EBF}.Release-xml|Any CPU.ActiveCfg = Release|x86
		{75798F29-3C54-406B-B07B-9A7575A64EBF}.Release-xml|Any CPU.Build.0 = Release|x86
		{75798F29-3C54-406B-B07B-9A7575A64EBF}.Release-xml|Any CPU.Deploy.0 = Release|x86
		{75798F29-3C54-406B-B07B-9A7575A64EBF}.Release-xml|ARM.ActiveCfg = Release|ARM
		{75798F29-3C54-406B-B07B-9A7575A64EBF}.Release-xml|ARM.Build.0 = Release|ARM
		{75798F29-3C54-406B-B07B-9A7575A64EBF}.Release-xml|ARM.Deploy.0 = Release|ARM
		{75798F29-3C54-406B-B07B-9A7575A64EBF}.Release-xml|iPhone.ActiveCfg = Release|x86
		{75798F29-3C54-406B-B07B-9A7575A64EBF}.Release-xml|iPhone.Build.0 = Release|x86
		{75798F29-3C54-406B-B07B-9A7575A64EBF}.Release-xml|iPhone.Deploy.0 = Release|x86
		{75798F29-3C54-406B-B07B-9A7575A64EBF}.Release-xml|iPhoneSimulator.ActiveCfg = Release|x86
		{75798F29-3C54-406B-B07B-9A7575A64EBF}.Release-xml|iPhoneSimulator.Build.0 = Release|x86
		{75798F29-3C54-406B-B07B-9A7575A64EBF}.Release-xml|iPhoneSimulator.Deploy.0 = Release|x86
		{75798F29-3C54-406B-B07B-9A7575A64EBF}.Release-xml|x64.ActiveCfg = Release|x64
		{75798F29-3C54-406B-B07B-9A7575A64EBF}.Release-xml|x64.Build.0 = Release|x64
		{75798F29-3C54-406B-B07B-9A7575A64EBF}.Release-xml|x64.Deploy.0 = Release|x64
		{75798F29-3C54-406B-B07B-9A7575A64EBF}.Release-xml|x86.ActiveCfg = Release|x86
		{75798F29-3C54-406B-B07B-9A7575A64EBF}.Release-xml|x86.Build.0 = Release|x86
		{75798F29-3C54-406B-B07B-9A7575A64EBF}.Release-xml|x86.Deploy.0 = Release|x86
	EndGlobalSection
	GlobalSection(SolutionProperties) = preSolution
		HideSolutionNode = FALSE
	EndGlobalSection
	GlobalSection(ExtensibilityGlobals) = postSolution
		SolutionGuid = {A446737F-8C03-430C-9979-121C1E9734E3}
	EndGlobalSection
EndGlobal
